
Microsoft Visual Studio Solution File, Format Version 12.00
# Visual Studio Version 16
VisualStudioVersion = 16.0.29409.12
MinimumVisualStudioVersion = 10.0.40219.1
Project("{9092AA53-FB77-4645-B42D-1CCCA6BD08BD}") = "helloWorld", "helloWorld\helloWorld.njsproj", "{4F2EE3E1-1C2F-4436-8BC9-0E770B29D150}"
EndProject
Global
	GlobalSection(SolutionConfigurationPlatforms) = preSolution
		Debug|Any CPU = Debug|Any CPU
		Release|Any CPU = Release|Any CPU
	EndGlobalSection
	GlobalSection(ProjectConfigurationPlatforms) = postSolution
		{4F2EE3E1-1C2F-4436-8BC9-0E770B29D150}.Debug|Any CPU.ActiveCfg = Debug|Any CPU
		{4F2EE3E1-1C2F-4436-8BC9-0E770B29D150}.Debug|Any CPU.Build.0 = Debug|Any CPU
		{4F2EE3E1-1C2F-4436-8BC9-0E770B29D150}.Release|Any CPU.ActiveCfg = Release|Any CPU
		{4F2EE3E1-1C2F-4436-8BC9-0E770B29D150}.Release|Any CPU.Build.0 = Release|Any CPU
	EndGlobalSection
	GlobalSection(SolutionProperties) = preSolution
		HideSolutionNode = FALSE
	EndGlobalSection
	GlobalSection(ExtensibilityGlobals) = postSolution
		SolutionGuid = {E282EB9A-1C6B-4BFF-9AAB-D273A7D37395}
	EndGlobalSection
EndGlobal
