
Microsoft Visual Studio Solution File, Format Version 12.00
# Visual Studio Version 18
VisualStudioVersion = 18.6.11822.322
MinimumVisualStudioVersion = 10.0.40219.1
Project("{F184B08F-C81C-45F6-A57F-5ABD9991F28F}") = "CellPhenotype", "CellPhenotype\CellPhenotype.vbproj", "{5393AE75-9243-7C56-BBE3-BC37846CD242}"
EndProject
Project("{F184B08F-C81C-45F6-A57F-5ABD9991F28F}") = "test", "CellPhenotype\test\test.vbproj", "{A13AD299-10AD-44DD-8177-AA9E4A0C50FA}"
EndProject
Project("{2150E333-8FDC-42A3-9474-1A3956D46DE8}") = "framework", "framework", "{BF9482E9-5692-4E6C-9C0A-E8B2688D25C5}"
EndProject
Project("{F184B08F-C81C-45F6-A57F-5ABD9991F28F}") = "Core", "..\..\runtime\sciBASIC#\Microsoft.VisualBasic.Core\src\Core.vbproj", "{D6A933D3-A04D-0D7B-C14A-D8F9A9F8FA51}"
EndProject
Project("{F184B08F-C81C-45F6-A57F-5ABD9991F28F}") = "Math.NET5", "..\..\runtime\sciBASIC#\Data_science\Mathematica\Math\Math\Math.NET5.vbproj", "{132EE744-EFF7-3644-6A33-D81504E7F9EF}"
EndProject
Project("{F184B08F-C81C-45F6-A57F-5ABD9991F28F}") = "graph-netcore5", "..\..\runtime\sciBASIC#\Data_science\Graph\graph-netcore5.vbproj", "{7F1E95FA-3271-F9B8-C142-4ABA8BF9D01A}"
EndProject
Project("{F184B08F-C81C-45F6-A57F-5ABD9991F28F}") = "network_graph-netcore5", "..\..\runtime\sciBASIC#\gr\network-visualization\Datavisualization.Network\network_graph-netcore5.vbproj", "{D74CAF3D-5460-6347-B9EA-350777E8D07D}"
EndProject
Project("{F184B08F-C81C-45F6-A57F-5ABD9991F28F}") = "BNLearn", "BNLearn\BNLearn.vbproj", "{1C05C443-721F-8915-43B1-6C32F7FBB110}"
EndProject
Project("{2150E333-8FDC-42A3-9474-1A3956D46DE8}") = "gcmodeller", "gcmodeller", "{038795E0-090D-4ADF-90A7-A4952A0D4732}"
EndProject
Project("{F184B08F-C81C-45F6-A57F-5ABD9991F28F}") = "biocore-netcore5", "..\core\Bio.Assembly\biocore-netcore5.vbproj", "{337D6884-20A4-1A04-31E6-CF595656D545}"
EndProject
Project("{F184B08F-C81C-45F6-A57F-5ABD9991F28F}") = "dataframework-netcore5", "..\..\runtime\sciBASIC#\Data\DataFrame\dataframework-netcore5.vbproj", "{4EA5D1A3-20AC-5EF2-E8E3-8E8C905D86B7}"
EndProject
Project("{F184B08F-C81C-45F6-A57F-5ABD9991F28F}") = "designer-netcore5", "..\..\workbench\modules\ExperimentDesigner\designer-netcore5.vbproj", "{EF8F3628-D04D-D3A1-2312-BAEE06EBD9F5}"
EndProject
Project("{F184B08F-C81C-45F6-A57F-5ABD9991F28F}") = "HTS_matrix-netcore5", "..\analysis\HTS_matrix\HTS_matrix-netcore5.vbproj", "{F49B9BD9-E5D3-FB57-ED67-F72A40B78D32}"
EndProject
Project("{F184B08F-C81C-45F6-A57F-5ABD9991F28F}") = "stats-netcore5", "..\..\runtime\sciBASIC#\Data_science\Mathematica\Math\Math.Statistics\stats-netcore5.vbproj", "{81A727F0-2AD4-B7CE-BC03-A9A85D26A062}"
EndProject
Project("{F184B08F-C81C-45F6-A57F-5ABD9991F28F}") = "network_io-netcore5", "..\..\runtime\sciBASIC#\gr\network-visualization\Network.IO.Extensions\network_io-netcore5.vbproj", "{A579CAAD-286D-4588-E3E6-A8CBBC38B281}"
EndProject
Project("{F184B08F-C81C-45F6-A57F-5ABD9991F28F}") = "binarydata-netcore5", "..\..\runtime\sciBASIC#\Data\BinaryData\BinaryData\binarydata-netcore5.vbproj", "{88BFCB76-2C97-0E64-BA68-1E41EC98573E}"
EndProject
Project("{F184B08F-C81C-45F6-A57F-5ABD9991F28F}") = "InteractionModel.NET5", "..\core\Bio.InteractionModel\InteractionModel.NET5.vbproj", "{8784713D-D3BE-0239-1350-4294632B5719}"
EndProject
Project("{F184B08F-C81C-45F6-A57F-5ABD9991F28F}") = "GEARS", "GEARS\GEARS.vbproj", "{E9C919DA-E66F-4258-A23C-B084CBB818F6}"
EndProject
Project("{F184B08F-C81C-45F6-A57F-5ABD9991F28F}") = "TensorFlow", "..\..\runtime\sciBASIC#\Data_science\MachineLearning\TensorFlow\TensorFlow.vbproj", "{37C346A8-CB86-9E29-759B-D7AE446A8FCD}"
EndProject
Project("{2150E333-8FDC-42A3-9474-1A3956D46DE8}") = "data", "data", "{84D6EE1B-FF47-43F7-80F9-8AAC7451A81F}"
EndProject
Project("{2150E333-8FDC-42A3-9474-1A3956D46DE8}") = "math", "math", "{561437BA-2A91-4B14-9BC6-08C778A7D276}"
EndProject
Project("{2150E333-8FDC-42A3-9474-1A3956D46DE8}") = "graph", "graph", "{9B1D84CF-4D32-4F5F-9BF6-B7DF4486FF6B}"
EndProject
Project("{F184B08F-C81C-45F6-A57F-5ABD9991F28F}") = "GNN", "..\..\runtime\sciBASIC#\Data_science\MachineLearning\GNN\GNN.vbproj", "{A5B5F468-CB5E-7799-C7DB-CE851AC80A5A}"
EndProject
Global
	GlobalSection(SolutionConfigurationPlatforms) = preSolution
		Debug|Any CPU = Debug|Any CPU
		Debug|x64 = Debug|x64
		Release|Any CPU = Release|Any CPU
		Release|x64 = Release|x64
		Rsharp_app_release|Any CPU = Rsharp_app_release|Any CPU
		Rsharp_app_release|x64 = Rsharp_app_release|x64
	EndGlobalSection
	GlobalSection(ProjectConfigurationPlatforms) = postSolution
		{5393AE75-9243-7C56-BBE3-BC37846CD242}.Debug|Any CPU.ActiveCfg = Debug|Any CPU
		{5393AE75-9243-7C56-BBE3-BC37846CD242}.Debug|Any CPU.Build.0 = Debug|Any CPU
		{5393AE75-9243-7C56-BBE3-BC37846CD242}.Debug|x64.ActiveCfg = Debug|x64
		{5393AE75-9243-7C56-BBE3-BC37846CD242}.Debug|x64.Build.0 = Debug|x64
		{5393AE75-9243-7C56-BBE3-BC37846CD242}.Release|Any CPU.ActiveCfg = Release|Any CPU
		{5393AE75-9243-7C56-BBE3-BC37846CD242}.Release|Any CPU.Build.0 = Release|Any CPU
		{5393AE75-9243-7C56-BBE3-BC37846CD242}.Release|x64.ActiveCfg = Release|x64
		{5393AE75-9243-7C56-BBE3-BC37846CD242}.Release|x64.Build.0 = Release|x64
		{5393AE75-9243-7C56-BBE3-BC37846CD242}.Rsharp_app_release|Any CPU.ActiveCfg = Rsharp_app_release|Any CPU
		{5393AE75-9243-7C56-BBE3-BC37846CD242}.Rsharp_app_release|Any CPU.Build.0 = Rsharp_app_release|Any CPU
		{5393AE75-9243-7C56-BBE3-BC37846CD242}.Rsharp_app_release|x64.ActiveCfg = Rsharp_app_release|x64
		{5393AE75-9243-7C56-BBE3-BC37846CD242}.Rsharp_app_release|x64.Build.0 = Rsharp_app_release|x64
		{A13AD299-10AD-44DD-8177-AA9E4A0C50FA}.Debug|Any CPU.ActiveCfg = Debug|Any CPU
		{A13AD299-10AD-44DD-8177-AA9E4A0C50FA}.Debug|Any CPU.Build.0 = Debug|Any CPU
		{A13AD299-10AD-44DD-8177-AA9E4A0C50FA}.Debug|x64.ActiveCfg = Debug|x64
		{A13AD299-10AD-44DD-8177-AA9E4A0C50FA}.Debug|x64.Build.0 = Debug|x64
		{A13AD299-10AD-44DD-8177-AA9E4A0C50FA}.Release|Any CPU.ActiveCfg = Release|Any CPU
		{A13AD299-10AD-44DD-8177-AA9E4A0C50FA}.Release|Any CPU.Build.0 = Release|Any CPU
		{A13AD299-10AD-44DD-8177-AA9E4A0C50FA}.Release|x64.ActiveCfg = Release|Any CPU
		{A13AD299-10AD-44DD-8177-AA9E4A0C50FA}.Release|x64.Build.0 = Release|Any CPU
		{A13AD299-10AD-44DD-8177-AA9E4A0C50FA}.Rsharp_app_release|Any CPU.ActiveCfg = Release|Any CPU
		{A13AD299-10AD-44DD-8177-AA9E4A0C50FA}.Rsharp_app_release|Any CPU.Build.0 = Release|Any CPU
		{A13AD299-10AD-44DD-8177-AA9E4A0C50FA}.Rsharp_app_release|x64.ActiveCfg = Release|Any CPU
		{A13AD299-10AD-44DD-8177-AA9E4A0C50FA}.Rsharp_app_release|x64.Build.0 = Release|Any CPU
		{D6A933D3-A04D-0D7B-C14A-D8F9A9F8FA51}.Debug|Any CPU.ActiveCfg = Debug|Any CPU
		{D6A933D3-A04D-0D7B-C14A-D8F9A9F8FA51}.Debug|Any CPU.Build.0 = Debug|Any CPU
		{D6A933D3-A04D-0D7B-C14A-D8F9A9F8FA51}.Debug|x64.ActiveCfg = Debug|x64
		{D6A933D3-A04D-0D7B-C14A-D8F9A9F8FA51}.Debug|x64.Build.0 = Debug|x64
		{D6A933D3-A04D-0D7B-C14A-D8F9A9F8FA51}.Release|Any CPU.ActiveCfg = Release|Any CPU
		{D6A933D3-A04D-0D7B-C14A-D8F9A9F8FA51}.Release|Any CPU.Build.0 = Release|Any CPU
		{D6A933D3-A04D-0D7B-C14A-D8F9A9F8FA51}.Release|x64.ActiveCfg = Release|x64
		{D6A933D3-A04D-0D7B-C14A-D8F9A9F8FA51}.Release|x64.Build.0 = Release|x64
		{D6A933D3-A04D-0D7B-C14A-D8F9A9F8FA51}.Rsharp_app_release|Any CPU.ActiveCfg = Rsharp_app_release|Any CPU
		{D6A933D3-A04D-0D7B-C14A-D8F9A9F8FA51}.Rsharp_app_release|Any CPU.Build.0 = Rsharp_app_release|Any CPU
		{D6A933D3-A04D-0D7B-C14A-D8F9A9F8FA51}.Rsharp_app_release|x64.ActiveCfg = Rsharp_app_release|x64
		{D6A933D3-A04D-0D7B-C14A-D8F9A9F8FA51}.Rsharp_app_release|x64.Build.0 = Rsharp_app_release|x64
		{132EE744-EFF7-3644-6A33-D81504E7F9EF}.Debug|Any CPU.ActiveCfg = Debug|Any CPU
		{132EE744-EFF7-3644-6A33-D81504E7F9EF}.Debug|Any CPU.Build.0 = Debug|Any CPU
		{132EE744-EFF7-3644-6A33-D81504E7F9EF}.Debug|x64.ActiveCfg = Debug|x64
		{132EE744-EFF7-3644-6A33-D81504E7F9EF}.Debug|x64.Build.0 = Debug|x64
		{132EE744-EFF7-3644-6A33-D81504E7F9EF}.Release|Any CPU.ActiveCfg = Release|Any CPU
		{132EE744-EFF7-3644-6A33-D81504E7F9EF}.Release|Any CPU.Build.0 = Release|Any CPU
		{132EE744-EFF7-3644-6A33-D81504E7F9EF}.Release|x64.ActiveCfg = Release|x64
		{132EE744-EFF7-3644-6A33-D81504E7F9EF}.Release|x64.Build.0 = Release|x64
		{132EE744-EFF7-3644-6A33-D81504E7F9EF}.Rsharp_app_release|Any CPU.ActiveCfg = Rsharp_app_release|Any CPU
		{132EE744-EFF7-3644-6A33-D81504E7F9EF}.Rsharp_app_release|Any CPU.Build.0 = Rsharp_app_release|Any CPU
		{132EE744-EFF7-3644-6A33-D81504E7F9EF}.Rsharp_app_release|x64.ActiveCfg = Rsharp_app_release|x64
		{132EE744-EFF7-3644-6A33-D81504E7F9EF}.Rsharp_app_release|x64.Build.0 = Rsharp_app_release|x64
		{7F1E95FA-3271-F9B8-C142-4ABA8BF9D01A}.Debug|Any CPU.ActiveCfg = Debug|Any CPU
		{7F1E95FA-3271-F9B8-C142-4ABA8BF9D01A}.Debug|Any CPU.Build.0 = Debug|Any CPU
		{7F1E95FA-3271-F9B8-C142-4ABA8BF9D01A}.Debug|x64.ActiveCfg = Debug|x64
		{7F1E95FA-3271-F9B8-C142-4ABA8BF9D01A}.Debug|x64.Build.0 = Debug|x64
		{7F1E95FA-3271-F9B8-C142-4ABA8BF9D01A}.Release|Any CPU.ActiveCfg = Release|Any CPU
		{7F1E95FA-3271-F9B8-C142-4ABA8BF9D01A}.Release|Any CPU.Build.0 = Release|Any CPU
		{7F1E95FA-3271-F9B8-C142-4ABA8BF9D01A}.Release|x64.ActiveCfg = Release|x64
		{7F1E95FA-3271-F9B8-C142-4ABA8BF9D01A}.Release|x64.Build.0 = Release|x64
		{7F1E95FA-3271-F9B8-C142-4ABA8BF9D01A}.Rsharp_app_release|Any CPU.ActiveCfg = Rsharp_app_release|Any CPU
		{7F1E95FA-3271-F9B8-C142-4ABA8BF9D01A}.Rsharp_app_release|Any CPU.Build.0 = Rsharp_app_release|Any CPU
		{7F1E95FA-3271-F9B8-C142-4ABA8BF9D01A}.Rsharp_app_release|x64.ActiveCfg = Rsharp_app_release|x64
		{7F1E95FA-3271-F9B8-C142-4ABA8BF9D01A}.Rsharp_app_release|x64.Build.0 = Rsharp_app_release|x64
		{D74CAF3D-5460-6347-B9EA-350777E8D07D}.Debug|Any CPU.ActiveCfg = Debug|Any CPU
		{D74CAF3D-5460-6347-B9EA-350777E8D07D}.Debug|Any CPU.Build.0 = Debug|Any CPU
		{D74CAF3D-5460-6347-B9EA-350777E8D07D}.Debug|x64.ActiveCfg = Debug|x64
		{D74CAF3D-5460-6347-B9EA-350777E8D07D}.Debug|x64.Build.0 = Debug|x64
		{D74CAF3D-5460-6347-B9EA-350777E8D07D}.Release|Any CPU.ActiveCfg = Release|Any CPU
		{D74CAF3D-5460-6347-B9EA-350777E8D07D}.Release|Any CPU.Build.0 = Release|Any CPU
		{D74CAF3D-5460-6347-B9EA-350777E8D07D}.Release|x64.ActiveCfg = Release|x64
		{D74CAF3D-5460-6347-B9EA-350777E8D07D}.Release|x64.Build.0 = Release|x64
		{D74CAF3D-5460-6347-B9EA-350777E8D07D}.Rsharp_app_release|Any CPU.ActiveCfg = Rsharp_app_release|Any CPU
		{D74CAF3D-5460-6347-B9EA-350777E8D07D}.Rsharp_app_release|Any CPU.Build.0 = Rsharp_app_release|Any CPU
		{D74CAF3D-5460-6347-B9EA-350777E8D07D}.Rsharp_app_release|x64.ActiveCfg = Rsharp_app_release|x64
		{D74CAF3D-5460-6347-B9EA-350777E8D07D}.Rsharp_app_release|x64.Build.0 = Rsharp_app_release|x64
		{1C05C443-721F-8915-43B1-6C32F7FBB110}.Debug|Any CPU.ActiveCfg = Debug|Any CPU
		{1C05C443-721F-8915-43B1-6C32F7FBB110}.Debug|Any CPU.Build.0 = Debug|Any CPU
		{1C05C443-721F-8915-43B1-6C32F7FBB110}.Debug|x64.ActiveCfg = Debug|x64
		{1C05C443-721F-8915-43B1-6C32F7FBB110}.Debug|x64.Build.0 = Debug|x64
		{1C05C443-721F-8915-43B1-6C32F7FBB110}.Release|Any CPU.ActiveCfg = Release|Any CPU
		{1C05C443-721F-8915-43B1-6C32F7FBB110}.Release|Any CPU.Build.0 = Release|Any CPU
		{1C05C443-721F-8915-43B1-6C32F7FBB110}.Release|x64.ActiveCfg = Release|x64
		{1C05C443-721F-8915-43B1-6C32F7FBB110}.Release|x64.Build.0 = Release|x64
		{1C05C443-721F-8915-43B1-6C32F7FBB110}.Rsharp_app_release|Any CPU.ActiveCfg = Rsharp_app_release|Any CPU
		{1C05C443-721F-8915-43B1-6C32F7FBB110}.Rsharp_app_release|Any CPU.Build.0 = Rsharp_app_release|Any CPU
		{1C05C443-721F-8915-43B1-6C32F7FBB110}.Rsharp_app_release|x64.ActiveCfg = Rsharp_app_release|x64
		{1C05C443-721F-8915-43B1-6C32F7FBB110}.Rsharp_app_release|x64.Build.0 = Rsharp_app_release|x64
		{337D6884-20A4-1A04-31E6-CF595656D545}.Debug|Any CPU.ActiveCfg = Debug|Any CPU
		{337D6884-20A4-1A04-31E6-CF595656D545}.Debug|Any CPU.Build.0 = Debug|Any CPU
		{337D6884-20A4-1A04-31E6-CF595656D545}.Debug|x64.ActiveCfg = Debug|x64
		{337D6884-20A4-1A04-31E6-CF595656D545}.Debug|x64.Build.0 = Debug|x64
		{337D6884-20A4-1A04-31E6-CF595656D545}.Release|Any CPU.ActiveCfg = Release|Any CPU
		{337D6884-20A4-1A04-31E6-CF595656D545}.Release|Any CPU.Build.0 = Release|Any CPU
		{337D6884-20A4-1A04-31E6-CF595656D545}.Release|x64.ActiveCfg = Release|x64
		{337D6884-20A4-1A04-31E6-CF595656D545}.Release|x64.Build.0 = Release|x64
		{337D6884-20A4-1A04-31E6-CF595656D545}.Rsharp_app_release|Any CPU.ActiveCfg = Rsharp_app_release|Any CPU
		{337D6884-20A4-1A04-31E6-CF595656D545}.Rsharp_app_release|Any CPU.Build.0 = Rsharp_app_release|Any CPU
		{337D6884-20A4-1A04-31E6-CF595656D545}.Rsharp_app_release|x64.ActiveCfg = Rsharp_app_release|x64
		{337D6884-20A4-1A04-31E6-CF595656D545}.Rsharp_app_release|x64.Build.0 = Rsharp_app_release|x64
		{4EA5D1A3-20AC-5EF2-E8E3-8E8C905D86B7}.Debug|Any CPU.ActiveCfg = Debug|Any CPU
		{4EA5D1A3-20AC-5EF2-E8E3-8E8C905D86B7}.Debug|Any CPU.Build.0 = Debug|Any CPU
		{4EA5D1A3-20AC-5EF2-E8E3-8E8C905D86B7}.Debug|x64.ActiveCfg = Debug|x64
		{4EA5D1A3-20AC-5EF2-E8E3-8E8C905D86B7}.Debug|x64.Build.0 = Debug|x64
		{4EA5D1A3-20AC-5EF2-E8E3-8E8C905D86B7}.Release|Any CPU.ActiveCfg = Release|Any CPU
		{4EA5D1A3-20AC-5EF2-E8E3-8E8C905D86B7}.Release|Any CPU.Build.0 = Release|Any CPU
		{4EA5D1A3-20AC-5EF2-E8E3-8E8C905D86B7}.Release|x64.ActiveCfg = Release|x64
		{4EA5D1A3-20AC-5EF2-E8E3-8E8C905D86B7}.Release|x64.Build.0 = Release|x64
		{4EA5D1A3-20AC-5EF2-E8E3-8E8C905D86B7}.Rsharp_app_release|Any CPU.ActiveCfg = Rsharp_app_release|Any CPU
		{4EA5D1A3-20AC-5EF2-E8E3-8E8C905D86B7}.Rsharp_app_release|Any CPU.Build.0 = Rsharp_app_release|Any CPU
		{4EA5D1A3-20AC-5EF2-E8E3-8E8C905D86B7}.Rsharp_app_release|x64.ActiveCfg = Rsharp_app_release|x64
		{4EA5D1A3-20AC-5EF2-E8E3-8E8C905D86B7}.Rsharp_app_release|x64.Build.0 = Rsharp_app_release|x64
		{EF8F3628-D04D-D3A1-2312-BAEE06EBD9F5}.Debug|Any CPU.ActiveCfg = Debug|Any CPU
		{EF8F3628-D04D-D3A1-2312-BAEE06EBD9F5}.Debug|Any CPU.Build.0 = Debug|Any CPU
		{EF8F3628-D04D-D3A1-2312-BAEE06EBD9F5}.Debug|x64.ActiveCfg = Debug|x64
		{EF8F3628-D04D-D3A1-2312-BAEE06EBD9F5}.Debug|x64.Build.0 = Debug|x64
		{EF8F3628-D04D-D3A1-2312-BAEE06EBD9F5}.Release|Any CPU.ActiveCfg = Release|Any CPU
		{EF8F3628-D04D-D3A1-2312-BAEE06EBD9F5}.Release|Any CPU.Build.0 = Release|Any CPU
		{EF8F3628-D04D-D3A1-2312-BAEE06EBD9F5}.Release|x64.ActiveCfg = Release|x64
		{EF8F3628-D04D-D3A1-2312-BAEE06EBD9F5}.Release|x64.Build.0 = Release|x64
		{EF8F3628-D04D-D3A1-2312-BAEE06EBD9F5}.Rsharp_app_release|Any CPU.ActiveCfg = Rsharp_app_release|Any CPU
		{EF8F3628-D04D-D3A1-2312-BAEE06EBD9F5}.Rsharp_app_release|Any CPU.Build.0 = Rsharp_app_release|Any CPU
		{EF8F3628-D04D-D3A1-2312-BAEE06EBD9F5}.Rsharp_app_release|x64.ActiveCfg = Rsharp_app_release|x64
		{EF8F3628-D04D-D3A1-2312-BAEE06EBD9F5}.Rsharp_app_release|x64.Build.0 = Rsharp_app_release|x64
		{F49B9BD9-E5D3-FB57-ED67-F72A40B78D32}.Debug|Any CPU.ActiveCfg = Debug|Any CPU
		{F49B9BD9-E5D3-FB57-ED67-F72A40B78D32}.Debug|Any CPU.Build.0 = Debug|Any CPU
		{F49B9BD9-E5D3-FB57-ED67-F72A40B78D32}.Debug|x64.ActiveCfg = Debug|x64
		{F49B9BD9-E5D3-FB57-ED67-F72A40B78D32}.Debug|x64.Build.0 = Debug|x64
		{F49B9BD9-E5D3-FB57-ED67-F72A40B78D32}.Release|Any CPU.ActiveCfg = Release|Any CPU
		{F49B9BD9-E5D3-FB57-ED67-F72A40B78D32}.Release|Any CPU.Build.0 = Release|Any CPU
		{F49B9BD9-E5D3-FB57-ED67-F72A40B78D32}.Release|x64.ActiveCfg = Release|x64
		{F49B9BD9-E5D3-FB57-ED67-F72A40B78D32}.Release|x64.Build.0 = Release|x64
		{F49B9BD9-E5D3-FB57-ED67-F72A40B78D32}.Rsharp_app_release|Any CPU.ActiveCfg = Rsharp_app_release|Any CPU
		{F49B9BD9-E5D3-FB57-ED67-F72A40B78D32}.Rsharp_app_release|Any CPU.Build.0 = Rsharp_app_release|Any CPU
		{F49B9BD9-E5D3-FB57-ED67-F72A40B78D32}.Rsharp_app_release|x64.ActiveCfg = Rsharp_app_release|x64
		{F49B9BD9-E5D3-FB57-ED67-F72A40B78D32}.Rsharp_app_release|x64.Build.0 = Rsharp_app_release|x64
		{81A727F0-2AD4-B7CE-BC03-A9A85D26A062}.Debug|Any CPU.ActiveCfg = Debug|Any CPU
		{81A727F0-2AD4-B7CE-BC03-A9A85D26A062}.Debug|Any CPU.Build.0 = Debug|Any CPU
		{81A727F0-2AD4-B7CE-BC03-A9A85D26A062}.Debug|x64.ActiveCfg = Debug|x64
		{81A727F0-2AD4-B7CE-BC03-A9A85D26A062}.Debug|x64.Build.0 = Debug|x64
		{81A727F0-2AD4-B7CE-BC03-A9A85D26A062}.Release|Any CPU.ActiveCfg = Release|Any CPU
		{81A727F0-2AD4-B7CE-BC03-A9A85D26A062}.Release|Any CPU.Build.0 = Release|Any CPU
		{81A727F0-2AD4-B7CE-BC03-A9A85D26A062}.Release|x64.ActiveCfg = Release|x64
		{81A727F0-2AD4-B7CE-BC03-A9A85D26A062}.Release|x64.Build.0 = Release|x64
		{81A727F0-2AD4-B7CE-BC03-A9A85D26A062}.Rsharp_app_release|Any CPU.ActiveCfg = Rsharp_app_release|Any CPU
		{81A727F0-2AD4-B7CE-BC03-A9A85D26A062}.Rsharp_app_release|Any CPU.Build.0 = Rsharp_app_release|Any CPU
		{81A727F0-2AD4-B7CE-BC03-A9A85D26A062}.Rsharp_app_release|x64.ActiveCfg = Rsharp_app_release|x64
		{81A727F0-2AD4-B7CE-BC03-A9A85D26A062}.Rsharp_app_release|x64.Build.0 = Rsharp_app_release|x64
		{A579CAAD-286D-4588-E3E6-A8CBBC38B281}.Debug|Any CPU.ActiveCfg = Debug|Any CPU
		{A579CAAD-286D-4588-E3E6-A8CBBC38B281}.Debug|Any CPU.Build.0 = Debug|Any CPU
		{A579CAAD-286D-4588-E3E6-A8CBBC38B281}.Debug|x64.ActiveCfg = Debug|x64
		{A579CAAD-286D-4588-E3E6-A8CBBC38B281}.Debug|x64.Build.0 = Debug|x64
		{A579CAAD-286D-4588-E3E6-A8CBBC38B281}.Release|Any CPU.ActiveCfg = Release|Any CPU
		{A579CAAD-286D-4588-E3E6-A8CBBC38B281}.Release|Any CPU.Build.0 = Release|Any CPU
		{A579CAAD-286D-4588-E3E6-A8CBBC38B281}.Release|x64.ActiveCfg = Release|x64
		{A579CAAD-286D-4588-E3E6-A8CBBC38B281}.Release|x64.Build.0 = Release|x64
		{A579CAAD-286D-4588-E3E6-A8CBBC38B281}.Rsharp_app_release|Any CPU.ActiveCfg = Rsharp_app_release|Any CPU
		{A579CAAD-286D-4588-E3E6-A8CBBC38B281}.Rsharp_app_release|Any CPU.Build.0 = Rsharp_app_release|Any CPU
		{A579CAAD-286D-4588-E3E6-A8CBBC38B281}.Rsharp_app_release|x64.ActiveCfg = Rsharp_app_release|x64
		{A579CAAD-286D-4588-E3E6-A8CBBC38B281}.Rsharp_app_release|x64.Build.0 = Rsharp_app_release|x64
		{88BFCB76-2C97-0E64-BA68-1E41EC98573E}.Debug|Any CPU.ActiveCfg = Debug|Any CPU
		{88BFCB76-2C97-0E64-BA68-1E41EC98573E}.Debug|Any CPU.Build.0 = Debug|Any CPU
		{88BFCB76-2C97-0E64-BA68-1E41EC98573E}.Debug|x64.ActiveCfg = Debug|x64
		{88BFCB76-2C97-0E64-BA68-1E41EC98573E}.Debug|x64.Build.0 = Debug|x64
		{88BFCB76-2C97-0E64-BA68-1E41EC98573E}.Release|Any CPU.ActiveCfg = Release|Any CPU
		{88BFCB76-2C97-0E64-BA68-1E41EC98573E}.Release|Any CPU.Build.0 = Release|Any CPU
		{88BFCB76-2C97-0E64-BA68-1E41EC98573E}.Release|x64.ActiveCfg = Release|x64
		{88BFCB76-2C97-0E64-BA68-1E41EC98573E}.Release|x64.Build.0 = Release|x64
		{88BFCB76-2C97-0E64-BA68-1E41EC98573E}.Rsharp_app_release|Any CPU.ActiveCfg = Rsharp_app_release|Any CPU
		{88BFCB76-2C97-0E64-BA68-1E41EC98573E}.Rsharp_app_release|Any CPU.Build.0 = Rsharp_app_release|Any CPU
		{88BFCB76-2C97-0E64-BA68-1E41EC98573E}.Rsharp_app_release|x64.ActiveCfg = Rsharp_app_release|x64
		{88BFCB76-2C97-0E64-BA68-1E41EC98573E}.Rsharp_app_release|x64.Build.0 = Rsharp_app_release|x64
		{8784713D-D3BE-0239-1350-4294632B5719}.Debug|Any CPU.ActiveCfg = Debug|Any CPU
		{8784713D-D3BE-0239-1350-4294632B5719}.Debug|Any CPU.Build.0 = Debug|Any CPU
		{8784713D-D3BE-0239-1350-4294632B5719}.Debug|x64.ActiveCfg = Debug|x64
		{8784713D-D3BE-0239-1350-4294632B5719}.Debug|x64.Build.0 = Debug|x64
		{8784713D-D3BE-0239-1350-4294632B5719}.Release|Any CPU.ActiveCfg = Release|Any CPU
		{8784713D-D3BE-0239-1350-4294632B5719}.Release|Any CPU.Build.0 = Release|Any CPU
		{8784713D-D3BE-0239-1350-4294632B5719}.Release|x64.ActiveCfg = Release|x64
		{8784713D-D3BE-0239-1350-4294632B5719}.Release|x64.Build.0 = Release|x64
		{8784713D-D3BE-0239-1350-4294632B5719}.Rsharp_app_release|Any CPU.ActiveCfg = Rsharp_app_release|Any CPU
		{8784713D-D3BE-0239-1350-4294632B5719}.Rsharp_app_release|Any CPU.Build.0 = Rsharp_app_release|Any CPU
		{8784713D-D3BE-0239-1350-4294632B5719}.Rsharp_app_release|x64.ActiveCfg = Rsharp_app_release|x64
		{8784713D-D3BE-0239-1350-4294632B5719}.Rsharp_app_release|x64.Build.0 = Rsharp_app_release|x64
		{E9C919DA-E66F-4258-A23C-B084CBB818F6}.Debug|Any CPU.ActiveCfg = Debug|Any CPU
		{E9C919DA-E66F-4258-A23C-B084CBB818F6}.Debug|Any CPU.Build.0 = Debug|Any CPU
		{E9C919DA-E66F-4258-A23C-B084CBB818F6}.Debug|x64.ActiveCfg = Debug|Any CPU
		{E9C919DA-E66F-4258-A23C-B084CBB818F6}.Debug|x64.Build.0 = Debug|Any CPU
		{E9C919DA-E66F-4258-A23C-B084CBB818F6}.Release|Any CPU.ActiveCfg = Release|Any CPU
		{E9C919DA-E66F-4258-A23C-B084CBB818F6}.Release|Any CPU.Build.0 = Release|Any CPU
		{E9C919DA-E66F-4258-A23C-B084CBB818F6}.Release|x64.ActiveCfg = Release|Any CPU
		{E9C919DA-E66F-4258-A23C-B084CBB818F6}.Release|x64.Build.0 = Release|Any CPU
		{E9C919DA-E66F-4258-A23C-B084CBB818F6}.Rsharp_app_release|Any CPU.ActiveCfg = Release|Any CPU
		{E9C919DA-E66F-4258-A23C-B084CBB818F6}.Rsharp_app_release|Any CPU.Build.0 = Release|Any CPU
		{E9C919DA-E66F-4258-A23C-B084CBB818F6}.Rsharp_app_release|x64.ActiveCfg = Release|Any CPU
		{E9C919DA-E66F-4258-A23C-B084CBB818F6}.Rsharp_app_release|x64.Build.0 = Release|Any CPU
		{37C346A8-CB86-9E29-759B-D7AE446A8FCD}.Debug|Any CPU.ActiveCfg = Debug|Any CPU
		{37C346A8-CB86-9E29-759B-D7AE446A8FCD}.Debug|Any CPU.Build.0 = Debug|Any CPU
		{37C346A8-CB86-9E29-759B-D7AE446A8FCD}.Debug|x64.ActiveCfg = Debug|x64
		{37C346A8-CB86-9E29-759B-D7AE446A8FCD}.Debug|x64.Build.0 = Debug|x64
		{37C346A8-CB86-9E29-759B-D7AE446A8FCD}.Release|Any CPU.ActiveCfg = Release|Any CPU
		{37C346A8-CB86-9E29-759B-D7AE446A8FCD}.Release|Any CPU.Build.0 = Release|Any CPU
		{37C346A8-CB86-9E29-759B-D7AE446A8FCD}.Release|x64.ActiveCfg = Release|x64
		{37C346A8-CB86-9E29-759B-D7AE446A8FCD}.Release|x64.Build.0 = Release|x64
		{37C346A8-CB86-9E29-759B-D7AE446A8FCD}.Rsharp_app_release|Any CPU.ActiveCfg = Rsharp_app_release|Any CPU
		{37C346A8-CB86-9E29-759B-D7AE446A8FCD}.Rsharp_app_release|Any CPU.Build.0 = Rsharp_app_release|Any CPU
		{37C346A8-CB86-9E29-759B-D7AE446A8FCD}.Rsharp_app_release|x64.ActiveCfg = Rsharp_app_release|x64
		{37C346A8-CB86-9E29-759B-D7AE446A8FCD}.Rsharp_app_release|x64.Build.0 = Rsharp_app_release|x64
		{A5B5F468-CB5E-7799-C7DB-CE851AC80A5A}.Debug|Any CPU.ActiveCfg = Debug|Any CPU
		{A5B5F468-CB5E-7799-C7DB-CE851AC80A5A}.Debug|Any CPU.Build.0 = Debug|Any CPU
		{A5B5F468-CB5E-7799-C7DB-CE851AC80A5A}.Debug|x64.ActiveCfg = Debug|x64
		{A5B5F468-CB5E-7799-C7DB-CE851AC80A5A}.Debug|x64.Build.0 = Debug|x64
		{A5B5F468-CB5E-7799-C7DB-CE851AC80A5A}.Release|Any CPU.ActiveCfg = Release|Any CPU
		{A5B5F468-CB5E-7799-C7DB-CE851AC80A5A}.Release|Any CPU.Build.0 = Release|Any CPU
		{A5B5F468-CB5E-7799-C7DB-CE851AC80A5A}.Release|x64.ActiveCfg = Release|x64
		{A5B5F468-CB5E-7799-C7DB-CE851AC80A5A}.Release|x64.Build.0 = Release|x64
		{A5B5F468-CB5E-7799-C7DB-CE851AC80A5A}.Rsharp_app_release|Any CPU.ActiveCfg = Release|Any CPU
		{A5B5F468-CB5E-7799-C7DB-CE851AC80A5A}.Rsharp_app_release|Any CPU.Build.0 = Release|Any CPU
		{A5B5F468-CB5E-7799-C7DB-CE851AC80A5A}.Rsharp_app_release|x64.ActiveCfg = Release|x64
		{A5B5F468-CB5E-7799-C7DB-CE851AC80A5A}.Rsharp_app_release|x64.Build.0 = Release|x64
	EndGlobalSection
	GlobalSection(SolutionProperties) = preSolution
		HideSolutionNode = FALSE
	EndGlobalSection
	GlobalSection(NestedProjects) = preSolution
		{D6A933D3-A04D-0D7B-C14A-D8F9A9F8FA51} = {BF9482E9-5692-4E6C-9C0A-E8B2688D25C5}
		{132EE744-EFF7-3644-6A33-D81504E7F9EF} = {561437BA-2A91-4B14-9BC6-08C778A7D276}
		{7F1E95FA-3271-F9B8-C142-4ABA8BF9D01A} = {9B1D84CF-4D32-4F5F-9BF6-B7DF4486FF6B}
		{D74CAF3D-5460-6347-B9EA-350777E8D07D} = {9B1D84CF-4D32-4F5F-9BF6-B7DF4486FF6B}
		{337D6884-20A4-1A04-31E6-CF595656D545} = {038795E0-090D-4ADF-90A7-A4952A0D4732}
		{4EA5D1A3-20AC-5EF2-E8E3-8E8C905D86B7} = {84D6EE1B-FF47-43F7-80F9-8AAC7451A81F}
		{EF8F3628-D04D-D3A1-2312-BAEE06EBD9F5} = {038795E0-090D-4ADF-90A7-A4952A0D4732}
		{F49B9BD9-E5D3-FB57-ED67-F72A40B78D32} = {038795E0-090D-4ADF-90A7-A4952A0D4732}
		{81A727F0-2AD4-B7CE-BC03-A9A85D26A062} = {561437BA-2A91-4B14-9BC6-08C778A7D276}
		{A579CAAD-286D-4588-E3E6-A8CBBC38B281} = {9B1D84CF-4D32-4F5F-9BF6-B7DF4486FF6B}
		{88BFCB76-2C97-0E64-BA68-1E41EC98573E} = {84D6EE1B-FF47-43F7-80F9-8AAC7451A81F}
		{8784713D-D3BE-0239-1350-4294632B5719} = {038795E0-090D-4ADF-90A7-A4952A0D4732}
		{37C346A8-CB86-9E29-759B-D7AE446A8FCD} = {561437BA-2A91-4B14-9BC6-08C778A7D276}
		{84D6EE1B-FF47-43F7-80F9-8AAC7451A81F} = {BF9482E9-5692-4E6C-9C0A-E8B2688D25C5}
		{561437BA-2A91-4B14-9BC6-08C778A7D276} = {BF9482E9-5692-4E6C-9C0A-E8B2688D25C5}
		{9B1D84CF-4D32-4F5F-9BF6-B7DF4486FF6B} = {BF9482E9-5692-4E6C-9C0A-E8B2688D25C5}
		{A5B5F468-CB5E-7799-C7DB-CE851AC80A5A} = {561437BA-2A91-4B14-9BC6-08C778A7D276}
	EndGlobalSection
	GlobalSection(ExtensibilityGlobals) = postSolution
		SolutionGuid = {D33B679B-383B-4004-A024-1447CA7DA7C8}
	EndGlobalSection
EndGlobal
