
Microsoft Visual Studio Solution File, Format Version 12.00
# Visual Studio 15
VisualStudioVersion = 15.0.27428.2002
MinimumVisualStudioVersion = 10.0.40219.1
Project("{F184B08F-C81C-45F6-A57F-5ABD9991F28F}") = "SeqFeature", "SeqFeature\SeqFeature.vbproj", "{050FE13B-BCCE-4FF7-86E2-48735543D7A4}"
EndProject
Project("{F184B08F-C81C-45F6-A57F-5ABD9991F28F}") = "47-dotnet_Microsoft.VisualBasic", "..\..\..\runtime\sciBASIC#\Microsoft.VisualBasic.Core\src\47-dotnet_Microsoft.VisualBasic.vbproj"", "{FECCE1FD-E1D4-49E3-A668-60BB5E7AED99}"
EndProject
Project("{F184B08F-C81C-45F6-A57F-5ABD9991F28F}") = "Bio.Assembly", "..\..\..\GCModeller\core\Bio.Assembly\Bio.Assembly.vbproj", "{C699D311-9923-4C19-BF70-5048D0E2CF5D}"
EndProject
Project("{F184B08F-C81C-45F6-A57F-5ABD9991F28F}") = "Protease", "..\..\..\GCModeller\analysis\ProteinTools\Protease\Protease.vbproj", "{1AD6F061-2598-40B9-985C-FE4D7CE6B037}"
EndProject
Project("{F184B08F-C81C-45F6-A57F-5ABD9991F28F}") = "test", "test\test.vbproj", "{6141283D-AB6D-47FB-A0CD-6A99CB9E4F6E}"
EndProject
Project("{2150E333-8FDC-42A3-9474-1A3956D46DE8}") = "runtime", "runtime", "{588CA3E9-26C2-4B0E-81BC-8B8F990FEEB9}"
EndProject
Project("{F184B08F-C81C-45F6-A57F-5ABD9991F28F}") = "47_dotnet_ms-vb_data.framework", "..\..\..\runtime\sciBASIC#\Data\DataFrame\47_dotnet_ms-vb_data.framework.vbproj", "{7283C179-F852-4EAD-8D8F-B82EF2CBD7DB}"
EndProject
Global
	GlobalSection(SolutionConfigurationPlatforms) = preSolution
		Biodeep_UNIX_x64|Any CPU = Biodeep_UNIX_x64|Any CPU
		Biodeep_UNIX_x64|x64 = Biodeep_UNIX_x64|x64
		Biodeep_UNIX_x64|x86 = Biodeep_UNIX_x64|x86
		Biodeep|Any CPU = Biodeep|Any CPU
		Biodeep|x64 = Biodeep|x64
		Biodeep|x86 = Biodeep|x86
		Debug|Any CPU = Debug|Any CPU
		Debug|x64 = Debug|x64
		Debug|x86 = Debug|x86
		DEMO|Any CPU = DEMO|Any CPU
		DEMO|x64 = DEMO|x64
		DEMO|x86 = DEMO|x86
		docs|Any CPU = docs|Any CPU
		docs|x64 = docs|x64
		docs|x86 = docs|x86
		GCModeller(Release_X64)|Any CPU = GCModeller(Release_X64)|Any CPU
		GCModeller(Release_X64)|x64 = GCModeller(Release_X64)|x64
		GCModeller(Release_X64)|x86 = GCModeller(Release_X64)|x86
		GCModeller(UNIX-Release_X64)|Any CPU = GCModeller(UNIX-Release_X64)|Any CPU
		GCModeller(UNIX-Release_X64)|x64 = GCModeller(UNIX-Release_X64)|x64
		GCModeller(UNIX-Release_X64)|x86 = GCModeller(UNIX-Release_X64)|x86
		installer_x64|Any CPU = installer_x64|Any CPU
		installer_x64|x64 = installer_x64|x64
		installer_x64|x86 = installer_x64|x86
		mysqli_X64_release|Any CPU = mysqli_X64_release|Any CPU
		mysqli_X64_release|x64 = mysqli_X64_release|x64
		mysqli_X64_release|x86 = mysqli_X64_release|x86
		ProteoWizard.d|Any CPU = ProteoWizard.d|Any CPU
		ProteoWizard.d|x64 = ProteoWizard.d|x64
		ProteoWizard.d|x86 = ProteoWizard.d|x86
		Publish|Any CPU = Publish|Any CPU
		Publish|x64 = Publish|x64
		Publish|x86 = Publish|x86
		Release|Any CPU = Release|Any CPU
		Release|x64 = Release|x64
		Release|x86 = Release|x86
		sciBASIC.NET-test-release|Any CPU = sciBASIC.NET-test-release|Any CPU
		sciBASIC.NET-test-release|x64 = sciBASIC.NET-test-release|x64
		sciBASIC.NET-test-release|x86 = sciBASIC.NET-test-release|x86
		Surveillance-of-infectious-diseases|Any CPU = Surveillance-of-infectious-diseases|Any CPU
		Surveillance-of-infectious-diseases|x64 = Surveillance-of-infectious-diseases|x64
		Surveillance-of-infectious-diseases|x86 = Surveillance-of-infectious-diseases|x86
		Yilia-Release_x64|Any CPU = Yilia-Release_x64|Any CPU
		Yilia-Release_x64|x64 = Yilia-Release_x64|x64
		Yilia-Release_x64|x86 = Yilia-Release_x64|x86
	EndGlobalSection
	GlobalSection(ProjectConfigurationPlatforms) = postSolution
		{050FE13B-BCCE-4FF7-86E2-48735543D7A4}.Biodeep_UNIX_x64|Any CPU.ActiveCfg = Release|Any CPU
		{050FE13B-BCCE-4FF7-86E2-48735543D7A4}.Biodeep_UNIX_x64|Any CPU.Build.0 = Release|Any CPU
		{050FE13B-BCCE-4FF7-86E2-48735543D7A4}.Biodeep_UNIX_x64|x64.ActiveCfg = Release|Any CPU
		{050FE13B-BCCE-4FF7-86E2-48735543D7A4}.Biodeep_UNIX_x64|x64.Build.0 = Release|Any CPU
		{050FE13B-BCCE-4FF7-86E2-48735543D7A4}.Biodeep_UNIX_x64|x86.ActiveCfg = Release|Any CPU
		{050FE13B-BCCE-4FF7-86E2-48735543D7A4}.Biodeep_UNIX_x64|x86.Build.0 = Release|Any CPU
		{050FE13B-BCCE-4FF7-86E2-48735543D7A4}.Biodeep|Any CPU.ActiveCfg = Release|Any CPU
		{050FE13B-BCCE-4FF7-86E2-48735543D7A4}.Biodeep|Any CPU.Build.0 = Release|Any CPU
		{050FE13B-BCCE-4FF7-86E2-48735543D7A4}.Biodeep|x64.ActiveCfg = Release|Any CPU
		{050FE13B-BCCE-4FF7-86E2-48735543D7A4}.Biodeep|x64.Build.0 = Release|Any CPU
		{050FE13B-BCCE-4FF7-86E2-48735543D7A4}.Biodeep|x86.ActiveCfg = Release|Any CPU
		{050FE13B-BCCE-4FF7-86E2-48735543D7A4}.Biodeep|x86.Build.0 = Release|Any CPU
		{050FE13B-BCCE-4FF7-86E2-48735543D7A4}.Debug|Any CPU.ActiveCfg = Debug|Any CPU
		{050FE13B-BCCE-4FF7-86E2-48735543D7A4}.Debug|Any CPU.Build.0 = Debug|Any CPU
		{050FE13B-BCCE-4FF7-86E2-48735543D7A4}.Debug|x64.ActiveCfg = Debug|x64
		{050FE13B-BCCE-4FF7-86E2-48735543D7A4}.Debug|x64.Build.0 = Debug|x64
		{050FE13B-BCCE-4FF7-86E2-48735543D7A4}.Debug|x86.ActiveCfg = Debug|Any CPU
		{050FE13B-BCCE-4FF7-86E2-48735543D7A4}.Debug|x86.Build.0 = Debug|Any CPU
		{050FE13B-BCCE-4FF7-86E2-48735543D7A4}.DEMO|Any CPU.ActiveCfg = Debug|Any CPU
		{050FE13B-BCCE-4FF7-86E2-48735543D7A4}.DEMO|Any CPU.Build.0 = Debug|Any CPU
		{050FE13B-BCCE-4FF7-86E2-48735543D7A4}.DEMO|x64.ActiveCfg = Debug|Any CPU
		{050FE13B-BCCE-4FF7-86E2-48735543D7A4}.DEMO|x64.Build.0 = Debug|Any CPU
		{050FE13B-BCCE-4FF7-86E2-48735543D7A4}.DEMO|x86.ActiveCfg = Debug|Any CPU
		{050FE13B-BCCE-4FF7-86E2-48735543D7A4}.DEMO|x86.Build.0 = Debug|Any CPU
		{050FE13B-BCCE-4FF7-86E2-48735543D7A4}.docs|Any CPU.ActiveCfg = Debug|Any CPU
		{050FE13B-BCCE-4FF7-86E2-48735543D7A4}.docs|Any CPU.Build.0 = Debug|Any CPU
		{050FE13B-BCCE-4FF7-86E2-48735543D7A4}.docs|x64.ActiveCfg = Debug|Any CPU
		{050FE13B-BCCE-4FF7-86E2-48735543D7A4}.docs|x64.Build.0 = Debug|Any CPU
		{050FE13B-BCCE-4FF7-86E2-48735543D7A4}.docs|x86.ActiveCfg = Debug|Any CPU
		{050FE13B-BCCE-4FF7-86E2-48735543D7A4}.docs|x86.Build.0 = Debug|Any CPU
		{050FE13B-BCCE-4FF7-86E2-48735543D7A4}.GCModeller(Release_X64)|Any CPU.ActiveCfg = Release|Any CPU
		{050FE13B-BCCE-4FF7-86E2-48735543D7A4}.GCModeller(Release_X64)|Any CPU.Build.0 = Release|Any CPU
		{050FE13B-BCCE-4FF7-86E2-48735543D7A4}.GCModeller(Release_X64)|x64.ActiveCfg = Release|Any CPU
		{050FE13B-BCCE-4FF7-86E2-48735543D7A4}.GCModeller(Release_X64)|x64.Build.0 = Release|Any CPU
		{050FE13B-BCCE-4FF7-86E2-48735543D7A4}.GCModeller(Release_X64)|x86.ActiveCfg = Release|Any CPU
		{050FE13B-BCCE-4FF7-86E2-48735543D7A4}.GCModeller(Release_X64)|x86.Build.0 = Release|Any CPU
		{050FE13B-BCCE-4FF7-86E2-48735543D7A4}.GCModeller(UNIX-Release_X64)|Any CPU.ActiveCfg = Release|Any CPU
		{050FE13B-BCCE-4FF7-86E2-48735543D7A4}.GCModeller(UNIX-Release_X64)|Any CPU.Build.0 = Release|Any CPU
		{050FE13B-BCCE-4FF7-86E2-48735543D7A4}.GCModeller(UNIX-Release_X64)|x64.ActiveCfg = Release|Any CPU
		{050FE13B-BCCE-4FF7-86E2-48735543D7A4}.GCModeller(UNIX-Release_X64)|x64.Build.0 = Release|Any CPU
		{050FE13B-BCCE-4FF7-86E2-48735543D7A4}.GCModeller(UNIX-Release_X64)|x86.ActiveCfg = Release|Any CPU
		{050FE13B-BCCE-4FF7-86E2-48735543D7A4}.GCModeller(UNIX-Release_X64)|x86.Build.0 = Release|Any CPU
		{050FE13B-BCCE-4FF7-86E2-48735543D7A4}.installer_x64|Any CPU.ActiveCfg = Release|Any CPU
		{050FE13B-BCCE-4FF7-86E2-48735543D7A4}.installer_x64|Any CPU.Build.0 = Release|Any CPU
		{050FE13B-BCCE-4FF7-86E2-48735543D7A4}.installer_x64|x64.ActiveCfg = Release|Any CPU
		{050FE13B-BCCE-4FF7-86E2-48735543D7A4}.installer_x64|x64.Build.0 = Release|Any CPU
		{050FE13B-BCCE-4FF7-86E2-48735543D7A4}.installer_x64|x86.ActiveCfg = Release|Any CPU
		{050FE13B-BCCE-4FF7-86E2-48735543D7A4}.installer_x64|x86.Build.0 = Release|Any CPU
		{050FE13B-BCCE-4FF7-86E2-48735543D7A4}.mysqli_X64_release|Any CPU.ActiveCfg = Release|Any CPU
		{050FE13B-BCCE-4FF7-86E2-48735543D7A4}.mysqli_X64_release|Any CPU.Build.0 = Release|Any CPU
		{050FE13B-BCCE-4FF7-86E2-48735543D7A4}.mysqli_X64_release|x64.ActiveCfg = Release|Any CPU
		{050FE13B-BCCE-4FF7-86E2-48735543D7A4}.mysqli_X64_release|x64.Build.0 = Release|Any CPU
		{050FE13B-BCCE-4FF7-86E2-48735543D7A4}.mysqli_X64_release|x86.ActiveCfg = Release|Any CPU
		{050FE13B-BCCE-4FF7-86E2-48735543D7A4}.mysqli_X64_release|x86.Build.0 = Release|Any CPU
		{050FE13B-BCCE-4FF7-86E2-48735543D7A4}.ProteoWizard.d|Any CPU.ActiveCfg = Release|Any CPU
		{050FE13B-BCCE-4FF7-86E2-48735543D7A4}.ProteoWizard.d|Any CPU.Build.0 = Release|Any CPU
		{050FE13B-BCCE-4FF7-86E2-48735543D7A4}.ProteoWizard.d|x64.ActiveCfg = Release|Any CPU
		{050FE13B-BCCE-4FF7-86E2-48735543D7A4}.ProteoWizard.d|x64.Build.0 = Release|Any CPU
		{050FE13B-BCCE-4FF7-86E2-48735543D7A4}.ProteoWizard.d|x86.ActiveCfg = Release|Any CPU
		{050FE13B-BCCE-4FF7-86E2-48735543D7A4}.ProteoWizard.d|x86.Build.0 = Release|Any CPU
		{050FE13B-BCCE-4FF7-86E2-48735543D7A4}.Publish|Any CPU.ActiveCfg = Release|Any CPU
		{050FE13B-BCCE-4FF7-86E2-48735543D7A4}.Publish|Any CPU.Build.0 = Release|Any CPU
		{050FE13B-BCCE-4FF7-86E2-48735543D7A4}.Publish|x64.ActiveCfg = Release|Any CPU
		{050FE13B-BCCE-4FF7-86E2-48735543D7A4}.Publish|x64.Build.0 = Release|Any CPU
		{050FE13B-BCCE-4FF7-86E2-48735543D7A4}.Publish|x86.ActiveCfg = Release|Any CPU
		{050FE13B-BCCE-4FF7-86E2-48735543D7A4}.Publish|x86.Build.0 = Release|Any CPU
		{050FE13B-BCCE-4FF7-86E2-48735543D7A4}.Release|Any CPU.ActiveCfg = Release|Any CPU
		{050FE13B-BCCE-4FF7-86E2-48735543D7A4}.Release|Any CPU.Build.0 = Release|Any CPU
		{050FE13B-BCCE-4FF7-86E2-48735543D7A4}.Release|x64.ActiveCfg = Release|Any CPU
		{050FE13B-BCCE-4FF7-86E2-48735543D7A4}.Release|x64.Build.0 = Release|Any CPU
		{050FE13B-BCCE-4FF7-86E2-48735543D7A4}.Release|x86.ActiveCfg = Release|Any CPU
		{050FE13B-BCCE-4FF7-86E2-48735543D7A4}.Release|x86.Build.0 = Release|Any CPU
		{050FE13B-BCCE-4FF7-86E2-48735543D7A4}.sciBASIC.NET-test-release|Any CPU.ActiveCfg = Release|Any CPU
		{050FE13B-BCCE-4FF7-86E2-48735543D7A4}.sciBASIC.NET-test-release|Any CPU.Build.0 = Release|Any CPU
		{050FE13B-BCCE-4FF7-86E2-48735543D7A4}.sciBASIC.NET-test-release|x64.ActiveCfg = Release|Any CPU
		{050FE13B-BCCE-4FF7-86E2-48735543D7A4}.sciBASIC.NET-test-release|x64.Build.0 = Release|Any CPU
		{050FE13B-BCCE-4FF7-86E2-48735543D7A4}.sciBASIC.NET-test-release|x86.ActiveCfg = Release|Any CPU
		{050FE13B-BCCE-4FF7-86E2-48735543D7A4}.sciBASIC.NET-test-release|x86.Build.0 = Release|Any CPU
		{050FE13B-BCCE-4FF7-86E2-48735543D7A4}.Surveillance-of-infectious-diseases|Any CPU.ActiveCfg = Release|Any CPU
		{050FE13B-BCCE-4FF7-86E2-48735543D7A4}.Surveillance-of-infectious-diseases|Any CPU.Build.0 = Release|Any CPU
		{050FE13B-BCCE-4FF7-86E2-48735543D7A4}.Surveillance-of-infectious-diseases|x64.ActiveCfg = Release|Any CPU
		{050FE13B-BCCE-4FF7-86E2-48735543D7A4}.Surveillance-of-infectious-diseases|x64.Build.0 = Release|Any CPU
		{050FE13B-BCCE-4FF7-86E2-48735543D7A4}.Surveillance-of-infectious-diseases|x86.ActiveCfg = Release|Any CPU
		{050FE13B-BCCE-4FF7-86E2-48735543D7A4}.Surveillance-of-infectious-diseases|x86.Build.0 = Release|Any CPU
		{050FE13B-BCCE-4FF7-86E2-48735543D7A4}.Yilia-Release_x64|Any CPU.ActiveCfg = Release|Any CPU
		{050FE13B-BCCE-4FF7-86E2-48735543D7A4}.Yilia-Release_x64|Any CPU.Build.0 = Release|Any CPU
		{050FE13B-BCCE-4FF7-86E2-48735543D7A4}.Yilia-Release_x64|x64.ActiveCfg = Release|Any CPU
		{050FE13B-BCCE-4FF7-86E2-48735543D7A4}.Yilia-Release_x64|x64.Build.0 = Release|Any CPU
		{050FE13B-BCCE-4FF7-86E2-48735543D7A4}.Yilia-Release_x64|x86.ActiveCfg = Release|Any CPU
		{050FE13B-BCCE-4FF7-86E2-48735543D7A4}.Yilia-Release_x64|x86.Build.0 = Release|Any CPU
		{FECCE1FD-E1D4-49E3-A668-60BB5E7AED99}.Biodeep_UNIX_x64|Any CPU.ActiveCfg = Biodeep_UNIX_x64|Any CPU
		{FECCE1FD-E1D4-49E3-A668-60BB5E7AED99}.Biodeep_UNIX_x64|Any CPU.Build.0 = Biodeep_UNIX_x64|Any CPU
		{FECCE1FD-E1D4-49E3-A668-60BB5E7AED99}.Biodeep_UNIX_x64|x64.ActiveCfg = Biodeep_UNIX_x64|x64
		{FECCE1FD-E1D4-49E3-A668-60BB5E7AED99}.Biodeep_UNIX_x64|x64.Build.0 = Biodeep_UNIX_x64|x64
		{FECCE1FD-E1D4-49E3-A668-60BB5E7AED99}.Biodeep_UNIX_x64|x86.ActiveCfg = Biodeep_UNIX_x64|x86
		{FECCE1FD-E1D4-49E3-A668-60BB5E7AED99}.Biodeep_UNIX_x64|x86.Build.0 = Biodeep_UNIX_x64|x86
		{FECCE1FD-E1D4-49E3-A668-60BB5E7AED99}.Biodeep|Any CPU.ActiveCfg = Biodeep|Any CPU
		{FECCE1FD-E1D4-49E3-A668-60BB5E7AED99}.Biodeep|Any CPU.Build.0 = Biodeep|Any CPU
		{FECCE1FD-E1D4-49E3-A668-60BB5E7AED99}.Biodeep|x64.ActiveCfg = Biodeep|x64
		{FECCE1FD-E1D4-49E3-A668-60BB5E7AED99}.Biodeep|x64.Build.0 = Biodeep|x64
		{FECCE1FD-E1D4-49E3-A668-60BB5E7AED99}.Biodeep|x86.ActiveCfg = Biodeep|x86
		{FECCE1FD-E1D4-49E3-A668-60BB5E7AED99}.Biodeep|x86.Build.0 = Biodeep|x86
		{FECCE1FD-E1D4-49E3-A668-60BB5E7AED99}.Debug|Any CPU.ActiveCfg = Debug|Any CPU
		{FECCE1FD-E1D4-49E3-A668-60BB5E7AED99}.Debug|Any CPU.Build.0 = Debug|Any CPU
		{FECCE1FD-E1D4-49E3-A668-60BB5E7AED99}.Debug|x64.ActiveCfg = Debug|x64
		{FECCE1FD-E1D4-49E3-A668-60BB5E7AED99}.Debug|x64.Build.0 = Debug|x64
		{FECCE1FD-E1D4-49E3-A668-60BB5E7AED99}.Debug|x86.ActiveCfg = Debug|x86
		{FECCE1FD-E1D4-49E3-A668-60BB5E7AED99}.Debug|x86.Build.0 = Debug|x86
		{FECCE1FD-E1D4-49E3-A668-60BB5E7AED99}.DEMO|Any CPU.ActiveCfg = DEMO|Any CPU
		{FECCE1FD-E1D4-49E3-A668-60BB5E7AED99}.DEMO|Any CPU.Build.0 = DEMO|Any CPU
		{FECCE1FD-E1D4-49E3-A668-60BB5E7AED99}.DEMO|x64.ActiveCfg = DEMO|x64
		{FECCE1FD-E1D4-49E3-A668-60BB5E7AED99}.DEMO|x64.Build.0 = DEMO|x64
		{FECCE1FD-E1D4-49E3-A668-60BB5E7AED99}.DEMO|x86.ActiveCfg = DEMO|x86
		{FECCE1FD-E1D4-49E3-A668-60BB5E7AED99}.DEMO|x86.Build.0 = DEMO|x86
		{FECCE1FD-E1D4-49E3-A668-60BB5E7AED99}.docs|Any CPU.ActiveCfg = docs|Any CPU
		{FECCE1FD-E1D4-49E3-A668-60BB5E7AED99}.docs|Any CPU.Build.0 = docs|Any CPU
		{FECCE1FD-E1D4-49E3-A668-60BB5E7AED99}.docs|x64.ActiveCfg = docs|x64
		{FECCE1FD-E1D4-49E3-A668-60BB5E7AED99}.docs|x64.Build.0 = docs|x64
		{FECCE1FD-E1D4-49E3-A668-60BB5E7AED99}.docs|x86.ActiveCfg = docs|x86
		{FECCE1FD-E1D4-49E3-A668-60BB5E7AED99}.docs|x86.Build.0 = docs|x86
		{FECCE1FD-E1D4-49E3-A668-60BB5E7AED99}.GCModeller(Release_X64)|Any CPU.ActiveCfg = GCModeller(Release_X64)|Any CPU
		{FECCE1FD-E1D4-49E3-A668-60BB5E7AED99}.GCModeller(Release_X64)|Any CPU.Build.0 = GCModeller(Release_X64)|Any CPU
		{FECCE1FD-E1D4-49E3-A668-60BB5E7AED99}.GCModeller(Release_X64)|x64.ActiveCfg = GCModeller(Release_X64)|x64
		{FECCE1FD-E1D4-49E3-A668-60BB5E7AED99}.GCModeller(Release_X64)|x64.Build.0 = GCModeller(Release_X64)|x64
		{FECCE1FD-E1D4-49E3-A668-60BB5E7AED99}.GCModeller(Release_X64)|x86.ActiveCfg = GCModeller(Release_X64)|x86
		{FECCE1FD-E1D4-49E3-A668-60BB5E7AED99}.GCModeller(Release_X64)|x86.Build.0 = GCModeller(Release_X64)|x86
		{FECCE1FD-E1D4-49E3-A668-60BB5E7AED99}.GCModeller(UNIX-Release_X64)|Any CPU.ActiveCfg = GCModeller(UNIX-Release_X64)|Any CPU
		{FECCE1FD-E1D4-49E3-A668-60BB5E7AED99}.GCModeller(UNIX-Release_X64)|Any CPU.Build.0 = GCModeller(UNIX-Release_X64)|Any CPU
		{FECCE1FD-E1D4-49E3-A668-60BB5E7AED99}.GCModeller(UNIX-Release_X64)|x64.ActiveCfg = GCModeller(UNIX-Release_X64)|x64
		{FECCE1FD-E1D4-49E3-A668-60BB5E7AED99}.GCModeller(UNIX-Release_X64)|x64.Build.0 = GCModeller(UNIX-Release_X64)|x64
		{FECCE1FD-E1D4-49E3-A668-60BB5E7AED99}.GCModeller(UNIX-Release_X64)|x86.ActiveCfg = GCModeller(UNIX-Release_X64)|x86
		{FECCE1FD-E1D4-49E3-A668-60BB5E7AED99}.GCModeller(UNIX-Release_X64)|x86.Build.0 = GCModeller(UNIX-Release_X64)|x86
		{FECCE1FD-E1D4-49E3-A668-60BB5E7AED99}.installer_x64|Any CPU.ActiveCfg = installer_x64|Any CPU
		{FECCE1FD-E1D4-49E3-A668-60BB5E7AED99}.installer_x64|Any CPU.Build.0 = installer_x64|Any CPU
		{FECCE1FD-E1D4-49E3-A668-60BB5E7AED99}.installer_x64|x64.ActiveCfg = installer_x64|x64
		{FECCE1FD-E1D4-49E3-A668-60BB5E7AED99}.installer_x64|x64.Build.0 = installer_x64|x64
		{FECCE1FD-E1D4-49E3-A668-60BB5E7AED99}.installer_x64|x86.ActiveCfg = installer_x64|x86
		{FECCE1FD-E1D4-49E3-A668-60BB5E7AED99}.installer_x64|x86.Build.0 = installer_x64|x86
		{FECCE1FD-E1D4-49E3-A668-60BB5E7AED99}.mysqli_X64_release|Any CPU.ActiveCfg = mysqli_X64_release|Any CPU
		{FECCE1FD-E1D4-49E3-A668-60BB5E7AED99}.mysqli_X64_release|Any CPU.Build.0 = mysqli_X64_release|Any CPU
		{FECCE1FD-E1D4-49E3-A668-60BB5E7AED99}.mysqli_X64_release|x64.ActiveCfg = mysqli_X64_release|x64
		{FECCE1FD-E1D4-49E3-A668-60BB5E7AED99}.mysqli_X64_release|x64.Build.0 = mysqli_X64_release|x64
		{FECCE1FD-E1D4-49E3-A668-60BB5E7AED99}.mysqli_X64_release|x86.ActiveCfg = mysqli_X64_release|x86
		{FECCE1FD-E1D4-49E3-A668-60BB5E7AED99}.mysqli_X64_release|x86.Build.0 = mysqli_X64_release|x86
		{FECCE1FD-E1D4-49E3-A668-60BB5E7AED99}.ProteoWizard.d|Any CPU.ActiveCfg = ProteoWizard.d|Any CPU
		{FECCE1FD-E1D4-49E3-A668-60BB5E7AED99}.ProteoWizard.d|Any CPU.Build.0 = ProteoWizard.d|Any CPU
		{FECCE1FD-E1D4-49E3-A668-60BB5E7AED99}.ProteoWizard.d|x64.ActiveCfg = ProteoWizard.d|x64
		{FECCE1FD-E1D4-49E3-A668-60BB5E7AED99}.ProteoWizard.d|x64.Build.0 = ProteoWizard.d|x64
		{FECCE1FD-E1D4-49E3-A668-60BB5E7AED99}.ProteoWizard.d|x86.ActiveCfg = ProteoWizard.d|x86
		{FECCE1FD-E1D4-49E3-A668-60BB5E7AED99}.ProteoWizard.d|x86.Build.0 = ProteoWizard.d|x86
		{FECCE1FD-E1D4-49E3-A668-60BB5E7AED99}.Publish|Any CPU.ActiveCfg = Publish|Any CPU
		{FECCE1FD-E1D4-49E3-A668-60BB5E7AED99}.Publish|Any CPU.Build.0 = Publish|Any CPU
		{FECCE1FD-E1D4-49E3-A668-60BB5E7AED99}.Publish|x64.ActiveCfg = Publish|x64
		{FECCE1FD-E1D4-49E3-A668-60BB5E7AED99}.Publish|x64.Build.0 = Publish|x64
		{FECCE1FD-E1D4-49E3-A668-60BB5E7AED99}.Publish|x86.ActiveCfg = Publish|x86
		{FECCE1FD-E1D4-49E3-A668-60BB5E7AED99}.Publish|x86.Build.0 = Publish|x86
		{FECCE1FD-E1D4-49E3-A668-60BB5E7AED99}.Release|Any CPU.ActiveCfg = Release|Any CPU
		{FECCE1FD-E1D4-49E3-A668-60BB5E7AED99}.Release|Any CPU.Build.0 = Release|Any CPU
		{FECCE1FD-E1D4-49E3-A668-60BB5E7AED99}.Release|x64.ActiveCfg = Release|x64
		{FECCE1FD-E1D4-49E3-A668-60BB5E7AED99}.Release|x64.Build.0 = Release|x64
		{FECCE1FD-E1D4-49E3-A668-60BB5E7AED99}.Release|x86.ActiveCfg = Release|x86
		{FECCE1FD-E1D4-49E3-A668-60BB5E7AED99}.Release|x86.Build.0 = Release|x86
		{FECCE1FD-E1D4-49E3-A668-60BB5E7AED99}.sciBASIC.NET-test-release|Any CPU.ActiveCfg = sciBASIC.NET-test-release|Any CPU
		{FECCE1FD-E1D4-49E3-A668-60BB5E7AED99}.sciBASIC.NET-test-release|Any CPU.Build.0 = sciBASIC.NET-test-release|Any CPU
		{FECCE1FD-E1D4-49E3-A668-60BB5E7AED99}.sciBASIC.NET-test-release|x64.ActiveCfg = sciBASIC.NET-test-release|x64
		{FECCE1FD-E1D4-49E3-A668-60BB5E7AED99}.sciBASIC.NET-test-release|x64.Build.0 = sciBASIC.NET-test-release|x64
		{FECCE1FD-E1D4-49E3-A668-60BB5E7AED99}.sciBASIC.NET-test-release|x86.ActiveCfg = sciBASIC.NET-test-release|x86
		{FECCE1FD-E1D4-49E3-A668-60BB5E7AED99}.sciBASIC.NET-test-release|x86.Build.0 = sciBASIC.NET-test-release|x86
		{FECCE1FD-E1D4-49E3-A668-60BB5E7AED99}.Surveillance-of-infectious-diseases|Any CPU.ActiveCfg = Surveillance-of-infectious-diseases|Any CPU
		{FECCE1FD-E1D4-49E3-A668-60BB5E7AED99}.Surveillance-of-infectious-diseases|Any CPU.Build.0 = Surveillance-of-infectious-diseases|Any CPU
		{FECCE1FD-E1D4-49E3-A668-60BB5E7AED99}.Surveillance-of-infectious-diseases|x64.ActiveCfg = Surveillance-of-infectious-diseases|x64
		{FECCE1FD-E1D4-49E3-A668-60BB5E7AED99}.Surveillance-of-infectious-diseases|x64.Build.0 = Surveillance-of-infectious-diseases|x64
		{FECCE1FD-E1D4-49E3-A668-60BB5E7AED99}.Surveillance-of-infectious-diseases|x86.ActiveCfg = Surveillance-of-infectious-diseases|x86
		{FECCE1FD-E1D4-49E3-A668-60BB5E7AED99}.Surveillance-of-infectious-diseases|x86.Build.0 = Surveillance-of-infectious-diseases|x86
		{FECCE1FD-E1D4-49E3-A668-60BB5E7AED99}.Yilia-Release_x64|Any CPU.ActiveCfg = Yilia-Release_x64|Any CPU
		{FECCE1FD-E1D4-49E3-A668-60BB5E7AED99}.Yilia-Release_x64|Any CPU.Build.0 = Yilia-Release_x64|Any CPU
		{FECCE1FD-E1D4-49E3-A668-60BB5E7AED99}.Yilia-Release_x64|x64.ActiveCfg = Yilia-Release_x64|x64
		{FECCE1FD-E1D4-49E3-A668-60BB5E7AED99}.Yilia-Release_x64|x64.Build.0 = Yilia-Release_x64|x64
		{FECCE1FD-E1D4-49E3-A668-60BB5E7AED99}.Yilia-Release_x64|x86.ActiveCfg = Yilia-Release_x64|x86
		{FECCE1FD-E1D4-49E3-A668-60BB5E7AED99}.Yilia-Release_x64|x86.Build.0 = Yilia-Release_x64|x86
		{C699D311-9923-4C19-BF70-5048D0E2CF5D}.Biodeep_UNIX_x64|Any CPU.ActiveCfg = Biodeep_UNIX_x64|Any CPU
		{C699D311-9923-4C19-BF70-5048D0E2CF5D}.Biodeep_UNIX_x64|Any CPU.Build.0 = Biodeep_UNIX_x64|Any CPU
		{C699D311-9923-4C19-BF70-5048D0E2CF5D}.Biodeep_UNIX_x64|x64.ActiveCfg = Biodeep_UNIX_x64|x64
		{C699D311-9923-4C19-BF70-5048D0E2CF5D}.Biodeep_UNIX_x64|x64.Build.0 = Biodeep_UNIX_x64|x64
		{C699D311-9923-4C19-BF70-5048D0E2CF5D}.Biodeep_UNIX_x64|x86.ActiveCfg = Biodeep_UNIX_x64|x86
		{C699D311-9923-4C19-BF70-5048D0E2CF5D}.Biodeep_UNIX_x64|x86.Build.0 = Biodeep_UNIX_x64|x86
		{C699D311-9923-4C19-BF70-5048D0E2CF5D}.Biodeep|Any CPU.ActiveCfg = Biodeep|Any CPU
		{C699D311-9923-4C19-BF70-5048D0E2CF5D}.Biodeep|Any CPU.Build.0 = Biodeep|Any CPU
		{C699D311-9923-4C19-BF70-5048D0E2CF5D}.Biodeep|x64.ActiveCfg = Biodeep|x64
		{C699D311-9923-4C19-BF70-5048D0E2CF5D}.Biodeep|x64.Build.0 = Biodeep|x64
		{C699D311-9923-4C19-BF70-5048D0E2CF5D}.Biodeep|x86.ActiveCfg = Biodeep|x86
		{C699D311-9923-4C19-BF70-5048D0E2CF5D}.Biodeep|x86.Build.0 = Biodeep|x86
		{C699D311-9923-4C19-BF70-5048D0E2CF5D}.Debug|Any CPU.ActiveCfg = Debug|Any CPU
		{C699D311-9923-4C19-BF70-5048D0E2CF5D}.Debug|Any CPU.Build.0 = Debug|Any CPU
		{C699D311-9923-4C19-BF70-5048D0E2CF5D}.Debug|x64.ActiveCfg = Debug|x64
		{C699D311-9923-4C19-BF70-5048D0E2CF5D}.Debug|x64.Build.0 = Debug|x64
		{C699D311-9923-4C19-BF70-5048D0E2CF5D}.Debug|x86.ActiveCfg = Debug|x86
		{C699D311-9923-4C19-BF70-5048D0E2CF5D}.Debug|x86.Build.0 = Debug|x86
		{C699D311-9923-4C19-BF70-5048D0E2CF5D}.DEMO|Any CPU.ActiveCfg = Debug|Any CPU
		{C699D311-9923-4C19-BF70-5048D0E2CF5D}.DEMO|Any CPU.Build.0 = Debug|Any CPU
		{C699D311-9923-4C19-BF70-5048D0E2CF5D}.DEMO|x64.ActiveCfg = Debug|x64
		{C699D311-9923-4C19-BF70-5048D0E2CF5D}.DEMO|x64.Build.0 = Debug|x64
		{C699D311-9923-4C19-BF70-5048D0E2CF5D}.DEMO|x86.ActiveCfg = Debug|x86
		{C699D311-9923-4C19-BF70-5048D0E2CF5D}.DEMO|x86.Build.0 = Debug|x86
		{C699D311-9923-4C19-BF70-5048D0E2CF5D}.docs|Any CPU.ActiveCfg = docs|Any CPU
		{C699D311-9923-4C19-BF70-5048D0E2CF5D}.docs|Any CPU.Build.0 = docs|Any CPU
		{C699D311-9923-4C19-BF70-5048D0E2CF5D}.docs|x64.ActiveCfg = docs|x64
		{C699D311-9923-4C19-BF70-5048D0E2CF5D}.docs|x64.Build.0 = docs|x64
		{C699D311-9923-4C19-BF70-5048D0E2CF5D}.docs|x86.ActiveCfg = docs|x86
		{C699D311-9923-4C19-BF70-5048D0E2CF5D}.docs|x86.Build.0 = docs|x86
		{C699D311-9923-4C19-BF70-5048D0E2CF5D}.GCModeller(Release_X64)|Any CPU.ActiveCfg = GCModeller(Release_X64)|Any CPU
		{C699D311-9923-4C19-BF70-5048D0E2CF5D}.GCModeller(Release_X64)|Any CPU.Build.0 = GCModeller(Release_X64)|Any CPU
		{C699D311-9923-4C19-BF70-5048D0E2CF5D}.GCModeller(Release_X64)|x64.ActiveCfg = GCModeller(Release_X64)|x64
		{C699D311-9923-4C19-BF70-5048D0E2CF5D}.GCModeller(Release_X64)|x64.Build.0 = GCModeller(Release_X64)|x64
		{C699D311-9923-4C19-BF70-5048D0E2CF5D}.GCModeller(Release_X64)|x86.ActiveCfg = GCModeller(Release_X64)|x86
		{C699D311-9923-4C19-BF70-5048D0E2CF5D}.GCModeller(Release_X64)|x86.Build.0 = GCModeller(Release_X64)|x86
		{C699D311-9923-4C19-BF70-5048D0E2CF5D}.GCModeller(UNIX-Release_X64)|Any CPU.ActiveCfg = GCModeller(UNIX-Release_X64)|Any CPU
		{C699D311-9923-4C19-BF70-5048D0E2CF5D}.GCModeller(UNIX-Release_X64)|Any CPU.Build.0 = GCModeller(UNIX-Release_X64)|Any CPU
		{C699D311-9923-4C19-BF70-5048D0E2CF5D}.GCModeller(UNIX-Release_X64)|x64.ActiveCfg = GCModeller(UNIX-Release_X64)|x64
		{C699D311-9923-4C19-BF70-5048D0E2CF5D}.GCModeller(UNIX-Release_X64)|x64.Build.0 = GCModeller(UNIX-Release_X64)|x64
		{C699D311-9923-4C19-BF70-5048D0E2CF5D}.GCModeller(UNIX-Release_X64)|x86.ActiveCfg = GCModeller(UNIX-Release_X64)|x86
		{C699D311-9923-4C19-BF70-5048D0E2CF5D}.GCModeller(UNIX-Release_X64)|x86.Build.0 = GCModeller(UNIX-Release_X64)|x86
		{C699D311-9923-4C19-BF70-5048D0E2CF5D}.installer_x64|Any CPU.ActiveCfg = Biodeep_UNIX_x64|Any CPU
		{C699D311-9923-4C19-BF70-5048D0E2CF5D}.installer_x64|Any CPU.Build.0 = Biodeep_UNIX_x64|Any CPU
		{C699D311-9923-4C19-BF70-5048D0E2CF5D}.installer_x64|x64.ActiveCfg = Biodeep_UNIX_x64|x64
		{C699D311-9923-4C19-BF70-5048D0E2CF5D}.installer_x64|x64.Build.0 = Biodeep_UNIX_x64|x64
		{C699D311-9923-4C19-BF70-5048D0E2CF5D}.installer_x64|x86.ActiveCfg = Biodeep_UNIX_x64|x86
		{C699D311-9923-4C19-BF70-5048D0E2CF5D}.installer_x64|x86.Build.0 = Biodeep_UNIX_x64|x86
		{C699D311-9923-4C19-BF70-5048D0E2CF5D}.mysqli_X64_release|Any CPU.ActiveCfg = Biodeep_UNIX_x64|Any CPU
		{C699D311-9923-4C19-BF70-5048D0E2CF5D}.mysqli_X64_release|Any CPU.Build.0 = Biodeep_UNIX_x64|Any CPU
		{C699D311-9923-4C19-BF70-5048D0E2CF5D}.mysqli_X64_release|x64.ActiveCfg = Biodeep_UNIX_x64|x64
		{C699D311-9923-4C19-BF70-5048D0E2CF5D}.mysqli_X64_release|x64.Build.0 = Biodeep_UNIX_x64|x64
		{C699D311-9923-4C19-BF70-5048D0E2CF5D}.mysqli_X64_release|x86.ActiveCfg = Biodeep_UNIX_x64|x86
		{C699D311-9923-4C19-BF70-5048D0E2CF5D}.mysqli_X64_release|x86.Build.0 = Biodeep_UNIX_x64|x86
		{C699D311-9923-4C19-BF70-5048D0E2CF5D}.ProteoWizard.d|Any CPU.ActiveCfg = Publish|Any CPU
		{C699D311-9923-4C19-BF70-5048D0E2CF5D}.ProteoWizard.d|Any CPU.Build.0 = Publish|Any CPU
		{C699D311-9923-4C19-BF70-5048D0E2CF5D}.ProteoWizard.d|x64.ActiveCfg = Publish|x64
		{C699D311-9923-4C19-BF70-5048D0E2CF5D}.ProteoWizard.d|x64.Build.0 = Publish|x64
		{C699D311-9923-4C19-BF70-5048D0E2CF5D}.ProteoWizard.d|x86.ActiveCfg = Publish|x86
		{C699D311-9923-4C19-BF70-5048D0E2CF5D}.ProteoWizard.d|x86.Build.0 = Publish|x86
		{C699D311-9923-4C19-BF70-5048D0E2CF5D}.Publish|Any CPU.ActiveCfg = Publish|Any CPU
		{C699D311-9923-4C19-BF70-5048D0E2CF5D}.Publish|Any CPU.Build.0 = Publish|Any CPU
		{C699D311-9923-4C19-BF70-5048D0E2CF5D}.Publish|x64.ActiveCfg = Publish|x64
		{C699D311-9923-4C19-BF70-5048D0E2CF5D}.Publish|x64.Build.0 = Publish|x64
		{C699D311-9923-4C19-BF70-5048D0E2CF5D}.Publish|x86.ActiveCfg = Publish|x86
		{C699D311-9923-4C19-BF70-5048D0E2CF5D}.Publish|x86.Build.0 = Publish|x86
		{C699D311-9923-4C19-BF70-5048D0E2CF5D}.Release|Any CPU.ActiveCfg = Release|Any CPU
		{C699D311-9923-4C19-BF70-5048D0E2CF5D}.Release|Any CPU.Build.0 = Release|Any CPU
		{C699D311-9923-4C19-BF70-5048D0E2CF5D}.Release|x64.ActiveCfg = Release|x64
		{C699D311-9923-4C19-BF70-5048D0E2CF5D}.Release|x64.Build.0 = Release|x64
		{C699D311-9923-4C19-BF70-5048D0E2CF5D}.Release|x86.ActiveCfg = Release|x86
		{C699D311-9923-4C19-BF70-5048D0E2CF5D}.Release|x86.Build.0 = Release|x86
		{C699D311-9923-4C19-BF70-5048D0E2CF5D}.sciBASIC.NET-test-release|Any CPU.ActiveCfg = Biodeep_UNIX_x64|Any CPU
		{C699D311-9923-4C19-BF70-5048D0E2CF5D}.sciBASIC.NET-test-release|Any CPU.Build.0 = Biodeep_UNIX_x64|Any CPU
		{C699D311-9923-4C19-BF70-5048D0E2CF5D}.sciBASIC.NET-test-release|x64.ActiveCfg = Biodeep_UNIX_x64|x64
		{C699D311-9923-4C19-BF70-5048D0E2CF5D}.sciBASIC.NET-test-release|x64.Build.0 = Biodeep_UNIX_x64|x64
		{C699D311-9923-4C19-BF70-5048D0E2CF5D}.sciBASIC.NET-test-release|x86.ActiveCfg = Biodeep_UNIX_x64|x86
		{C699D311-9923-4C19-BF70-5048D0E2CF5D}.sciBASIC.NET-test-release|x86.Build.0 = Biodeep_UNIX_x64|x86
		{C699D311-9923-4C19-BF70-5048D0E2CF5D}.Surveillance-of-infectious-diseases|Any CPU.ActiveCfg = Biodeep_UNIX_x64|Any CPU
		{C699D311-9923-4C19-BF70-5048D0E2CF5D}.Surveillance-of-infectious-diseases|Any CPU.Build.0 = Biodeep_UNIX_x64|Any CPU
		{C699D311-9923-4C19-BF70-5048D0E2CF5D}.Surveillance-of-infectious-diseases|x64.ActiveCfg = Biodeep_UNIX_x64|x64
		{C699D311-9923-4C19-BF70-5048D0E2CF5D}.Surveillance-of-infectious-diseases|x64.Build.0 = Biodeep_UNIX_x64|x64
		{C699D311-9923-4C19-BF70-5048D0E2CF5D}.Surveillance-of-infectious-diseases|x86.ActiveCfg = Biodeep_UNIX_x64|x86
		{C699D311-9923-4C19-BF70-5048D0E2CF5D}.Surveillance-of-infectious-diseases|x86.Build.0 = Biodeep_UNIX_x64|x86
		{C699D311-9923-4C19-BF70-5048D0E2CF5D}.Yilia-Release_x64|Any CPU.ActiveCfg = Release|Any CPU
		{C699D311-9923-4C19-BF70-5048D0E2CF5D}.Yilia-Release_x64|Any CPU.Build.0 = Release|Any CPU
		{C699D311-9923-4C19-BF70-5048D0E2CF5D}.Yilia-Release_x64|x64.ActiveCfg = Release|x64
		{C699D311-9923-4C19-BF70-5048D0E2CF5D}.Yilia-Release_x64|x64.Build.0 = Release|x64
		{C699D311-9923-4C19-BF70-5048D0E2CF5D}.Yilia-Release_x64|x86.ActiveCfg = Release|x86
		{C699D311-9923-4C19-BF70-5048D0E2CF5D}.Yilia-Release_x64|x86.Build.0 = Release|x86
		{1AD6F061-2598-40B9-985C-FE4D7CE6B037}.Biodeep_UNIX_x64|Any CPU.ActiveCfg = Release|Any CPU
		{1AD6F061-2598-40B9-985C-FE4D7CE6B037}.Biodeep_UNIX_x64|Any CPU.Build.0 = Release|Any CPU
		{1AD6F061-2598-40B9-985C-FE4D7CE6B037}.Biodeep_UNIX_x64|x64.ActiveCfg = Release|Any CPU
		{1AD6F061-2598-40B9-985C-FE4D7CE6B037}.Biodeep_UNIX_x64|x64.Build.0 = Release|Any CPU
		{1AD6F061-2598-40B9-985C-FE4D7CE6B037}.Biodeep_UNIX_x64|x86.ActiveCfg = Release|Any CPU
		{1AD6F061-2598-40B9-985C-FE4D7CE6B037}.Biodeep_UNIX_x64|x86.Build.0 = Release|Any CPU
		{1AD6F061-2598-40B9-985C-FE4D7CE6B037}.Biodeep|Any CPU.ActiveCfg = Release|Any CPU
		{1AD6F061-2598-40B9-985C-FE4D7CE6B037}.Biodeep|Any CPU.Build.0 = Release|Any CPU
		{1AD6F061-2598-40B9-985C-FE4D7CE6B037}.Biodeep|x64.ActiveCfg = Release|Any CPU
		{1AD6F061-2598-40B9-985C-FE4D7CE6B037}.Biodeep|x64.Build.0 = Release|Any CPU
		{1AD6F061-2598-40B9-985C-FE4D7CE6B037}.Biodeep|x86.ActiveCfg = Release|Any CPU
		{1AD6F061-2598-40B9-985C-FE4D7CE6B037}.Biodeep|x86.Build.0 = Release|Any CPU
		{1AD6F061-2598-40B9-985C-FE4D7CE6B037}.Debug|Any CPU.ActiveCfg = Debug|Any CPU
		{1AD6F061-2598-40B9-985C-FE4D7CE6B037}.Debug|Any CPU.Build.0 = Debug|Any CPU
		{1AD6F061-2598-40B9-985C-FE4D7CE6B037}.Debug|x64.ActiveCfg = Debug|x64
		{1AD6F061-2598-40B9-985C-FE4D7CE6B037}.Debug|x64.Build.0 = Debug|x64
		{1AD6F061-2598-40B9-985C-FE4D7CE6B037}.Debug|x86.ActiveCfg = Debug|Any CPU
		{1AD6F061-2598-40B9-985C-FE4D7CE6B037}.Debug|x86.Build.0 = Debug|Any CPU
		{1AD6F061-2598-40B9-985C-FE4D7CE6B037}.DEMO|Any CPU.ActiveCfg = Debug|Any CPU
		{1AD6F061-2598-40B9-985C-FE4D7CE6B037}.DEMO|Any CPU.Build.0 = Debug|Any CPU
		{1AD6F061-2598-40B9-985C-FE4D7CE6B037}.DEMO|x64.ActiveCfg = Debug|Any CPU
		{1AD6F061-2598-40B9-985C-FE4D7CE6B037}.DEMO|x64.Build.0 = Debug|Any CPU
		{1AD6F061-2598-40B9-985C-FE4D7CE6B037}.DEMO|x86.ActiveCfg = Debug|Any CPU
		{1AD6F061-2598-40B9-985C-FE4D7CE6B037}.DEMO|x86.Build.0 = Debug|Any CPU
		{1AD6F061-2598-40B9-985C-FE4D7CE6B037}.docs|Any CPU.ActiveCfg = Debug|Any CPU
		{1AD6F061-2598-40B9-985C-FE4D7CE6B037}.docs|Any CPU.Build.0 = Debug|Any CPU
		{1AD6F061-2598-40B9-985C-FE4D7CE6B037}.docs|x64.ActiveCfg = Debug|Any CPU
		{1AD6F061-2598-40B9-985C-FE4D7CE6B037}.docs|x64.Build.0 = Debug|Any CPU
		{1AD6F061-2598-40B9-985C-FE4D7CE6B037}.docs|x86.ActiveCfg = Debug|Any CPU
		{1AD6F061-2598-40B9-985C-FE4D7CE6B037}.docs|x86.Build.0 = Debug|Any CPU
		{1AD6F061-2598-40B9-985C-FE4D7CE6B037}.GCModeller(Release_X64)|Any CPU.ActiveCfg = Release|Any CPU
		{1AD6F061-2598-40B9-985C-FE4D7CE6B037}.GCModeller(Release_X64)|Any CPU.Build.0 = Release|Any CPU
		{1AD6F061-2598-40B9-985C-FE4D7CE6B037}.GCModeller(Release_X64)|x64.ActiveCfg = Release|Any CPU
		{1AD6F061-2598-40B9-985C-FE4D7CE6B037}.GCModeller(Release_X64)|x64.Build.0 = Release|Any CPU
		{1AD6F061-2598-40B9-985C-FE4D7CE6B037}.GCModeller(Release_X64)|x86.ActiveCfg = Release|Any CPU
		{1AD6F061-2598-40B9-985C-FE4D7CE6B037}.GCModeller(Release_X64)|x86.Build.0 = Release|Any CPU
		{1AD6F061-2598-40B9-985C-FE4D7CE6B037}.GCModeller(UNIX-Release_X64)|Any CPU.ActiveCfg = Release|Any CPU
		{1AD6F061-2598-40B9-985C-FE4D7CE6B037}.GCModeller(UNIX-Release_X64)|Any CPU.Build.0 = Release|Any CPU
		{1AD6F061-2598-40B9-985C-FE4D7CE6B037}.GCModeller(UNIX-Release_X64)|x64.ActiveCfg = Release|Any CPU
		{1AD6F061-2598-40B9-985C-FE4D7CE6B037}.GCModeller(UNIX-Release_X64)|x64.Build.0 = Release|Any CPU
		{1AD6F061-2598-40B9-985C-FE4D7CE6B037}.GCModeller(UNIX-Release_X64)|x86.ActiveCfg = Release|Any CPU
		{1AD6F061-2598-40B9-985C-FE4D7CE6B037}.GCModeller(UNIX-Release_X64)|x86.Build.0 = Release|Any CPU
		{1AD6F061-2598-40B9-985C-FE4D7CE6B037}.installer_x64|Any CPU.ActiveCfg = Release|Any CPU
		{1AD6F061-2598-40B9-985C-FE4D7CE6B037}.installer_x64|Any CPU.Build.0 = Release|Any CPU
		{1AD6F061-2598-40B9-985C-FE4D7CE6B037}.installer_x64|x64.ActiveCfg = Release|Any CPU
		{1AD6F061-2598-40B9-985C-FE4D7CE6B037}.installer_x64|x64.Build.0 = Release|Any CPU
		{1AD6F061-2598-40B9-985C-FE4D7CE6B037}.installer_x64|x86.ActiveCfg = Release|Any CPU
		{1AD6F061-2598-40B9-985C-FE4D7CE6B037}.installer_x64|x86.Build.0 = Release|Any CPU
		{1AD6F061-2598-40B9-985C-FE4D7CE6B037}.mysqli_X64_release|Any CPU.ActiveCfg = Release|Any CPU
		{1AD6F061-2598-40B9-985C-FE4D7CE6B037}.mysqli_X64_release|Any CPU.Build.0 = Release|Any CPU
		{1AD6F061-2598-40B9-985C-FE4D7CE6B037}.mysqli_X64_release|x64.ActiveCfg = Release|Any CPU
		{1AD6F061-2598-40B9-985C-FE4D7CE6B037}.mysqli_X64_release|x64.Build.0 = Release|Any CPU
		{1AD6F061-2598-40B9-985C-FE4D7CE6B037}.mysqli_X64_release|x86.ActiveCfg = Release|Any CPU
		{1AD6F061-2598-40B9-985C-FE4D7CE6B037}.mysqli_X64_release|x86.Build.0 = Release|Any CPU
		{1AD6F061-2598-40B9-985C-FE4D7CE6B037}.ProteoWizard.d|Any CPU.ActiveCfg = Release|Any CPU
		{1AD6F061-2598-40B9-985C-FE4D7CE6B037}.ProteoWizard.d|Any CPU.Build.0 = Release|Any CPU
		{1AD6F061-2598-40B9-985C-FE4D7CE6B037}.ProteoWizard.d|x64.ActiveCfg = Release|Any CPU
		{1AD6F061-2598-40B9-985C-FE4D7CE6B037}.ProteoWizard.d|x64.Build.0 = Release|Any CPU
		{1AD6F061-2598-40B9-985C-FE4D7CE6B037}.ProteoWizard.d|x86.ActiveCfg = Release|Any CPU
		{1AD6F061-2598-40B9-985C-FE4D7CE6B037}.ProteoWizard.d|x86.Build.0 = Release|Any CPU
		{1AD6F061-2598-40B9-985C-FE4D7CE6B037}.Publish|Any CPU.ActiveCfg = Release|Any CPU
		{1AD6F061-2598-40B9-985C-FE4D7CE6B037}.Publish|Any CPU.Build.0 = Release|Any CPU
		{1AD6F061-2598-40B9-985C-FE4D7CE6B037}.Publish|x64.ActiveCfg = Release|Any CPU
		{1AD6F061-2598-40B9-985C-FE4D7CE6B037}.Publish|x64.Build.0 = Release|Any CPU
		{1AD6F061-2598-40B9-985C-FE4D7CE6B037}.Publish|x86.ActiveCfg = Release|Any CPU
		{1AD6F061-2598-40B9-985C-FE4D7CE6B037}.Publish|x86.Build.0 = Release|Any CPU
		{1AD6F061-2598-40B9-985C-FE4D7CE6B037}.Release|Any CPU.ActiveCfg = Release|Any CPU
		{1AD6F061-2598-40B9-985C-FE4D7CE6B037}.Release|Any CPU.Build.0 = Release|Any CPU
		{1AD6F061-2598-40B9-985C-FE4D7CE6B037}.Release|x64.ActiveCfg = Release|Any CPU
		{1AD6F061-2598-40B9-985C-FE4D7CE6B037}.Release|x64.Build.0 = Release|Any CPU
		{1AD6F061-2598-40B9-985C-FE4D7CE6B037}.Release|x86.ActiveCfg = Release|Any CPU
		{1AD6F061-2598-40B9-985C-FE4D7CE6B037}.Release|x86.Build.0 = Release|Any CPU
		{1AD6F061-2598-40B9-985C-FE4D7CE6B037}.sciBASIC.NET-test-release|Any CPU.ActiveCfg = Release|Any CPU
		{1AD6F061-2598-40B9-985C-FE4D7CE6B037}.sciBASIC.NET-test-release|Any CPU.Build.0 = Release|Any CPU
		{1AD6F061-2598-40B9-985C-FE4D7CE6B037}.sciBASIC.NET-test-release|x64.ActiveCfg = Release|Any CPU
		{1AD6F061-2598-40B9-985C-FE4D7CE6B037}.sciBASIC.NET-test-release|x64.Build.0 = Release|Any CPU
		{1AD6F061-2598-40B9-985C-FE4D7CE6B037}.sciBASIC.NET-test-release|x86.ActiveCfg = Release|Any CPU
		{1AD6F061-2598-40B9-985C-FE4D7CE6B037}.sciBASIC.NET-test-release|x86.Build.0 = Release|Any CPU
		{1AD6F061-2598-40B9-985C-FE4D7CE6B037}.Surveillance-of-infectious-diseases|Any CPU.ActiveCfg = Release|Any CPU
		{1AD6F061-2598-40B9-985C-FE4D7CE6B037}.Surveillance-of-infectious-diseases|Any CPU.Build.0 = Release|Any CPU
		{1AD6F061-2598-40B9-985C-FE4D7CE6B037}.Surveillance-of-infectious-diseases|x64.ActiveCfg = Release|Any CPU
		{1AD6F061-2598-40B9-985C-FE4D7CE6B037}.Surveillance-of-infectious-diseases|x64.Build.0 = Release|Any CPU
		{1AD6F061-2598-40B9-985C-FE4D7CE6B037}.Surveillance-of-infectious-diseases|x86.ActiveCfg = Release|Any CPU
		{1AD6F061-2598-40B9-985C-FE4D7CE6B037}.Surveillance-of-infectious-diseases|x86.Build.0 = Release|Any CPU
		{1AD6F061-2598-40B9-985C-FE4D7CE6B037}.Yilia-Release_x64|Any CPU.ActiveCfg = Release|Any CPU
		{1AD6F061-2598-40B9-985C-FE4D7CE6B037}.Yilia-Release_x64|Any CPU.Build.0 = Release|Any CPU
		{1AD6F061-2598-40B9-985C-FE4D7CE6B037}.Yilia-Release_x64|x64.ActiveCfg = Release|Any CPU
		{1AD6F061-2598-40B9-985C-FE4D7CE6B037}.Yilia-Release_x64|x64.Build.0 = Release|Any CPU
		{1AD6F061-2598-40B9-985C-FE4D7CE6B037}.Yilia-Release_x64|x86.ActiveCfg = Release|Any CPU
		{1AD6F061-2598-40B9-985C-FE4D7CE6B037}.Yilia-Release_x64|x86.Build.0 = Release|Any CPU
		{6141283D-AB6D-47FB-A0CD-6A99CB9E4F6E}.Biodeep_UNIX_x64|Any CPU.ActiveCfg = Release|Any CPU
		{6141283D-AB6D-47FB-A0CD-6A99CB9E4F6E}.Biodeep_UNIX_x64|Any CPU.Build.0 = Release|Any CPU
		{6141283D-AB6D-47FB-A0CD-6A99CB9E4F6E}.Biodeep_UNIX_x64|x64.ActiveCfg = Release|Any CPU
		{6141283D-AB6D-47FB-A0CD-6A99CB9E4F6E}.Biodeep_UNIX_x64|x64.Build.0 = Release|Any CPU
		{6141283D-AB6D-47FB-A0CD-6A99CB9E4F6E}.Biodeep_UNIX_x64|x86.ActiveCfg = Release|Any CPU
		{6141283D-AB6D-47FB-A0CD-6A99CB9E4F6E}.Biodeep_UNIX_x64|x86.Build.0 = Release|Any CPU
		{6141283D-AB6D-47FB-A0CD-6A99CB9E4F6E}.Biodeep|Any CPU.ActiveCfg = Release|Any CPU
		{6141283D-AB6D-47FB-A0CD-6A99CB9E4F6E}.Biodeep|Any CPU.Build.0 = Release|Any CPU
		{6141283D-AB6D-47FB-A0CD-6A99CB9E4F6E}.Biodeep|x64.ActiveCfg = Release|Any CPU
		{6141283D-AB6D-47FB-A0CD-6A99CB9E4F6E}.Biodeep|x64.Build.0 = Release|Any CPU
		{6141283D-AB6D-47FB-A0CD-6A99CB9E4F6E}.Biodeep|x86.ActiveCfg = Release|Any CPU
		{6141283D-AB6D-47FB-A0CD-6A99CB9E4F6E}.Biodeep|x86.Build.0 = Release|Any CPU
		{6141283D-AB6D-47FB-A0CD-6A99CB9E4F6E}.Debug|Any CPU.ActiveCfg = Debug|Any CPU
		{6141283D-AB6D-47FB-A0CD-6A99CB9E4F6E}.Debug|Any CPU.Build.0 = Debug|Any CPU
		{6141283D-AB6D-47FB-A0CD-6A99CB9E4F6E}.Debug|x64.ActiveCfg = Debug|x64
		{6141283D-AB6D-47FB-A0CD-6A99CB9E4F6E}.Debug|x64.Build.0 = Debug|x64
		{6141283D-AB6D-47FB-A0CD-6A99CB9E4F6E}.Debug|x86.ActiveCfg = Debug|Any CPU
		{6141283D-AB6D-47FB-A0CD-6A99CB9E4F6E}.Debug|x86.Build.0 = Debug|Any CPU
		{6141283D-AB6D-47FB-A0CD-6A99CB9E4F6E}.DEMO|Any CPU.ActiveCfg = Debug|Any CPU
		{6141283D-AB6D-47FB-A0CD-6A99CB9E4F6E}.DEMO|Any CPU.Build.0 = Debug|Any CPU
		{6141283D-AB6D-47FB-A0CD-6A99CB9E4F6E}.DEMO|x64.ActiveCfg = Debug|Any CPU
		{6141283D-AB6D-47FB-A0CD-6A99CB9E4F6E}.DEMO|x64.Build.0 = Debug|Any CPU
		{6141283D-AB6D-47FB-A0CD-6A99CB9E4F6E}.DEMO|x86.ActiveCfg = Debug|Any CPU
		{6141283D-AB6D-47FB-A0CD-6A99CB9E4F6E}.DEMO|x86.Build.0 = Debug|Any CPU
		{6141283D-AB6D-47FB-A0CD-6A99CB9E4F6E}.docs|Any CPU.ActiveCfg = Debug|Any CPU
		{6141283D-AB6D-47FB-A0CD-6A99CB9E4F6E}.docs|Any CPU.Build.0 = Debug|Any CPU
		{6141283D-AB6D-47FB-A0CD-6A99CB9E4F6E}.docs|x64.ActiveCfg = Debug|Any CPU
		{6141283D-AB6D-47FB-A0CD-6A99CB9E4F6E}.docs|x64.Build.0 = Debug|Any CPU
		{6141283D-AB6D-47FB-A0CD-6A99CB9E4F6E}.docs|x86.ActiveCfg = Debug|Any CPU
		{6141283D-AB6D-47FB-A0CD-6A99CB9E4F6E}.docs|x86.Build.0 = Debug|Any CPU
		{6141283D-AB6D-47FB-A0CD-6A99CB9E4F6E}.GCModeller(Release_X64)|Any CPU.ActiveCfg = Release|Any CPU
		{6141283D-AB6D-47FB-A0CD-6A99CB9E4F6E}.GCModeller(Release_X64)|Any CPU.Build.0 = Release|Any CPU
		{6141283D-AB6D-47FB-A0CD-6A99CB9E4F6E}.GCModeller(Release_X64)|x64.ActiveCfg = Release|Any CPU
		{6141283D-AB6D-47FB-A0CD-6A99CB9E4F6E}.GCModeller(Release_X64)|x64.Build.0 = Release|Any CPU
		{6141283D-AB6D-47FB-A0CD-6A99CB9E4F6E}.GCModeller(Release_X64)|x86.ActiveCfg = Release|Any CPU
		{6141283D-AB6D-47FB-A0CD-6A99CB9E4F6E}.GCModeller(Release_X64)|x86.Build.0 = Release|Any CPU
		{6141283D-AB6D-47FB-A0CD-6A99CB9E4F6E}.GCModeller(UNIX-Release_X64)|Any CPU.ActiveCfg = Release|Any CPU
		{6141283D-AB6D-47FB-A0CD-6A99CB9E4F6E}.GCModeller(UNIX-Release_X64)|Any CPU.Build.0 = Release|Any CPU
		{6141283D-AB6D-47FB-A0CD-6A99CB9E4F6E}.GCModeller(UNIX-Release_X64)|x64.ActiveCfg = Release|Any CPU
		{6141283D-AB6D-47FB-A0CD-6A99CB9E4F6E}.GCModeller(UNIX-Release_X64)|x64.Build.0 = Release|Any CPU
		{6141283D-AB6D-47FB-A0CD-6A99CB9E4F6E}.GCModeller(UNIX-Release_X64)|x86.ActiveCfg = Release|Any CPU
		{6141283D-AB6D-47FB-A0CD-6A99CB9E4F6E}.GCModeller(UNIX-Release_X64)|x86.Build.0 = Release|Any CPU
		{6141283D-AB6D-47FB-A0CD-6A99CB9E4F6E}.installer_x64|Any CPU.ActiveCfg = Release|Any CPU
		{6141283D-AB6D-47FB-A0CD-6A99CB9E4F6E}.installer_x64|Any CPU.Build.0 = Release|Any CPU
		{6141283D-AB6D-47FB-A0CD-6A99CB9E4F6E}.installer_x64|x64.ActiveCfg = Release|Any CPU
		{6141283D-AB6D-47FB-A0CD-6A99CB9E4F6E}.installer_x64|x64.Build.0 = Release|Any CPU
		{6141283D-AB6D-47FB-A0CD-6A99CB9E4F6E}.installer_x64|x86.ActiveCfg = Release|Any CPU
		{6141283D-AB6D-47FB-A0CD-6A99CB9E4F6E}.installer_x64|x86.Build.0 = Release|Any CPU
		{6141283D-AB6D-47FB-A0CD-6A99CB9E4F6E}.mysqli_X64_release|Any CPU.ActiveCfg = Release|Any CPU
		{6141283D-AB6D-47FB-A0CD-6A99CB9E4F6E}.mysqli_X64_release|Any CPU.Build.0 = Release|Any CPU
		{6141283D-AB6D-47FB-A0CD-6A99CB9E4F6E}.mysqli_X64_release|x64.ActiveCfg = Release|Any CPU
		{6141283D-AB6D-47FB-A0CD-6A99CB9E4F6E}.mysqli_X64_release|x64.Build.0 = Release|Any CPU
		{6141283D-AB6D-47FB-A0CD-6A99CB9E4F6E}.mysqli_X64_release|x86.ActiveCfg = Release|Any CPU
		{6141283D-AB6D-47FB-A0CD-6A99CB9E4F6E}.mysqli_X64_release|x86.Build.0 = Release|Any CPU
		{6141283D-AB6D-47FB-A0CD-6A99CB9E4F6E}.ProteoWizard.d|Any CPU.ActiveCfg = Release|Any CPU
		{6141283D-AB6D-47FB-A0CD-6A99CB9E4F6E}.ProteoWizard.d|Any CPU.Build.0 = Release|Any CPU
		{6141283D-AB6D-47FB-A0CD-6A99CB9E4F6E}.ProteoWizard.d|x64.ActiveCfg = Release|Any CPU
		{6141283D-AB6D-47FB-A0CD-6A99CB9E4F6E}.ProteoWizard.d|x64.Build.0 = Release|Any CPU
		{6141283D-AB6D-47FB-A0CD-6A99CB9E4F6E}.ProteoWizard.d|x86.ActiveCfg = Release|Any CPU
		{6141283D-AB6D-47FB-A0CD-6A99CB9E4F6E}.ProteoWizard.d|x86.Build.0 = Release|Any CPU
		{6141283D-AB6D-47FB-A0CD-6A99CB9E4F6E}.Publish|Any CPU.ActiveCfg = Release|Any CPU
		{6141283D-AB6D-47FB-A0CD-6A99CB9E4F6E}.Publish|Any CPU.Build.0 = Release|Any CPU
		{6141283D-AB6D-47FB-A0CD-6A99CB9E4F6E}.Publish|x64.ActiveCfg = Release|Any CPU
		{6141283D-AB6D-47FB-A0CD-6A99CB9E4F6E}.Publish|x64.Build.0 = Release|Any CPU
		{6141283D-AB6D-47FB-A0CD-6A99CB9E4F6E}.Publish|x86.ActiveCfg = Release|Any CPU
		{6141283D-AB6D-47FB-A0CD-6A99CB9E4F6E}.Publish|x86.Build.0 = Release|Any CPU
		{6141283D-AB6D-47FB-A0CD-6A99CB9E4F6E}.Release|Any CPU.ActiveCfg = Release|Any CPU
		{6141283D-AB6D-47FB-A0CD-6A99CB9E4F6E}.Release|Any CPU.Build.0 = Release|Any CPU
		{6141283D-AB6D-47FB-A0CD-6A99CB9E4F6E}.Release|x64.ActiveCfg = Release|Any CPU
		{6141283D-AB6D-47FB-A0CD-6A99CB9E4F6E}.Release|x64.Build.0 = Release|Any CPU
		{6141283D-AB6D-47FB-A0CD-6A99CB9E4F6E}.Release|x86.ActiveCfg = Release|Any CPU
		{6141283D-AB6D-47FB-A0CD-6A99CB9E4F6E}.Release|x86.Build.0 = Release|Any CPU
		{6141283D-AB6D-47FB-A0CD-6A99CB9E4F6E}.sciBASIC.NET-test-release|Any CPU.ActiveCfg = Release|Any CPU
		{6141283D-AB6D-47FB-A0CD-6A99CB9E4F6E}.sciBASIC.NET-test-release|Any CPU.Build.0 = Release|Any CPU
		{6141283D-AB6D-47FB-A0CD-6A99CB9E4F6E}.sciBASIC.NET-test-release|x64.ActiveCfg = Release|Any CPU
		{6141283D-AB6D-47FB-A0CD-6A99CB9E4F6E}.sciBASIC.NET-test-release|x64.Build.0 = Release|Any CPU
		{6141283D-AB6D-47FB-A0CD-6A99CB9E4F6E}.sciBASIC.NET-test-release|x86.ActiveCfg = Release|Any CPU
		{6141283D-AB6D-47FB-A0CD-6A99CB9E4F6E}.sciBASIC.NET-test-release|x86.Build.0 = Release|Any CPU
		{6141283D-AB6D-47FB-A0CD-6A99CB9E4F6E}.Surveillance-of-infectious-diseases|Any CPU.ActiveCfg = Release|Any CPU
		{6141283D-AB6D-47FB-A0CD-6A99CB9E4F6E}.Surveillance-of-infectious-diseases|Any CPU.Build.0 = Release|Any CPU
		{6141283D-AB6D-47FB-A0CD-6A99CB9E4F6E}.Surveillance-of-infectious-diseases|x64.ActiveCfg = Release|Any CPU
		{6141283D-AB6D-47FB-A0CD-6A99CB9E4F6E}.Surveillance-of-infectious-diseases|x64.Build.0 = Release|Any CPU
		{6141283D-AB6D-47FB-A0CD-6A99CB9E4F6E}.Surveillance-of-infectious-diseases|x86.ActiveCfg = Release|Any CPU
		{6141283D-AB6D-47FB-A0CD-6A99CB9E4F6E}.Surveillance-of-infectious-diseases|x86.Build.0 = Release|Any CPU
		{6141283D-AB6D-47FB-A0CD-6A99CB9E4F6E}.Yilia-Release_x64|Any CPU.ActiveCfg = Release|Any CPU
		{6141283D-AB6D-47FB-A0CD-6A99CB9E4F6E}.Yilia-Release_x64|Any CPU.Build.0 = Release|Any CPU
		{6141283D-AB6D-47FB-A0CD-6A99CB9E4F6E}.Yilia-Release_x64|x64.ActiveCfg = Release|Any CPU
		{6141283D-AB6D-47FB-A0CD-6A99CB9E4F6E}.Yilia-Release_x64|x64.Build.0 = Release|Any CPU
		{6141283D-AB6D-47FB-A0CD-6A99CB9E4F6E}.Yilia-Release_x64|x86.ActiveCfg = Release|Any CPU
		{6141283D-AB6D-47FB-A0CD-6A99CB9E4F6E}.Yilia-Release_x64|x86.Build.0 = Release|Any CPU
		{7283C179-F852-4EAD-8D8F-B82EF2CBD7DB}.Biodeep_UNIX_x64|Any CPU.ActiveCfg = Biodeep_UNIX_x64|Any CPU
		{7283C179-F852-4EAD-8D8F-B82EF2CBD7DB}.Biodeep_UNIX_x64|Any CPU.Build.0 = Biodeep_UNIX_x64|Any CPU
		{7283C179-F852-4EAD-8D8F-B82EF2CBD7DB}.Biodeep_UNIX_x64|x64.ActiveCfg = Biodeep_UNIX_x64|x64
		{7283C179-F852-4EAD-8D8F-B82EF2CBD7DB}.Biodeep_UNIX_x64|x64.Build.0 = Biodeep_UNIX_x64|x64
		{7283C179-F852-4EAD-8D8F-B82EF2CBD7DB}.Biodeep_UNIX_x64|x86.ActiveCfg = Biodeep_UNIX_x64|x86
		{7283C179-F852-4EAD-8D8F-B82EF2CBD7DB}.Biodeep_UNIX_x64|x86.Build.0 = Biodeep_UNIX_x64|x86
		{7283C179-F852-4EAD-8D8F-B82EF2CBD7DB}.Biodeep|Any CPU.ActiveCfg = Biodeep|Any CPU
		{7283C179-F852-4EAD-8D8F-B82EF2CBD7DB}.Biodeep|Any CPU.Build.0 = Biodeep|Any CPU
		{7283C179-F852-4EAD-8D8F-B82EF2CBD7DB}.Biodeep|x64.ActiveCfg = Biodeep|x64
		{7283C179-F852-4EAD-8D8F-B82EF2CBD7DB}.Biodeep|x64.Build.0 = Biodeep|x64
		{7283C179-F852-4EAD-8D8F-B82EF2CBD7DB}.Biodeep|x86.ActiveCfg = Biodeep|x86
		{7283C179-F852-4EAD-8D8F-B82EF2CBD7DB}.Biodeep|x86.Build.0 = Biodeep|x86
		{7283C179-F852-4EAD-8D8F-B82EF2CBD7DB}.Debug|Any CPU.ActiveCfg = Debug|Any CPU
		{7283C179-F852-4EAD-8D8F-B82EF2CBD7DB}.Debug|Any CPU.Build.0 = Debug|Any CPU
		{7283C179-F852-4EAD-8D8F-B82EF2CBD7DB}.Debug|x64.ActiveCfg = Debug|x64
		{7283C179-F852-4EAD-8D8F-B82EF2CBD7DB}.Debug|x64.Build.0 = Debug|x64
		{7283C179-F852-4EAD-8D8F-B82EF2CBD7DB}.Debug|x86.ActiveCfg = Debug|x86
		{7283C179-F852-4EAD-8D8F-B82EF2CBD7DB}.Debug|x86.Build.0 = Debug|x86
		{7283C179-F852-4EAD-8D8F-B82EF2CBD7DB}.DEMO|Any CPU.ActiveCfg = Debug|Any CPU
		{7283C179-F852-4EAD-8D8F-B82EF2CBD7DB}.DEMO|Any CPU.Build.0 = Debug|Any CPU
		{7283C179-F852-4EAD-8D8F-B82EF2CBD7DB}.DEMO|x64.ActiveCfg = Debug|x64
		{7283C179-F852-4EAD-8D8F-B82EF2CBD7DB}.DEMO|x64.Build.0 = Debug|x64
		{7283C179-F852-4EAD-8D8F-B82EF2CBD7DB}.DEMO|x86.ActiveCfg = Debug|x86
		{7283C179-F852-4EAD-8D8F-B82EF2CBD7DB}.DEMO|x86.Build.0 = Debug|x86
		{7283C179-F852-4EAD-8D8F-B82EF2CBD7DB}.docs|Any CPU.ActiveCfg = docs|Any CPU
		{7283C179-F852-4EAD-8D8F-B82EF2CBD7DB}.docs|Any CPU.Build.0 = docs|Any CPU
		{7283C179-F852-4EAD-8D8F-B82EF2CBD7DB}.docs|x64.ActiveCfg = docs|x64
		{7283C179-F852-4EAD-8D8F-B82EF2CBD7DB}.docs|x64.Build.0 = docs|x64
		{7283C179-F852-4EAD-8D8F-B82EF2CBD7DB}.docs|x86.ActiveCfg = docs|x86
		{7283C179-F852-4EAD-8D8F-B82EF2CBD7DB}.docs|x86.Build.0 = docs|x86
		{7283C179-F852-4EAD-8D8F-B82EF2CBD7DB}.GCModeller(Release_X64)|Any CPU.ActiveCfg = GCModeller(Release_X64)|Any CPU
		{7283C179-F852-4EAD-8D8F-B82EF2CBD7DB}.GCModeller(Release_X64)|Any CPU.Build.0 = GCModeller(Release_X64)|Any CPU
		{7283C179-F852-4EAD-8D8F-B82EF2CBD7DB}.GCModeller(Release_X64)|x64.ActiveCfg = GCModeller(Release_X64)|x64
		{7283C179-F852-4EAD-8D8F-B82EF2CBD7DB}.GCModeller(Release_X64)|x64.Build.0 = GCModeller(Release_X64)|x64
		{7283C179-F852-4EAD-8D8F-B82EF2CBD7DB}.GCModeller(Release_X64)|x86.ActiveCfg = GCModeller(Release_X64)|x86
		{7283C179-F852-4EAD-8D8F-B82EF2CBD7DB}.GCModeller(Release_X64)|x86.Build.0 = GCModeller(Release_X64)|x86
		{7283C179-F852-4EAD-8D8F-B82EF2CBD7DB}.GCModeller(UNIX-Release_X64)|Any CPU.ActiveCfg = GCModeller(UNIX-Release_X64)|Any CPU
		{7283C179-F852-4EAD-8D8F-B82EF2CBD7DB}.GCModeller(UNIX-Release_X64)|Any CPU.Build.0 = GCModeller(UNIX-Release_X64)|Any CPU
		{7283C179-F852-4EAD-8D8F-B82EF2CBD7DB}.GCModeller(UNIX-Release_X64)|x64.ActiveCfg = GCModeller(UNIX-Release_X64)|x64
		{7283C179-F852-4EAD-8D8F-B82EF2CBD7DB}.GCModeller(UNIX-Release_X64)|x64.Build.0 = GCModeller(UNIX-Release_X64)|x64
		{7283C179-F852-4EAD-8D8F-B82EF2CBD7DB}.GCModeller(UNIX-Release_X64)|x86.ActiveCfg = GCModeller(UNIX-Release_X64)|x86
		{7283C179-F852-4EAD-8D8F-B82EF2CBD7DB}.GCModeller(UNIX-Release_X64)|x86.Build.0 = GCModeller(UNIX-Release_X64)|x86
		{7283C179-F852-4EAD-8D8F-B82EF2CBD7DB}.installer_x64|Any CPU.ActiveCfg = installer_x64|Any CPU
		{7283C179-F852-4EAD-8D8F-B82EF2CBD7DB}.installer_x64|Any CPU.Build.0 = installer_x64|Any CPU
		{7283C179-F852-4EAD-8D8F-B82EF2CBD7DB}.installer_x64|x64.ActiveCfg = installer_x64|x64
		{7283C179-F852-4EAD-8D8F-B82EF2CBD7DB}.installer_x64|x64.Build.0 = installer_x64|x64
		{7283C179-F852-4EAD-8D8F-B82EF2CBD7DB}.installer_x64|x86.ActiveCfg = installer_x64|x86
		{7283C179-F852-4EAD-8D8F-B82EF2CBD7DB}.installer_x64|x86.Build.0 = installer_x64|x86
		{7283C179-F852-4EAD-8D8F-B82EF2CBD7DB}.mysqli_X64_release|Any CPU.ActiveCfg = Biodeep_UNIX_x64|Any CPU
		{7283C179-F852-4EAD-8D8F-B82EF2CBD7DB}.mysqli_X64_release|Any CPU.Build.0 = Biodeep_UNIX_x64|Any CPU
		{7283C179-F852-4EAD-8D8F-B82EF2CBD7DB}.mysqli_X64_release|x64.ActiveCfg = Biodeep_UNIX_x64|x64
		{7283C179-F852-4EAD-8D8F-B82EF2CBD7DB}.mysqli_X64_release|x64.Build.0 = Biodeep_UNIX_x64|x64
		{7283C179-F852-4EAD-8D8F-B82EF2CBD7DB}.mysqli_X64_release|x86.ActiveCfg = Biodeep_UNIX_x64|x86
		{7283C179-F852-4EAD-8D8F-B82EF2CBD7DB}.mysqli_X64_release|x86.Build.0 = Biodeep_UNIX_x64|x86
		{7283C179-F852-4EAD-8D8F-B82EF2CBD7DB}.ProteoWizard.d|Any CPU.ActiveCfg = Publish|Any CPU
		{7283C179-F852-4EAD-8D8F-B82EF2CBD7DB}.ProteoWizard.d|Any CPU.Build.0 = Publish|Any CPU
		{7283C179-F852-4EAD-8D8F-B82EF2CBD7DB}.ProteoWizard.d|x64.ActiveCfg = Publish|x64
		{7283C179-F852-4EAD-8D8F-B82EF2CBD7DB}.ProteoWizard.d|x64.Build.0 = Publish|x64
		{7283C179-F852-4EAD-8D8F-B82EF2CBD7DB}.ProteoWizard.d|x86.ActiveCfg = Publish|x86
		{7283C179-F852-4EAD-8D8F-B82EF2CBD7DB}.ProteoWizard.d|x86.Build.0 = Publish|x86
		{7283C179-F852-4EAD-8D8F-B82EF2CBD7DB}.Publish|Any CPU.ActiveCfg = Publish|Any CPU
		{7283C179-F852-4EAD-8D8F-B82EF2CBD7DB}.Publish|Any CPU.Build.0 = Publish|Any CPU
		{7283C179-F852-4EAD-8D8F-B82EF2CBD7DB}.Publish|x64.ActiveCfg = Publish|x64
		{7283C179-F852-4EAD-8D8F-B82EF2CBD7DB}.Publish|x64.Build.0 = Publish|x64
		{7283C179-F852-4EAD-8D8F-B82EF2CBD7DB}.Publish|x86.ActiveCfg = Publish|x86
		{7283C179-F852-4EAD-8D8F-B82EF2CBD7DB}.Publish|x86.Build.0 = Publish|x86
		{7283C179-F852-4EAD-8D8F-B82EF2CBD7DB}.Release|Any CPU.ActiveCfg = Release|Any CPU
		{7283C179-F852-4EAD-8D8F-B82EF2CBD7DB}.Release|Any CPU.Build.0 = Release|Any CPU
		{7283C179-F852-4EAD-8D8F-B82EF2CBD7DB}.Release|x64.ActiveCfg = Release|x64
		{7283C179-F852-4EAD-8D8F-B82EF2CBD7DB}.Release|x64.Build.0 = Release|x64
		{7283C179-F852-4EAD-8D8F-B82EF2CBD7DB}.Release|x86.ActiveCfg = Release|x86
		{7283C179-F852-4EAD-8D8F-B82EF2CBD7DB}.Release|x86.Build.0 = Release|x86
		{7283C179-F852-4EAD-8D8F-B82EF2CBD7DB}.sciBASIC.NET-test-release|Any CPU.ActiveCfg = Surveillance-of-infectious-diseases|Any CPU
		{7283C179-F852-4EAD-8D8F-B82EF2CBD7DB}.sciBASIC.NET-test-release|Any CPU.Build.0 = Surveillance-of-infectious-diseases|Any CPU
		{7283C179-F852-4EAD-8D8F-B82EF2CBD7DB}.sciBASIC.NET-test-release|x64.ActiveCfg = Surveillance-of-infectious-diseases|x64
		{7283C179-F852-4EAD-8D8F-B82EF2CBD7DB}.sciBASIC.NET-test-release|x64.Build.0 = Surveillance-of-infectious-diseases|x64
		{7283C179-F852-4EAD-8D8F-B82EF2CBD7DB}.sciBASIC.NET-test-release|x86.ActiveCfg = Surveillance-of-infectious-diseases|x86
		{7283C179-F852-4EAD-8D8F-B82EF2CBD7DB}.sciBASIC.NET-test-release|x86.Build.0 = Surveillance-of-infectious-diseases|x86
		{7283C179-F852-4EAD-8D8F-B82EF2CBD7DB}.Surveillance-of-infectious-diseases|Any CPU.ActiveCfg = Surveillance-of-infectious-diseases|Any CPU
		{7283C179-F852-4EAD-8D8F-B82EF2CBD7DB}.Surveillance-of-infectious-diseases|Any CPU.Build.0 = Surveillance-of-infectious-diseases|Any CPU
		{7283C179-F852-4EAD-8D8F-B82EF2CBD7DB}.Surveillance-of-infectious-diseases|x64.ActiveCfg = Surveillance-of-infectious-diseases|x64
		{7283C179-F852-4EAD-8D8F-B82EF2CBD7DB}.Surveillance-of-infectious-diseases|x64.Build.0 = Surveillance-of-infectious-diseases|x64
		{7283C179-F852-4EAD-8D8F-B82EF2CBD7DB}.Surveillance-of-infectious-diseases|x86.ActiveCfg = Surveillance-of-infectious-diseases|x86
		{7283C179-F852-4EAD-8D8F-B82EF2CBD7DB}.Surveillance-of-infectious-diseases|x86.Build.0 = Surveillance-of-infectious-diseases|x86
		{7283C179-F852-4EAD-8D8F-B82EF2CBD7DB}.Yilia-Release_x64|Any CPU.ActiveCfg = Release|Any CPU
		{7283C179-F852-4EAD-8D8F-B82EF2CBD7DB}.Yilia-Release_x64|Any CPU.Build.0 = Release|Any CPU
		{7283C179-F852-4EAD-8D8F-B82EF2CBD7DB}.Yilia-Release_x64|x64.ActiveCfg = Release|x64
		{7283C179-F852-4EAD-8D8F-B82EF2CBD7DB}.Yilia-Release_x64|x64.Build.0 = Release|x64
		{7283C179-F852-4EAD-8D8F-B82EF2CBD7DB}.Yilia-Release_x64|x86.ActiveCfg = Release|x86
		{7283C179-F852-4EAD-8D8F-B82EF2CBD7DB}.Yilia-Release_x64|x86.Build.0 = Release|x86
	EndGlobalSection
	GlobalSection(SolutionProperties) = preSolution
		HideSolutionNode = FALSE
	EndGlobalSection
	GlobalSection(NestedProjects) = preSolution
		{FECCE1FD-E1D4-49E3-A668-60BB5E7AED99} = {588CA3E9-26C2-4B0E-81BC-8B8F990FEEB9}
		{C699D311-9923-4C19-BF70-5048D0E2CF5D} = {588CA3E9-26C2-4B0E-81BC-8B8F990FEEB9}
		{7283C179-F852-4EAD-8D8F-B82EF2CBD7DB} = {588CA3E9-26C2-4B0E-81BC-8B8F990FEEB9}
	EndGlobalSection
	GlobalSection(ExtensibilityGlobals) = postSolution
		SolutionGuid = {FE127A3E-4F25-4C8A-AC69-1095D5D80CCF}
	EndGlobalSection
EndGlobal
