
Microsoft Visual Studio Solution File, Format Version 12.00
# Visual Studio Version 17
VisualStudioVersion = 17.9.34714.143
MinimumVisualStudioVersion = 10.0.40219.1
Project("{778DAE3C-4631-46EA-AA77-85C1314464D9}") = "Flute.NET5", "Flute\Flute.NET5.vbproj", "{D88342AC-F7ED-4D29-AE08-7A3980471595}"
EndProject
Project("{778DAE3C-4631-46EA-AA77-85C1314464D9}") = "Core", "..\..\sciBASIC#\Microsoft.VisualBasic.Core\src\Core.vbproj", "{15D25AED-184D-4DE5-9BF5-CEE122035575}"
EndProject
Project("{2150E333-8FDC-42A3-9474-1A3956D46DE8}") = "framework", "framework", "{B643252A-ED9B-4E6A-B269-A26A77E4D1CB}"
EndProject
Project("{778DAE3C-4631-46EA-AA77-85C1314464D9}") = "SMRUCC.WebCloud.VBScript", "WebCloud\SMRUCC.WebCloud.VBScript\SMRUCC.WebCloud.VBScript.vbproj", "{E3AADF90-948C-4CB9-AE1D-992FECF4F1FE}"
EndProject
Project("{778DAE3C-4631-46EA-AA77-85C1314464D9}") = "html_netcore5", "..\..\sciBASIC#\mime\text%html\html_netcore5.vbproj", "{D1E0F82C-1C31-46D4-B717-56640D6B2797}"
EndProject
Global
	GlobalSection(SolutionConfigurationPlatforms) = preSolution
		CFD_win32|Any CPU = CFD_win32|Any CPU
		CFD_win32|x64 = CFD_win32|x64
		CFD_win32|x86 = CFD_win32|x86
		Debug|Any CPU = Debug|Any CPU
		Debug|x64 = Debug|x64
		Debug|x86 = Debug|x86
		Docker|Any CPU = Docker|Any CPU
		Docker|x64 = Docker|x64
		Docker|x86 = Docker|x86
		gcmodeller_desktop|Any CPU = gcmodeller_desktop|Any CPU
		gcmodeller_desktop|x64 = gcmodeller_desktop|x64
		gcmodeller_desktop|x86 = gcmodeller_desktop|x86
		LipidSearch|Any CPU = LipidSearch|Any CPU
		LipidSearch|x64 = LipidSearch|x64
		LipidSearch|x86 = LipidSearch|x86
		mzkit_win32|Any CPU = mzkit_win32|Any CPU
		mzkit_win32|x64 = mzkit_win32|x64
		mzkit_win32|x86 = mzkit_win32|x86
		mzkit|Any CPU = mzkit|Any CPU
		mzkit|x64 = mzkit|x64
		mzkit|x86 = mzkit|x86
		NPSearch|Any CPU = NPSearch|Any CPU
		NPSearch|x64 = NPSearch|x64
		NPSearch|x86 = NPSearch|x86
		nuget_release|Any CPU = nuget_release|Any CPU
		nuget_release|x64 = nuget_release|x64
		nuget_release|x86 = nuget_release|x86
		PlantMAT|Any CPU = PlantMAT|Any CPU
		PlantMAT|x64 = PlantMAT|x64
		PlantMAT|x86 = PlantMAT|x86
		Release|Any CPU = Release|Any CPU
		Release|x64 = Release|x64
		Release|x86 = Release|x86
		Rsharp_app_release|Any CPU = Rsharp_app_release|Any CPU
		Rsharp_app_release|x64 = Rsharp_app_release|x64
		Rsharp_app_release|x86 = Rsharp_app_release|x86
	EndGlobalSection
	GlobalSection(ProjectConfigurationPlatforms) = postSolution
		{D88342AC-F7ED-4D29-AE08-7A3980471595}.CFD_win32|Any CPU.ActiveCfg = Rsharp_app_release|Any CPU
		{D88342AC-F7ED-4D29-AE08-7A3980471595}.CFD_win32|Any CPU.Build.0 = Rsharp_app_release|Any CPU
		{D88342AC-F7ED-4D29-AE08-7A3980471595}.CFD_win32|x64.ActiveCfg = Debug|x64
		{D88342AC-F7ED-4D29-AE08-7A3980471595}.CFD_win32|x64.Build.0 = Debug|x64
		{D88342AC-F7ED-4D29-AE08-7A3980471595}.CFD_win32|x86.ActiveCfg = Rsharp_app_release|Any CPU
		{D88342AC-F7ED-4D29-AE08-7A3980471595}.CFD_win32|x86.Build.0 = Rsharp_app_release|Any CPU
		{D88342AC-F7ED-4D29-AE08-7A3980471595}.Debug|Any CPU.ActiveCfg = Debug|Any CPU
		{D88342AC-F7ED-4D29-AE08-7A3980471595}.Debug|Any CPU.Build.0 = Debug|Any CPU
		{D88342AC-F7ED-4D29-AE08-7A3980471595}.Debug|x64.ActiveCfg = Debug|x64
		{D88342AC-F7ED-4D29-AE08-7A3980471595}.Debug|x64.Build.0 = Debug|x64
		{D88342AC-F7ED-4D29-AE08-7A3980471595}.Debug|x86.ActiveCfg = Debug|Any CPU
		{D88342AC-F7ED-4D29-AE08-7A3980471595}.Debug|x86.Build.0 = Debug|Any CPU
		{D88342AC-F7ED-4D29-AE08-7A3980471595}.Docker|Any CPU.ActiveCfg = Debug|Any CPU
		{D88342AC-F7ED-4D29-AE08-7A3980471595}.Docker|Any CPU.Build.0 = Debug|Any CPU
		{D88342AC-F7ED-4D29-AE08-7A3980471595}.Docker|x64.ActiveCfg = Debug|x64
		{D88342AC-F7ED-4D29-AE08-7A3980471595}.Docker|x64.Build.0 = Debug|x64
		{D88342AC-F7ED-4D29-AE08-7A3980471595}.Docker|x86.ActiveCfg = Debug|Any CPU
		{D88342AC-F7ED-4D29-AE08-7A3980471595}.Docker|x86.Build.0 = Debug|Any CPU
		{D88342AC-F7ED-4D29-AE08-7A3980471595}.gcmodeller_desktop|Any CPU.ActiveCfg = gcmodeller_desktop|Any CPU
		{D88342AC-F7ED-4D29-AE08-7A3980471595}.gcmodeller_desktop|Any CPU.Build.0 = gcmodeller_desktop|Any CPU
		{D88342AC-F7ED-4D29-AE08-7A3980471595}.gcmodeller_desktop|x64.ActiveCfg = gcmodeller_desktop|x64
		{D88342AC-F7ED-4D29-AE08-7A3980471595}.gcmodeller_desktop|x64.Build.0 = gcmodeller_desktop|x64
		{D88342AC-F7ED-4D29-AE08-7A3980471595}.gcmodeller_desktop|x86.ActiveCfg = gcmodeller_desktop|Any CPU
		{D88342AC-F7ED-4D29-AE08-7A3980471595}.gcmodeller_desktop|x86.Build.0 = gcmodeller_desktop|Any CPU
		{D88342AC-F7ED-4D29-AE08-7A3980471595}.LipidSearch|Any CPU.ActiveCfg = Debug|Any CPU
		{D88342AC-F7ED-4D29-AE08-7A3980471595}.LipidSearch|Any CPU.Build.0 = Debug|Any CPU
		{D88342AC-F7ED-4D29-AE08-7A3980471595}.LipidSearch|x64.ActiveCfg = Debug|Any CPU
		{D88342AC-F7ED-4D29-AE08-7A3980471595}.LipidSearch|x64.Build.0 = Debug|Any CPU
		{D88342AC-F7ED-4D29-AE08-7A3980471595}.LipidSearch|x86.ActiveCfg = LipidSearch|Any CPU
		{D88342AC-F7ED-4D29-AE08-7A3980471595}.LipidSearch|x86.Build.0 = LipidSearch|Any CPU
		{D88342AC-F7ED-4D29-AE08-7A3980471595}.mzkit_win32|Any CPU.ActiveCfg = mzkit_win32|Any CPU
		{D88342AC-F7ED-4D29-AE08-7A3980471595}.mzkit_win32|Any CPU.Build.0 = mzkit_win32|Any CPU
		{D88342AC-F7ED-4D29-AE08-7A3980471595}.mzkit_win32|x64.ActiveCfg = mzkit_win32|x64
		{D88342AC-F7ED-4D29-AE08-7A3980471595}.mzkit_win32|x64.Build.0 = mzkit_win32|x64
		{D88342AC-F7ED-4D29-AE08-7A3980471595}.mzkit_win32|x86.ActiveCfg = mzkit_win32|Any CPU
		{D88342AC-F7ED-4D29-AE08-7A3980471595}.mzkit_win32|x86.Build.0 = mzkit_win32|Any CPU
		{D88342AC-F7ED-4D29-AE08-7A3980471595}.mzkit|Any CPU.ActiveCfg = Debug|Any CPU
		{D88342AC-F7ED-4D29-AE08-7A3980471595}.mzkit|Any CPU.Build.0 = Debug|Any CPU
		{D88342AC-F7ED-4D29-AE08-7A3980471595}.mzkit|x64.ActiveCfg = Debug|Any CPU
		{D88342AC-F7ED-4D29-AE08-7A3980471595}.mzkit|x64.Build.0 = Debug|Any CPU
		{D88342AC-F7ED-4D29-AE08-7A3980471595}.mzkit|x86.ActiveCfg = mzkit_win32|Any CPU
		{D88342AC-F7ED-4D29-AE08-7A3980471595}.mzkit|x86.Build.0 = mzkit_win32|Any CPU
		{D88342AC-F7ED-4D29-AE08-7A3980471595}.NPSearch|Any CPU.ActiveCfg = Debug|Any CPU
		{D88342AC-F7ED-4D29-AE08-7A3980471595}.NPSearch|Any CPU.Build.0 = Debug|Any CPU
		{D88342AC-F7ED-4D29-AE08-7A3980471595}.NPSearch|x64.ActiveCfg = Debug|Any CPU
		{D88342AC-F7ED-4D29-AE08-7A3980471595}.NPSearch|x64.Build.0 = Debug|Any CPU
		{D88342AC-F7ED-4D29-AE08-7A3980471595}.NPSearch|x86.ActiveCfg = Rsharp_app_release|Any CPU
		{D88342AC-F7ED-4D29-AE08-7A3980471595}.NPSearch|x86.Build.0 = Rsharp_app_release|Any CPU
		{D88342AC-F7ED-4D29-AE08-7A3980471595}.nuget_release|Any CPU.ActiveCfg = Rsharp_app_release|Any CPU
		{D88342AC-F7ED-4D29-AE08-7A3980471595}.nuget_release|Any CPU.Build.0 = Rsharp_app_release|Any CPU
		{D88342AC-F7ED-4D29-AE08-7A3980471595}.nuget_release|x64.ActiveCfg = Debug|x64
		{D88342AC-F7ED-4D29-AE08-7A3980471595}.nuget_release|x64.Build.0 = Debug|x64
		{D88342AC-F7ED-4D29-AE08-7A3980471595}.nuget_release|x86.ActiveCfg = Rsharp_app_release|Any CPU
		{D88342AC-F7ED-4D29-AE08-7A3980471595}.nuget_release|x86.Build.0 = Rsharp_app_release|Any CPU
		{D88342AC-F7ED-4D29-AE08-7A3980471595}.PlantMAT|Any CPU.ActiveCfg = Debug|Any CPU
		{D88342AC-F7ED-4D29-AE08-7A3980471595}.PlantMAT|Any CPU.Build.0 = Debug|Any CPU
		{D88342AC-F7ED-4D29-AE08-7A3980471595}.PlantMAT|x64.ActiveCfg = Debug|Any CPU
		{D88342AC-F7ED-4D29-AE08-7A3980471595}.PlantMAT|x64.Build.0 = Debug|Any CPU
		{D88342AC-F7ED-4D29-AE08-7A3980471595}.PlantMAT|x86.ActiveCfg = PlantMAT|Any CPU
		{D88342AC-F7ED-4D29-AE08-7A3980471595}.PlantMAT|x86.Build.0 = PlantMAT|Any CPU
		{D88342AC-F7ED-4D29-AE08-7A3980471595}.Release|Any CPU.ActiveCfg = Release|Any CPU
		{D88342AC-F7ED-4D29-AE08-7A3980471595}.Release|Any CPU.Build.0 = Release|Any CPU
		{D88342AC-F7ED-4D29-AE08-7A3980471595}.Release|x64.ActiveCfg = Release|Any CPU
		{D88342AC-F7ED-4D29-AE08-7A3980471595}.Release|x64.Build.0 = Release|Any CPU
		{D88342AC-F7ED-4D29-AE08-7A3980471595}.Release|x86.ActiveCfg = Release|Any CPU
		{D88342AC-F7ED-4D29-AE08-7A3980471595}.Release|x86.Build.0 = Release|Any CPU
		{D88342AC-F7ED-4D29-AE08-7A3980471595}.Rsharp_app_release|Any CPU.ActiveCfg = Release|Any CPU
		{D88342AC-F7ED-4D29-AE08-7A3980471595}.Rsharp_app_release|Any CPU.Build.0 = Release|Any CPU
		{D88342AC-F7ED-4D29-AE08-7A3980471595}.Rsharp_app_release|x64.ActiveCfg = Release|Any CPU
		{D88342AC-F7ED-4D29-AE08-7A3980471595}.Rsharp_app_release|x64.Build.0 = Release|Any CPU
		{D88342AC-F7ED-4D29-AE08-7A3980471595}.Rsharp_app_release|x86.ActiveCfg = Rsharp_app_release|Any CPU
		{D88342AC-F7ED-4D29-AE08-7A3980471595}.Rsharp_app_release|x86.Build.0 = Rsharp_app_release|Any CPU
		{15D25AED-184D-4DE5-9BF5-CEE122035575}.CFD_win32|Any CPU.ActiveCfg = CFD_win32|Any CPU
		{15D25AED-184D-4DE5-9BF5-CEE122035575}.CFD_win32|Any CPU.Build.0 = CFD_win32|Any CPU
		{15D25AED-184D-4DE5-9BF5-CEE122035575}.CFD_win32|x64.ActiveCfg = CFD_win32|x64
		{15D25AED-184D-4DE5-9BF5-CEE122035575}.CFD_win32|x64.Build.0 = CFD_win32|x64
		{15D25AED-184D-4DE5-9BF5-CEE122035575}.CFD_win32|x86.ActiveCfg = CFD_win32|x86
		{15D25AED-184D-4DE5-9BF5-CEE122035575}.CFD_win32|x86.Build.0 = CFD_win32|x86
		{15D25AED-184D-4DE5-9BF5-CEE122035575}.Debug|Any CPU.ActiveCfg = Debug|Any CPU
		{15D25AED-184D-4DE5-9BF5-CEE122035575}.Debug|Any CPU.Build.0 = Debug|Any CPU
		{15D25AED-184D-4DE5-9BF5-CEE122035575}.Debug|x64.ActiveCfg = Debug|x64
		{15D25AED-184D-4DE5-9BF5-CEE122035575}.Debug|x64.Build.0 = Debug|x64
		{15D25AED-184D-4DE5-9BF5-CEE122035575}.Debug|x86.ActiveCfg = Debug|x86
		{15D25AED-184D-4DE5-9BF5-CEE122035575}.Debug|x86.Build.0 = Debug|x86
		{15D25AED-184D-4DE5-9BF5-CEE122035575}.Docker|Any CPU.ActiveCfg = Docker|Any CPU
		{15D25AED-184D-4DE5-9BF5-CEE122035575}.Docker|Any CPU.Build.0 = Docker|Any CPU
		{15D25AED-184D-4DE5-9BF5-CEE122035575}.Docker|x64.ActiveCfg = Docker|x64
		{15D25AED-184D-4DE5-9BF5-CEE122035575}.Docker|x64.Build.0 = Docker|x64
		{15D25AED-184D-4DE5-9BF5-CEE122035575}.Docker|x86.ActiveCfg = Docker|x86
		{15D25AED-184D-4DE5-9BF5-CEE122035575}.Docker|x86.Build.0 = Docker|x86
		{15D25AED-184D-4DE5-9BF5-CEE122035575}.gcmodeller_desktop|Any CPU.ActiveCfg = gcmodeller_desktop|Any CPU
		{15D25AED-184D-4DE5-9BF5-CEE122035575}.gcmodeller_desktop|Any CPU.Build.0 = gcmodeller_desktop|Any CPU
		{15D25AED-184D-4DE5-9BF5-CEE122035575}.gcmodeller_desktop|x64.ActiveCfg = gcmodeller_desktop|x64
		{15D25AED-184D-4DE5-9BF5-CEE122035575}.gcmodeller_desktop|x64.Build.0 = gcmodeller_desktop|x64
		{15D25AED-184D-4DE5-9BF5-CEE122035575}.gcmodeller_desktop|x86.ActiveCfg = gcmodeller_desktop|x86
		{15D25AED-184D-4DE5-9BF5-CEE122035575}.gcmodeller_desktop|x86.Build.0 = gcmodeller_desktop|x86
		{15D25AED-184D-4DE5-9BF5-CEE122035575}.LipidSearch|Any CPU.ActiveCfg = LipidSearch|Any CPU
		{15D25AED-184D-4DE5-9BF5-CEE122035575}.LipidSearch|Any CPU.Build.0 = LipidSearch|Any CPU
		{15D25AED-184D-4DE5-9BF5-CEE122035575}.LipidSearch|x64.ActiveCfg = LipidSearch|x64
		{15D25AED-184D-4DE5-9BF5-CEE122035575}.LipidSearch|x64.Build.0 = LipidSearch|x64
		{15D25AED-184D-4DE5-9BF5-CEE122035575}.LipidSearch|x86.ActiveCfg = LipidSearch|x86
		{15D25AED-184D-4DE5-9BF5-CEE122035575}.LipidSearch|x86.Build.0 = LipidSearch|x86
		{15D25AED-184D-4DE5-9BF5-CEE122035575}.mzkit_win32|Any CPU.ActiveCfg = mzkit_win32|Any CPU
		{15D25AED-184D-4DE5-9BF5-CEE122035575}.mzkit_win32|Any CPU.Build.0 = mzkit_win32|Any CPU
		{15D25AED-184D-4DE5-9BF5-CEE122035575}.mzkit_win32|x64.ActiveCfg = mzkit_win32|x64
		{15D25AED-184D-4DE5-9BF5-CEE122035575}.mzkit_win32|x64.Build.0 = mzkit_win32|x64
		{15D25AED-184D-4DE5-9BF5-CEE122035575}.mzkit_win32|x86.ActiveCfg = mzkit_win32|x86
		{15D25AED-184D-4DE5-9BF5-CEE122035575}.mzkit_win32|x86.Build.0 = mzkit_win32|x86
		{15D25AED-184D-4DE5-9BF5-CEE122035575}.mzkit|Any CPU.ActiveCfg = mzkit|Any CPU
		{15D25AED-184D-4DE5-9BF5-CEE122035575}.mzkit|Any CPU.Build.0 = mzkit|Any CPU
		{15D25AED-184D-4DE5-9BF5-CEE122035575}.mzkit|x64.ActiveCfg = mzkit|x64
		{15D25AED-184D-4DE5-9BF5-CEE122035575}.mzkit|x64.Build.0 = mzkit|x64
		{15D25AED-184D-4DE5-9BF5-CEE122035575}.mzkit|x86.ActiveCfg = mzkit|x86
		{15D25AED-184D-4DE5-9BF5-CEE122035575}.mzkit|x86.Build.0 = mzkit|x86
		{15D25AED-184D-4DE5-9BF5-CEE122035575}.NPSearch|Any CPU.ActiveCfg = NPSearch|Any CPU
		{15D25AED-184D-4DE5-9BF5-CEE122035575}.NPSearch|Any CPU.Build.0 = NPSearch|Any CPU
		{15D25AED-184D-4DE5-9BF5-CEE122035575}.NPSearch|x64.ActiveCfg = NPSearch|x64
		{15D25AED-184D-4DE5-9BF5-CEE122035575}.NPSearch|x64.Build.0 = NPSearch|x64
		{15D25AED-184D-4DE5-9BF5-CEE122035575}.NPSearch|x86.ActiveCfg = NPSearch|x86
		{15D25AED-184D-4DE5-9BF5-CEE122035575}.NPSearch|x86.Build.0 = NPSearch|x86
		{15D25AED-184D-4DE5-9BF5-CEE122035575}.nuget_release|Any CPU.ActiveCfg = nuget_release|Any CPU
		{15D25AED-184D-4DE5-9BF5-CEE122035575}.nuget_release|Any CPU.Build.0 = nuget_release|Any CPU
		{15D25AED-184D-4DE5-9BF5-CEE122035575}.nuget_release|x64.ActiveCfg = nuget_release|x64
		{15D25AED-184D-4DE5-9BF5-CEE122035575}.nuget_release|x64.Build.0 = nuget_release|x64
		{15D25AED-184D-4DE5-9BF5-CEE122035575}.nuget_release|x86.ActiveCfg = nuget_release|x86
		{15D25AED-184D-4DE5-9BF5-CEE122035575}.nuget_release|x86.Build.0 = nuget_release|x86
		{15D25AED-184D-4DE5-9BF5-CEE122035575}.PlantMAT|Any CPU.ActiveCfg = PlantMAT|Any CPU
		{15D25AED-184D-4DE5-9BF5-CEE122035575}.PlantMAT|Any CPU.Build.0 = PlantMAT|Any CPU
		{15D25AED-184D-4DE5-9BF5-CEE122035575}.PlantMAT|x64.ActiveCfg = PlantMAT|x64
		{15D25AED-184D-4DE5-9BF5-CEE122035575}.PlantMAT|x64.Build.0 = PlantMAT|x64
		{15D25AED-184D-4DE5-9BF5-CEE122035575}.PlantMAT|x86.ActiveCfg = PlantMAT|x86
		{15D25AED-184D-4DE5-9BF5-CEE122035575}.PlantMAT|x86.Build.0 = PlantMAT|x86
		{15D25AED-184D-4DE5-9BF5-CEE122035575}.Release|Any CPU.ActiveCfg = Release|Any CPU
		{15D25AED-184D-4DE5-9BF5-CEE122035575}.Release|Any CPU.Build.0 = Release|Any CPU
		{15D25AED-184D-4DE5-9BF5-CEE122035575}.Release|x64.ActiveCfg = Release|x64
		{15D25AED-184D-4DE5-9BF5-CEE122035575}.Release|x64.Build.0 = Release|x64
		{15D25AED-184D-4DE5-9BF5-CEE122035575}.Release|x86.ActiveCfg = Release|x86
		{15D25AED-184D-4DE5-9BF5-CEE122035575}.Release|x86.Build.0 = Release|x86
		{15D25AED-184D-4DE5-9BF5-CEE122035575}.Rsharp_app_release|Any CPU.ActiveCfg = Rsharp_app_release|Any CPU
		{15D25AED-184D-4DE5-9BF5-CEE122035575}.Rsharp_app_release|Any CPU.Build.0 = Rsharp_app_release|Any CPU
		{15D25AED-184D-4DE5-9BF5-CEE122035575}.Rsharp_app_release|x64.ActiveCfg = Rsharp_app_release|x64
		{15D25AED-184D-4DE5-9BF5-CEE122035575}.Rsharp_app_release|x64.Build.0 = Rsharp_app_release|x64
		{15D25AED-184D-4DE5-9BF5-CEE122035575}.Rsharp_app_release|x86.ActiveCfg = Rsharp_app_release|x86
		{15D25AED-184D-4DE5-9BF5-CEE122035575}.Rsharp_app_release|x86.Build.0 = Rsharp_app_release|x86
		{E3AADF90-948C-4CB9-AE1D-992FECF4F1FE}.CFD_win32|Any CPU.ActiveCfg = Debug|Any CPU
		{E3AADF90-948C-4CB9-AE1D-992FECF4F1FE}.CFD_win32|Any CPU.Build.0 = Debug|Any CPU
		{E3AADF90-948C-4CB9-AE1D-992FECF4F1FE}.CFD_win32|x64.ActiveCfg = Debug|x64
		{E3AADF90-948C-4CB9-AE1D-992FECF4F1FE}.CFD_win32|x64.Build.0 = Debug|x64
		{E3AADF90-948C-4CB9-AE1D-992FECF4F1FE}.CFD_win32|x86.ActiveCfg = Debug|Any CPU
		{E3AADF90-948C-4CB9-AE1D-992FECF4F1FE}.CFD_win32|x86.Build.0 = Debug|Any CPU
		{E3AADF90-948C-4CB9-AE1D-992FECF4F1FE}.Debug|Any CPU.ActiveCfg = Debug|Any CPU
		{E3AADF90-948C-4CB9-AE1D-992FECF4F1FE}.Debug|Any CPU.Build.0 = Debug|Any CPU
		{E3AADF90-948C-4CB9-AE1D-992FECF4F1FE}.Debug|x64.ActiveCfg = Debug|x64
		{E3AADF90-948C-4CB9-AE1D-992FECF4F1FE}.Debug|x64.Build.0 = Debug|x64
		{E3AADF90-948C-4CB9-AE1D-992FECF4F1FE}.Debug|x86.ActiveCfg = Debug|Any CPU
		{E3AADF90-948C-4CB9-AE1D-992FECF4F1FE}.Debug|x86.Build.0 = Debug|Any CPU
		{E3AADF90-948C-4CB9-AE1D-992FECF4F1FE}.Docker|Any CPU.ActiveCfg = Debug|Any CPU
		{E3AADF90-948C-4CB9-AE1D-992FECF4F1FE}.Docker|Any CPU.Build.0 = Debug|Any CPU
		{E3AADF90-948C-4CB9-AE1D-992FECF4F1FE}.Docker|x64.ActiveCfg = Debug|x64
		{E3AADF90-948C-4CB9-AE1D-992FECF4F1FE}.Docker|x64.Build.0 = Debug|x64
		{E3AADF90-948C-4CB9-AE1D-992FECF4F1FE}.Docker|x86.ActiveCfg = Debug|Any CPU
		{E3AADF90-948C-4CB9-AE1D-992FECF4F1FE}.Docker|x86.Build.0 = Debug|Any CPU
		{E3AADF90-948C-4CB9-AE1D-992FECF4F1FE}.gcmodeller_desktop|Any CPU.ActiveCfg = Debug|Any CPU
		{E3AADF90-948C-4CB9-AE1D-992FECF4F1FE}.gcmodeller_desktop|Any CPU.Build.0 = Debug|Any CPU
		{E3AADF90-948C-4CB9-AE1D-992FECF4F1FE}.gcmodeller_desktop|x64.ActiveCfg = Debug|x64
		{E3AADF90-948C-4CB9-AE1D-992FECF4F1FE}.gcmodeller_desktop|x64.Build.0 = Debug|x64
		{E3AADF90-948C-4CB9-AE1D-992FECF4F1FE}.gcmodeller_desktop|x86.ActiveCfg = Debug|Any CPU
		{E3AADF90-948C-4CB9-AE1D-992FECF4F1FE}.gcmodeller_desktop|x86.Build.0 = Debug|Any CPU
		{E3AADF90-948C-4CB9-AE1D-992FECF4F1FE}.LipidSearch|Any CPU.ActiveCfg = Debug|Any CPU
		{E3AADF90-948C-4CB9-AE1D-992FECF4F1FE}.LipidSearch|Any CPU.Build.0 = Debug|Any CPU
		{E3AADF90-948C-4CB9-AE1D-992FECF4F1FE}.LipidSearch|x64.ActiveCfg = Debug|x64
		{E3AADF90-948C-4CB9-AE1D-992FECF4F1FE}.LipidSearch|x64.Build.0 = Debug|x64
		{E3AADF90-948C-4CB9-AE1D-992FECF4F1FE}.LipidSearch|x86.ActiveCfg = Debug|Any CPU
		{E3AADF90-948C-4CB9-AE1D-992FECF4F1FE}.LipidSearch|x86.Build.0 = Debug|Any CPU
		{E3AADF90-948C-4CB9-AE1D-992FECF4F1FE}.mzkit_win32|Any CPU.ActiveCfg = Debug|Any CPU
		{E3AADF90-948C-4CB9-AE1D-992FECF4F1FE}.mzkit_win32|Any CPU.Build.0 = Debug|Any CPU
		{E3AADF90-948C-4CB9-AE1D-992FECF4F1FE}.mzkit_win32|x64.ActiveCfg = Debug|x64
		{E3AADF90-948C-4CB9-AE1D-992FECF4F1FE}.mzkit_win32|x64.Build.0 = Debug|x64
		{E3AADF90-948C-4CB9-AE1D-992FECF4F1FE}.mzkit_win32|x86.ActiveCfg = Debug|Any CPU
		{E3AADF90-948C-4CB9-AE1D-992FECF4F1FE}.mzkit_win32|x86.Build.0 = Debug|Any CPU
		{E3AADF90-948C-4CB9-AE1D-992FECF4F1FE}.mzkit|Any CPU.ActiveCfg = Debug|Any CPU
		{E3AADF90-948C-4CB9-AE1D-992FECF4F1FE}.mzkit|Any CPU.Build.0 = Debug|Any CPU
		{E3AADF90-948C-4CB9-AE1D-992FECF4F1FE}.mzkit|x64.ActiveCfg = Debug|x64
		{E3AADF90-948C-4CB9-AE1D-992FECF4F1FE}.mzkit|x64.Build.0 = Debug|x64
		{E3AADF90-948C-4CB9-AE1D-992FECF4F1FE}.mzkit|x86.ActiveCfg = Debug|Any CPU
		{E3AADF90-948C-4CB9-AE1D-992FECF4F1FE}.mzkit|x86.Build.0 = Debug|Any CPU
		{E3AADF90-948C-4CB9-AE1D-992FECF4F1FE}.NPSearch|Any CPU.ActiveCfg = Debug|Any CPU
		{E3AADF90-948C-4CB9-AE1D-992FECF4F1FE}.NPSearch|Any CPU.Build.0 = Debug|Any CPU
		{E3AADF90-948C-4CB9-AE1D-992FECF4F1FE}.NPSearch|x64.ActiveCfg = Debug|x64
		{E3AADF90-948C-4CB9-AE1D-992FECF4F1FE}.NPSearch|x64.Build.0 = Debug|x64
		{E3AADF90-948C-4CB9-AE1D-992FECF4F1FE}.NPSearch|x86.ActiveCfg = Debug|Any CPU
		{E3AADF90-948C-4CB9-AE1D-992FECF4F1FE}.NPSearch|x86.Build.0 = Debug|Any CPU
		{E3AADF90-948C-4CB9-AE1D-992FECF4F1FE}.nuget_release|Any CPU.ActiveCfg = Debug|Any CPU
		{E3AADF90-948C-4CB9-AE1D-992FECF4F1FE}.nuget_release|Any CPU.Build.0 = Debug|Any CPU
		{E3AADF90-948C-4CB9-AE1D-992FECF4F1FE}.nuget_release|x64.ActiveCfg = Debug|x64
		{E3AADF90-948C-4CB9-AE1D-992FECF4F1FE}.nuget_release|x64.Build.0 = Debug|x64
		{E3AADF90-948C-4CB9-AE1D-992FECF4F1FE}.nuget_release|x86.ActiveCfg = Debug|Any CPU
		{E3AADF90-948C-4CB9-AE1D-992FECF4F1FE}.nuget_release|x86.Build.0 = Debug|Any CPU
		{E3AADF90-948C-4CB9-AE1D-992FECF4F1FE}.PlantMAT|Any CPU.ActiveCfg = Debug|Any CPU
		{E3AADF90-948C-4CB9-AE1D-992FECF4F1FE}.PlantMAT|Any CPU.Build.0 = Debug|Any CPU
		{E3AADF90-948C-4CB9-AE1D-992FECF4F1FE}.PlantMAT|x64.ActiveCfg = Debug|x64
		{E3AADF90-948C-4CB9-AE1D-992FECF4F1FE}.PlantMAT|x64.Build.0 = Debug|x64
		{E3AADF90-948C-4CB9-AE1D-992FECF4F1FE}.PlantMAT|x86.ActiveCfg = Debug|Any CPU
		{E3AADF90-948C-4CB9-AE1D-992FECF4F1FE}.PlantMAT|x86.Build.0 = Debug|Any CPU
		{E3AADF90-948C-4CB9-AE1D-992FECF4F1FE}.Release|Any CPU.ActiveCfg = Release|Any CPU
		{E3AADF90-948C-4CB9-AE1D-992FECF4F1FE}.Release|Any CPU.Build.0 = Release|Any CPU
		{E3AADF90-948C-4CB9-AE1D-992FECF4F1FE}.Release|x64.ActiveCfg = Release|x64
		{E3AADF90-948C-4CB9-AE1D-992FECF4F1FE}.Release|x64.Build.0 = Release|x64
		{E3AADF90-948C-4CB9-AE1D-992FECF4F1FE}.Release|x86.ActiveCfg = Release|Any CPU
		{E3AADF90-948C-4CB9-AE1D-992FECF4F1FE}.Release|x86.Build.0 = Release|Any CPU
		{E3AADF90-948C-4CB9-AE1D-992FECF4F1FE}.Rsharp_app_release|Any CPU.ActiveCfg = Rsharp_app_release|Any CPU
		{E3AADF90-948C-4CB9-AE1D-992FECF4F1FE}.Rsharp_app_release|Any CPU.Build.0 = Rsharp_app_release|Any CPU
		{E3AADF90-948C-4CB9-AE1D-992FECF4F1FE}.Rsharp_app_release|x64.ActiveCfg = Rsharp_app_release|x64
		{E3AADF90-948C-4CB9-AE1D-992FECF4F1FE}.Rsharp_app_release|x64.Build.0 = Rsharp_app_release|x64
		{E3AADF90-948C-4CB9-AE1D-992FECF4F1FE}.Rsharp_app_release|x86.ActiveCfg = Rsharp_app_release|Any CPU
		{E3AADF90-948C-4CB9-AE1D-992FECF4F1FE}.Rsharp_app_release|x86.Build.0 = Rsharp_app_release|Any CPU
		{D1E0F82C-1C31-46D4-B717-56640D6B2797}.CFD_win32|Any CPU.ActiveCfg = CFD_win32|Any CPU
		{D1E0F82C-1C31-46D4-B717-56640D6B2797}.CFD_win32|Any CPU.Build.0 = CFD_win32|Any CPU
		{D1E0F82C-1C31-46D4-B717-56640D6B2797}.CFD_win32|x64.ActiveCfg = CFD_win32|x64
		{D1E0F82C-1C31-46D4-B717-56640D6B2797}.CFD_win32|x64.Build.0 = CFD_win32|x64
		{D1E0F82C-1C31-46D4-B717-56640D6B2797}.CFD_win32|x86.ActiveCfg = CFD_win32|Any CPU
		{D1E0F82C-1C31-46D4-B717-56640D6B2797}.CFD_win32|x86.Build.0 = CFD_win32|Any CPU
		{D1E0F82C-1C31-46D4-B717-56640D6B2797}.Debug|Any CPU.ActiveCfg = Debug|Any CPU
		{D1E0F82C-1C31-46D4-B717-56640D6B2797}.Debug|Any CPU.Build.0 = Debug|Any CPU
		{D1E0F82C-1C31-46D4-B717-56640D6B2797}.Debug|x64.ActiveCfg = Debug|x64
		{D1E0F82C-1C31-46D4-B717-56640D6B2797}.Debug|x64.Build.0 = Debug|x64
		{D1E0F82C-1C31-46D4-B717-56640D6B2797}.Debug|x86.ActiveCfg = Debug|Any CPU
		{D1E0F82C-1C31-46D4-B717-56640D6B2797}.Debug|x86.Build.0 = Debug|Any CPU
		{D1E0F82C-1C31-46D4-B717-56640D6B2797}.Docker|Any CPU.ActiveCfg = Debug|Any CPU
		{D1E0F82C-1C31-46D4-B717-56640D6B2797}.Docker|Any CPU.Build.0 = Debug|Any CPU
		{D1E0F82C-1C31-46D4-B717-56640D6B2797}.Docker|x64.ActiveCfg = Debug|x64
		{D1E0F82C-1C31-46D4-B717-56640D6B2797}.Docker|x64.Build.0 = Debug|x64
		{D1E0F82C-1C31-46D4-B717-56640D6B2797}.Docker|x86.ActiveCfg = Debug|Any CPU
		{D1E0F82C-1C31-46D4-B717-56640D6B2797}.Docker|x86.Build.0 = Debug|Any CPU
		{D1E0F82C-1C31-46D4-B717-56640D6B2797}.gcmodeller_desktop|Any CPU.ActiveCfg = gcmodeller_desktop|Any CPU
		{D1E0F82C-1C31-46D4-B717-56640D6B2797}.gcmodeller_desktop|Any CPU.Build.0 = gcmodeller_desktop|Any CPU
		{D1E0F82C-1C31-46D4-B717-56640D6B2797}.gcmodeller_desktop|x64.ActiveCfg = gcmodeller_desktop|x64
		{D1E0F82C-1C31-46D4-B717-56640D6B2797}.gcmodeller_desktop|x64.Build.0 = gcmodeller_desktop|x64
		{D1E0F82C-1C31-46D4-B717-56640D6B2797}.gcmodeller_desktop|x86.ActiveCfg = gcmodeller_desktop|Any CPU
		{D1E0F82C-1C31-46D4-B717-56640D6B2797}.gcmodeller_desktop|x86.Build.0 = gcmodeller_desktop|Any CPU
		{D1E0F82C-1C31-46D4-B717-56640D6B2797}.LipidSearch|Any CPU.ActiveCfg = LipidSearch|Any CPU
		{D1E0F82C-1C31-46D4-B717-56640D6B2797}.LipidSearch|Any CPU.Build.0 = LipidSearch|Any CPU
		{D1E0F82C-1C31-46D4-B717-56640D6B2797}.LipidSearch|x64.ActiveCfg = LipidSearch|x64
		{D1E0F82C-1C31-46D4-B717-56640D6B2797}.LipidSearch|x64.Build.0 = LipidSearch|x64
		{D1E0F82C-1C31-46D4-B717-56640D6B2797}.LipidSearch|x86.ActiveCfg = LipidSearch|Any CPU
		{D1E0F82C-1C31-46D4-B717-56640D6B2797}.LipidSearch|x86.Build.0 = LipidSearch|Any CPU
		{D1E0F82C-1C31-46D4-B717-56640D6B2797}.mzkit_win32|Any CPU.ActiveCfg = mzkit_win32|Any CPU
		{D1E0F82C-1C31-46D4-B717-56640D6B2797}.mzkit_win32|Any CPU.Build.0 = mzkit_win32|Any CPU
		{D1E0F82C-1C31-46D4-B717-56640D6B2797}.mzkit_win32|x64.ActiveCfg = mzkit_win32|x64
		{D1E0F82C-1C31-46D4-B717-56640D6B2797}.mzkit_win32|x64.Build.0 = mzkit_win32|x64
		{D1E0F82C-1C31-46D4-B717-56640D6B2797}.mzkit_win32|x86.ActiveCfg = mzkit_win32|Any CPU
		{D1E0F82C-1C31-46D4-B717-56640D6B2797}.mzkit_win32|x86.Build.0 = mzkit_win32|Any CPU
		{D1E0F82C-1C31-46D4-B717-56640D6B2797}.mzkit|Any CPU.ActiveCfg = mzkit|Any CPU
		{D1E0F82C-1C31-46D4-B717-56640D6B2797}.mzkit|Any CPU.Build.0 = mzkit|Any CPU
		{D1E0F82C-1C31-46D4-B717-56640D6B2797}.mzkit|x64.ActiveCfg = mzkit|x64
		{D1E0F82C-1C31-46D4-B717-56640D6B2797}.mzkit|x64.Build.0 = mzkit|x64
		{D1E0F82C-1C31-46D4-B717-56640D6B2797}.mzkit|x86.ActiveCfg = mzkit|Any CPU
		{D1E0F82C-1C31-46D4-B717-56640D6B2797}.mzkit|x86.Build.0 = mzkit|Any CPU
		{D1E0F82C-1C31-46D4-B717-56640D6B2797}.NPSearch|Any CPU.ActiveCfg = NPSearch|Any CPU
		{D1E0F82C-1C31-46D4-B717-56640D6B2797}.NPSearch|Any CPU.Build.0 = NPSearch|Any CPU
		{D1E0F82C-1C31-46D4-B717-56640D6B2797}.NPSearch|x64.ActiveCfg = NPSearch|x64
		{D1E0F82C-1C31-46D4-B717-56640D6B2797}.NPSearch|x64.Build.0 = NPSearch|x64
		{D1E0F82C-1C31-46D4-B717-56640D6B2797}.NPSearch|x86.ActiveCfg = NPSearch|Any CPU
		{D1E0F82C-1C31-46D4-B717-56640D6B2797}.NPSearch|x86.Build.0 = NPSearch|Any CPU
		{D1E0F82C-1C31-46D4-B717-56640D6B2797}.nuget_release|Any CPU.ActiveCfg = nuget_release|Any CPU
		{D1E0F82C-1C31-46D4-B717-56640D6B2797}.nuget_release|Any CPU.Build.0 = nuget_release|Any CPU
		{D1E0F82C-1C31-46D4-B717-56640D6B2797}.nuget_release|x64.ActiveCfg = nuget_release|x64
		{D1E0F82C-1C31-46D4-B717-56640D6B2797}.nuget_release|x64.Build.0 = nuget_release|x64
		{D1E0F82C-1C31-46D4-B717-56640D6B2797}.nuget_release|x86.ActiveCfg = nuget_release|Any CPU
		{D1E0F82C-1C31-46D4-B717-56640D6B2797}.nuget_release|x86.Build.0 = nuget_release|Any CPU
		{D1E0F82C-1C31-46D4-B717-56640D6B2797}.PlantMAT|Any CPU.ActiveCfg = Debug|Any CPU
		{D1E0F82C-1C31-46D4-B717-56640D6B2797}.PlantMAT|Any CPU.Build.0 = Debug|Any CPU
		{D1E0F82C-1C31-46D4-B717-56640D6B2797}.PlantMAT|x64.ActiveCfg = Debug|x64
		{D1E0F82C-1C31-46D4-B717-56640D6B2797}.PlantMAT|x64.Build.0 = Debug|x64
		{D1E0F82C-1C31-46D4-B717-56640D6B2797}.PlantMAT|x86.ActiveCfg = Debug|Any CPU
		{D1E0F82C-1C31-46D4-B717-56640D6B2797}.PlantMAT|x86.Build.0 = Debug|Any CPU
		{D1E0F82C-1C31-46D4-B717-56640D6B2797}.Release|Any CPU.ActiveCfg = Release|Any CPU
		{D1E0F82C-1C31-46D4-B717-56640D6B2797}.Release|Any CPU.Build.0 = Release|Any CPU
		{D1E0F82C-1C31-46D4-B717-56640D6B2797}.Release|x64.ActiveCfg = Release|x64
		{D1E0F82C-1C31-46D4-B717-56640D6B2797}.Release|x64.Build.0 = Release|x64
		{D1E0F82C-1C31-46D4-B717-56640D6B2797}.Release|x86.ActiveCfg = Release|Any CPU
		{D1E0F82C-1C31-46D4-B717-56640D6B2797}.Release|x86.Build.0 = Release|Any CPU
		{D1E0F82C-1C31-46D4-B717-56640D6B2797}.Rsharp_app_release|Any CPU.ActiveCfg = Rsharp_app_release|Any CPU
		{D1E0F82C-1C31-46D4-B717-56640D6B2797}.Rsharp_app_release|Any CPU.Build.0 = Rsharp_app_release|Any CPU
		{D1E0F82C-1C31-46D4-B717-56640D6B2797}.Rsharp_app_release|x64.ActiveCfg = Rsharp_app_release|x64
		{D1E0F82C-1C31-46D4-B717-56640D6B2797}.Rsharp_app_release|x64.Build.0 = Rsharp_app_release|x64
		{D1E0F82C-1C31-46D4-B717-56640D6B2797}.Rsharp_app_release|x86.ActiveCfg = Rsharp_app_release|Any CPU
		{D1E0F82C-1C31-46D4-B717-56640D6B2797}.Rsharp_app_release|x86.Build.0 = Rsharp_app_release|Any CPU
	EndGlobalSection
	GlobalSection(SolutionProperties) = preSolution
		HideSolutionNode = FALSE
	EndGlobalSection
	GlobalSection(NestedProjects) = preSolution
		{15D25AED-184D-4DE5-9BF5-CEE122035575} = {B643252A-ED9B-4E6A-B269-A26A77E4D1CB}
		{D1E0F82C-1C31-46D4-B717-56640D6B2797} = {B643252A-ED9B-4E6A-B269-A26A77E4D1CB}
	EndGlobalSection
	GlobalSection(ExtensibilityGlobals) = postSolution
		SolutionGuid = {699D28E5-704F-473D-99E6-A556949CB709}
	EndGlobalSection
EndGlobal
