
Microsoft Visual Studio Solution File, Format Version 12.00
# Visual Studio 15
VisualStudioVersion = 15.0.27130.2010
MinimumVisualStudioVersion = 10.0.40219.1
Project("{F184B08F-C81C-45F6-A57F-5ABD9991F28F}") = "47-dotnet_Microsoft.VisualBasic", "..\..\..\runtime\sciBASIC#\Microsoft.VisualBasic.Core\src\47-dotnet_Microsoft.VisualBasic.vbproj"", "{FECCE1FD-E1D4-49E3-A668-60BB5E7AED99}"
EndProject
Project("{2150E333-8FDC-42A3-9474-1A3956D46DE8}") = "runtime", "runtime", "{49327560-6524-480A-B219-619CD8441F2F}"
EndProject
Project("{F184B08F-C81C-45F6-A57F-5ABD9991F28F}") = "Bio.Resources", "..\Bio.Resources\Bio.Resources.vbproj", "{E4221BEB-10FD-47D4-9B21-4D2EBBB498F5}"
EndProject
Project("{F184B08F-C81C-45F6-A57F-5ABD9991F28F}") = "47_dotnet_ms-vb_data.framework", "..\..\..\runtime\sciBASIC#\Data\DataFrame\47_dotnet_ms-vb_data.framework.vbproj", "{7283C179-F852-4EAD-8D8F-B82EF2CBD7DB}"
EndProject
Project("{F184B08F-C81C-45F6-A57F-5ABD9991F28F}") = "Bio.Repository", "Bio.Repository.vbproj", "{216ACC2D-C7A5-4C27-9DC9-BDFA4DBB6A37}"
EndProject
Project("{F184B08F-C81C-45F6-A57F-5ABD9991F28F}") = "Bio.Assembly", "..\Bio.Assembly\Bio.Assembly.vbproj", "{C699D311-9923-4C19-BF70-5048D0E2CF5D}"
EndProject
Project("{2150E333-8FDC-42A3-9474-1A3956D46DE8}") = "core", "core", "{8352EEAD-E48E-41AE-98A0-C725F4FE09C7}"
EndProject
Project("{F184B08F-C81C-45F6-A57F-5ABD9991F28F}") = "test", "test\test.vbproj", "{F04F1794-7E59-462B-892C-E57A7A04C505}"
EndProject
Global
	GlobalSection(SolutionConfigurationPlatforms) = preSolution
		Biodeep_UNIX_x64|Any CPU = Biodeep_UNIX_x64|Any CPU
		Biodeep_UNIX_x64|x64 = Biodeep_UNIX_x64|x64
		Biodeep_UNIX_x64|x86 = Biodeep_UNIX_x64|x86
		Biodeep|Any CPU = Biodeep|Any CPU
		Biodeep|x64 = Biodeep|x64
		Biodeep|x86 = Biodeep|x86
		Debug|Any CPU = Debug|Any CPU
		Debug|x64 = Debug|x64
		Debug|x86 = Debug|x86
		GCModeller(Release_X64)|Any CPU = GCModeller(Release_X64)|Any CPU
		GCModeller(Release_X64)|x64 = GCModeller(Release_X64)|x64
		GCModeller(Release_X64)|x86 = GCModeller(Release_X64)|x86
		GCModeller(UNIX-Release_X64)|Any CPU = GCModeller(UNIX-Release_X64)|Any CPU
		GCModeller(UNIX-Release_X64)|x64 = GCModeller(UNIX-Release_X64)|x64
		GCModeller(UNIX-Release_X64)|x86 = GCModeller(UNIX-Release_X64)|x86
		Publish|Any CPU = Publish|Any CPU
		Publish|x64 = Publish|x64
		Publish|x86 = Publish|x86
		Release|Any CPU = Release|Any CPU
		Release|x64 = Release|x64
		Release|x86 = Release|x86
	EndGlobalSection
	GlobalSection(ProjectConfigurationPlatforms) = postSolution
		{FECCE1FD-E1D4-49E3-A668-60BB5E7AED99}.Biodeep_UNIX_x64|Any CPU.ActiveCfg = Release|Any CPU
		{FECCE1FD-E1D4-49E3-A668-60BB5E7AED99}.Biodeep_UNIX_x64|x64.ActiveCfg = Release|x64
		{FECCE1FD-E1D4-49E3-A668-60BB5E7AED99}.Biodeep_UNIX_x64|x86.ActiveCfg = Release|x86
		{FECCE1FD-E1D4-49E3-A668-60BB5E7AED99}.Biodeep|Any CPU.ActiveCfg = Release|Any CPU
		{FECCE1FD-E1D4-49E3-A668-60BB5E7AED99}.Biodeep|x64.ActiveCfg = Release|x64
		{FECCE1FD-E1D4-49E3-A668-60BB5E7AED99}.Biodeep|x86.ActiveCfg = Release|x86
		{FECCE1FD-E1D4-49E3-A668-60BB5E7AED99}.Debug|Any CPU.ActiveCfg = Debug|Any CPU
		{FECCE1FD-E1D4-49E3-A668-60BB5E7AED99}.Debug|Any CPU.Build.0 = Debug|Any CPU
		{FECCE1FD-E1D4-49E3-A668-60BB5E7AED99}.Debug|x64.ActiveCfg = Debug|x64
		{FECCE1FD-E1D4-49E3-A668-60BB5E7AED99}.Debug|x64.Build.0 = Debug|x64
		{FECCE1FD-E1D4-49E3-A668-60BB5E7AED99}.Debug|x86.ActiveCfg = Debug|x86
		{FECCE1FD-E1D4-49E3-A668-60BB5E7AED99}.Debug|x86.Build.0 = Debug|x86
		{FECCE1FD-E1D4-49E3-A668-60BB5E7AED99}.GCModeller(Release_X64)|Any CPU.ActiveCfg = Release|Any CPU
		{FECCE1FD-E1D4-49E3-A668-60BB5E7AED99}.GCModeller(Release_X64)|x64.ActiveCfg = Release|x64
		{FECCE1FD-E1D4-49E3-A668-60BB5E7AED99}.GCModeller(Release_X64)|x86.ActiveCfg = Release|x86
		{FECCE1FD-E1D4-49E3-A668-60BB5E7AED99}.GCModeller(UNIX-Release_X64)|Any CPU.ActiveCfg = Release|Any CPU
		{FECCE1FD-E1D4-49E3-A668-60BB5E7AED99}.GCModeller(UNIX-Release_X64)|x64.ActiveCfg = Release|x64
		{FECCE1FD-E1D4-49E3-A668-60BB5E7AED99}.GCModeller(UNIX-Release_X64)|x86.ActiveCfg = Release|x86
		{FECCE1FD-E1D4-49E3-A668-60BB5E7AED99}.Publish|Any CPU.ActiveCfg = Release|Any CPU
		{FECCE1FD-E1D4-49E3-A668-60BB5E7AED99}.Publish|x64.ActiveCfg = Release|x64
		{FECCE1FD-E1D4-49E3-A668-60BB5E7AED99}.Publish|x86.ActiveCfg = Release|x86
		{FECCE1FD-E1D4-49E3-A668-60BB5E7AED99}.Release|Any CPU.ActiveCfg = Release|Any CPU
		{FECCE1FD-E1D4-49E3-A668-60BB5E7AED99}.Release|Any CPU.Build.0 = Release|Any CPU
		{FECCE1FD-E1D4-49E3-A668-60BB5E7AED99}.Release|x64.ActiveCfg = Release|x64
		{FECCE1FD-E1D4-49E3-A668-60BB5E7AED99}.Release|x64.Build.0 = Release|x64
		{FECCE1FD-E1D4-49E3-A668-60BB5E7AED99}.Release|x86.ActiveCfg = Release|x86
		{FECCE1FD-E1D4-49E3-A668-60BB5E7AED99}.Release|x86.Build.0 = Release|x86
		{E4221BEB-10FD-47D4-9B21-4D2EBBB498F5}.Biodeep_UNIX_x64|Any CPU.ActiveCfg = GCModeller(Release_X64)|Any CPU
		{E4221BEB-10FD-47D4-9B21-4D2EBBB498F5}.Biodeep_UNIX_x64|Any CPU.Build.0 = GCModeller(Release_X64)|Any CPU
		{E4221BEB-10FD-47D4-9B21-4D2EBBB498F5}.Biodeep_UNIX_x64|x64.ActiveCfg = GCModeller(Release_X64)|x64
		{E4221BEB-10FD-47D4-9B21-4D2EBBB498F5}.Biodeep_UNIX_x64|x64.Build.0 = GCModeller(Release_X64)|x64
		{E4221BEB-10FD-47D4-9B21-4D2EBBB498F5}.Biodeep_UNIX_x64|x86.ActiveCfg = GCModeller(Release_X64)|x86
		{E4221BEB-10FD-47D4-9B21-4D2EBBB498F5}.Biodeep_UNIX_x64|x86.Build.0 = GCModeller(Release_X64)|x86
		{E4221BEB-10FD-47D4-9B21-4D2EBBB498F5}.Biodeep|Any CPU.ActiveCfg = GCModeller(Release_X64)|Any CPU
		{E4221BEB-10FD-47D4-9B21-4D2EBBB498F5}.Biodeep|Any CPU.Build.0 = GCModeller(Release_X64)|Any CPU
		{E4221BEB-10FD-47D4-9B21-4D2EBBB498F5}.Biodeep|x64.ActiveCfg = GCModeller(Release_X64)|x64
		{E4221BEB-10FD-47D4-9B21-4D2EBBB498F5}.Biodeep|x64.Build.0 = GCModeller(Release_X64)|x64
		{E4221BEB-10FD-47D4-9B21-4D2EBBB498F5}.Biodeep|x86.ActiveCfg = GCModeller(Release_X64)|x86
		{E4221BEB-10FD-47D4-9B21-4D2EBBB498F5}.Biodeep|x86.Build.0 = GCModeller(Release_X64)|x86
		{E4221BEB-10FD-47D4-9B21-4D2EBBB498F5}.Debug|Any CPU.ActiveCfg = Debug|Any CPU
		{E4221BEB-10FD-47D4-9B21-4D2EBBB498F5}.Debug|Any CPU.Build.0 = Debug|Any CPU
		{E4221BEB-10FD-47D4-9B21-4D2EBBB498F5}.Debug|x64.ActiveCfg = Debug|x64
		{E4221BEB-10FD-47D4-9B21-4D2EBBB498F5}.Debug|x64.Build.0 = Debug|x64
		{E4221BEB-10FD-47D4-9B21-4D2EBBB498F5}.Debug|x86.ActiveCfg = Debug|Any CPU
		{E4221BEB-10FD-47D4-9B21-4D2EBBB498F5}.Debug|x86.Build.0 = Debug|Any CPU
		{E4221BEB-10FD-47D4-9B21-4D2EBBB498F5}.GCModeller(Release_X64)|Any CPU.ActiveCfg = GCModeller(Release_X64)|Any CPU
		{E4221BEB-10FD-47D4-9B21-4D2EBBB498F5}.GCModeller(Release_X64)|Any CPU.Build.0 = GCModeller(Release_X64)|Any CPU
		{E4221BEB-10FD-47D4-9B21-4D2EBBB498F5}.GCModeller(Release_X64)|x64.ActiveCfg = GCModeller(Release_X64)|x64
		{E4221BEB-10FD-47D4-9B21-4D2EBBB498F5}.GCModeller(Release_X64)|x64.Build.0 = GCModeller(Release_X64)|x64
		{E4221BEB-10FD-47D4-9B21-4D2EBBB498F5}.GCModeller(Release_X64)|x86.ActiveCfg = GCModeller(Release_X64)|x86
		{E4221BEB-10FD-47D4-9B21-4D2EBBB498F5}.GCModeller(Release_X64)|x86.Build.0 = GCModeller(Release_X64)|x86
		{E4221BEB-10FD-47D4-9B21-4D2EBBB498F5}.GCModeller(UNIX-Release_X64)|Any CPU.ActiveCfg = GCModeller(UNIX-Release_X64)|Any CPU
		{E4221BEB-10FD-47D4-9B21-4D2EBBB498F5}.GCModeller(UNIX-Release_X64)|Any CPU.Build.0 = GCModeller(UNIX-Release_X64)|Any CPU
		{E4221BEB-10FD-47D4-9B21-4D2EBBB498F5}.GCModeller(UNIX-Release_X64)|x64.ActiveCfg = GCModeller(UNIX-Release_X64)|x64
		{E4221BEB-10FD-47D4-9B21-4D2EBBB498F5}.GCModeller(UNIX-Release_X64)|x64.Build.0 = GCModeller(UNIX-Release_X64)|x64
		{E4221BEB-10FD-47D4-9B21-4D2EBBB498F5}.GCModeller(UNIX-Release_X64)|x86.ActiveCfg = GCModeller(UNIX-Release_X64)|x86
		{E4221BEB-10FD-47D4-9B21-4D2EBBB498F5}.GCModeller(UNIX-Release_X64)|x86.Build.0 = GCModeller(UNIX-Release_X64)|x86
		{E4221BEB-10FD-47D4-9B21-4D2EBBB498F5}.Publish|Any CPU.ActiveCfg = Publish|Any CPU
		{E4221BEB-10FD-47D4-9B21-4D2EBBB498F5}.Publish|Any CPU.Build.0 = Publish|Any CPU
		{E4221BEB-10FD-47D4-9B21-4D2EBBB498F5}.Publish|x64.ActiveCfg = Publish|x64
		{E4221BEB-10FD-47D4-9B21-4D2EBBB498F5}.Publish|x64.Build.0 = Publish|x64
		{E4221BEB-10FD-47D4-9B21-4D2EBBB498F5}.Publish|x86.ActiveCfg = Publish|x86
		{E4221BEB-10FD-47D4-9B21-4D2EBBB498F5}.Publish|x86.Build.0 = Publish|x86
		{E4221BEB-10FD-47D4-9B21-4D2EBBB498F5}.Release|Any CPU.ActiveCfg = Release|Any CPU
		{E4221BEB-10FD-47D4-9B21-4D2EBBB498F5}.Release|Any CPU.Build.0 = Release|Any CPU
		{E4221BEB-10FD-47D4-9B21-4D2EBBB498F5}.Release|x64.ActiveCfg = Release|x64
		{E4221BEB-10FD-47D4-9B21-4D2EBBB498F5}.Release|x64.Build.0 = Release|x64
		{E4221BEB-10FD-47D4-9B21-4D2EBBB498F5}.Release|x86.ActiveCfg = Release|Any CPU
		{E4221BEB-10FD-47D4-9B21-4D2EBBB498F5}.Release|x86.Build.0 = Release|Any CPU
		{7283C179-F852-4EAD-8D8F-B82EF2CBD7DB}.Biodeep_UNIX_x64|Any CPU.ActiveCfg = Release|Any CPU
		{7283C179-F852-4EAD-8D8F-B82EF2CBD7DB}.Biodeep_UNIX_x64|x64.ActiveCfg = Release|x64
		{7283C179-F852-4EAD-8D8F-B82EF2CBD7DB}.Biodeep_UNIX_x64|x86.ActiveCfg = Release|x86
		{7283C179-F852-4EAD-8D8F-B82EF2CBD7DB}.Biodeep|Any CPU.ActiveCfg = Release|Any CPU
		{7283C179-F852-4EAD-8D8F-B82EF2CBD7DB}.Biodeep|x64.ActiveCfg = Release|x64
		{7283C179-F852-4EAD-8D8F-B82EF2CBD7DB}.Biodeep|x86.ActiveCfg = Release|x86
		{7283C179-F852-4EAD-8D8F-B82EF2CBD7DB}.Debug|Any CPU.ActiveCfg = Debug|Any CPU
		{7283C179-F852-4EAD-8D8F-B82EF2CBD7DB}.Debug|Any CPU.Build.0 = Debug|Any CPU
		{7283C179-F852-4EAD-8D8F-B82EF2CBD7DB}.Debug|x64.ActiveCfg = Debug|x64
		{7283C179-F852-4EAD-8D8F-B82EF2CBD7DB}.Debug|x64.Build.0 = Debug|x64
		{7283C179-F852-4EAD-8D8F-B82EF2CBD7DB}.Debug|x86.ActiveCfg = Debug|x86
		{7283C179-F852-4EAD-8D8F-B82EF2CBD7DB}.Debug|x86.Build.0 = Debug|x86
		{7283C179-F852-4EAD-8D8F-B82EF2CBD7DB}.GCModeller(Release_X64)|Any CPU.ActiveCfg = Release|Any CPU
		{7283C179-F852-4EAD-8D8F-B82EF2CBD7DB}.GCModeller(Release_X64)|x64.ActiveCfg = Release|x64
		{7283C179-F852-4EAD-8D8F-B82EF2CBD7DB}.GCModeller(Release_X64)|x86.ActiveCfg = Release|x86
		{7283C179-F852-4EAD-8D8F-B82EF2CBD7DB}.GCModeller(UNIX-Release_X64)|Any CPU.ActiveCfg = Release|Any CPU
		{7283C179-F852-4EAD-8D8F-B82EF2CBD7DB}.GCModeller(UNIX-Release_X64)|x64.ActiveCfg = Release|x64
		{7283C179-F852-4EAD-8D8F-B82EF2CBD7DB}.GCModeller(UNIX-Release_X64)|x86.ActiveCfg = Release|x86
		{7283C179-F852-4EAD-8D8F-B82EF2CBD7DB}.Publish|Any CPU.ActiveCfg = Release|Any CPU
		{7283C179-F852-4EAD-8D8F-B82EF2CBD7DB}.Publish|x64.ActiveCfg = Release|x64
		{7283C179-F852-4EAD-8D8F-B82EF2CBD7DB}.Publish|x86.ActiveCfg = Release|x86
		{7283C179-F852-4EAD-8D8F-B82EF2CBD7DB}.Release|Any CPU.ActiveCfg = Release|Any CPU
		{7283C179-F852-4EAD-8D8F-B82EF2CBD7DB}.Release|Any CPU.Build.0 = Release|Any CPU
		{7283C179-F852-4EAD-8D8F-B82EF2CBD7DB}.Release|x64.ActiveCfg = Release|x64
		{7283C179-F852-4EAD-8D8F-B82EF2CBD7DB}.Release|x64.Build.0 = Release|x64
		{7283C179-F852-4EAD-8D8F-B82EF2CBD7DB}.Release|x86.ActiveCfg = Release|x86
		{7283C179-F852-4EAD-8D8F-B82EF2CBD7DB}.Release|x86.Build.0 = Release|x86
		{216ACC2D-C7A5-4C27-9DC9-BDFA4DBB6A37}.Biodeep_UNIX_x64|Any CPU.ActiveCfg = Biodeep_UNIX_x64|Any CPU
		{216ACC2D-C7A5-4C27-9DC9-BDFA4DBB6A37}.Biodeep_UNIX_x64|Any CPU.Build.0 = Biodeep_UNIX_x64|Any CPU
		{216ACC2D-C7A5-4C27-9DC9-BDFA4DBB6A37}.Biodeep_UNIX_x64|x64.ActiveCfg = Biodeep_UNIX_x64|x64
		{216ACC2D-C7A5-4C27-9DC9-BDFA4DBB6A37}.Biodeep_UNIX_x64|x64.Build.0 = Biodeep_UNIX_x64|x64
		{216ACC2D-C7A5-4C27-9DC9-BDFA4DBB6A37}.Biodeep_UNIX_x64|x86.ActiveCfg = Biodeep_UNIX_x64|x86
		{216ACC2D-C7A5-4C27-9DC9-BDFA4DBB6A37}.Biodeep_UNIX_x64|x86.Build.0 = Biodeep_UNIX_x64|x86
		{216ACC2D-C7A5-4C27-9DC9-BDFA4DBB6A37}.Biodeep|Any CPU.ActiveCfg = Biodeep|Any CPU
		{216ACC2D-C7A5-4C27-9DC9-BDFA4DBB6A37}.Biodeep|Any CPU.Build.0 = Biodeep|Any CPU
		{216ACC2D-C7A5-4C27-9DC9-BDFA4DBB6A37}.Biodeep|x64.ActiveCfg = Biodeep|x64
		{216ACC2D-C7A5-4C27-9DC9-BDFA4DBB6A37}.Biodeep|x64.Build.0 = Biodeep|x64
		{216ACC2D-C7A5-4C27-9DC9-BDFA4DBB6A37}.Biodeep|x86.ActiveCfg = Biodeep|x86
		{216ACC2D-C7A5-4C27-9DC9-BDFA4DBB6A37}.Biodeep|x86.Build.0 = Biodeep|x86
		{216ACC2D-C7A5-4C27-9DC9-BDFA4DBB6A37}.Debug|Any CPU.ActiveCfg = Debug|Any CPU
		{216ACC2D-C7A5-4C27-9DC9-BDFA4DBB6A37}.Debug|Any CPU.Build.0 = Debug|Any CPU
		{216ACC2D-C7A5-4C27-9DC9-BDFA4DBB6A37}.Debug|x64.ActiveCfg = Debug|x64
		{216ACC2D-C7A5-4C27-9DC9-BDFA4DBB6A37}.Debug|x64.Build.0 = Debug|x64
		{216ACC2D-C7A5-4C27-9DC9-BDFA4DBB6A37}.Debug|x86.ActiveCfg = Debug|Any CPU
		{216ACC2D-C7A5-4C27-9DC9-BDFA4DBB6A37}.Debug|x86.Build.0 = Debug|Any CPU
		{216ACC2D-C7A5-4C27-9DC9-BDFA4DBB6A37}.GCModeller(Release_X64)|Any CPU.ActiveCfg = GCModeller(Release_X64)|Any CPU
		{216ACC2D-C7A5-4C27-9DC9-BDFA4DBB6A37}.GCModeller(Release_X64)|Any CPU.Build.0 = GCModeller(Release_X64)|Any CPU
		{216ACC2D-C7A5-4C27-9DC9-BDFA4DBB6A37}.GCModeller(Release_X64)|x64.ActiveCfg = GCModeller(Release_X64)|x64
		{216ACC2D-C7A5-4C27-9DC9-BDFA4DBB6A37}.GCModeller(Release_X64)|x64.Build.0 = GCModeller(Release_X64)|x64
		{216ACC2D-C7A5-4C27-9DC9-BDFA4DBB6A37}.GCModeller(Release_X64)|x86.ActiveCfg = GCModeller(Release_X64)|x86
		{216ACC2D-C7A5-4C27-9DC9-BDFA4DBB6A37}.GCModeller(Release_X64)|x86.Build.0 = GCModeller(Release_X64)|x86
		{216ACC2D-C7A5-4C27-9DC9-BDFA4DBB6A37}.GCModeller(UNIX-Release_X64)|Any CPU.ActiveCfg = GCModeller(UNIX-Release_X64)|Any CPU
		{216ACC2D-C7A5-4C27-9DC9-BDFA4DBB6A37}.GCModeller(UNIX-Release_X64)|Any CPU.Build.0 = GCModeller(UNIX-Release_X64)|Any CPU
		{216ACC2D-C7A5-4C27-9DC9-BDFA4DBB6A37}.GCModeller(UNIX-Release_X64)|x64.ActiveCfg = GCModeller(UNIX-Release_X64)|x64
		{216ACC2D-C7A5-4C27-9DC9-BDFA4DBB6A37}.GCModeller(UNIX-Release_X64)|x64.Build.0 = GCModeller(UNIX-Release_X64)|x64
		{216ACC2D-C7A5-4C27-9DC9-BDFA4DBB6A37}.GCModeller(UNIX-Release_X64)|x86.ActiveCfg = GCModeller(UNIX-Release_X64)|x86
		{216ACC2D-C7A5-4C27-9DC9-BDFA4DBB6A37}.GCModeller(UNIX-Release_X64)|x86.Build.0 = GCModeller(UNIX-Release_X64)|x86
		{216ACC2D-C7A5-4C27-9DC9-BDFA4DBB6A37}.Publish|Any CPU.ActiveCfg = Publish|Any CPU
		{216ACC2D-C7A5-4C27-9DC9-BDFA4DBB6A37}.Publish|Any CPU.Build.0 = Publish|Any CPU
		{216ACC2D-C7A5-4C27-9DC9-BDFA4DBB6A37}.Publish|x64.ActiveCfg = Publish|x64
		{216ACC2D-C7A5-4C27-9DC9-BDFA4DBB6A37}.Publish|x64.Build.0 = Publish|x64
		{216ACC2D-C7A5-4C27-9DC9-BDFA4DBB6A37}.Publish|x86.ActiveCfg = Publish|x86
		{216ACC2D-C7A5-4C27-9DC9-BDFA4DBB6A37}.Publish|x86.Build.0 = Publish|x86
		{216ACC2D-C7A5-4C27-9DC9-BDFA4DBB6A37}.Release|Any CPU.ActiveCfg = Release|Any CPU
		{216ACC2D-C7A5-4C27-9DC9-BDFA4DBB6A37}.Release|Any CPU.Build.0 = Release|Any CPU
		{216ACC2D-C7A5-4C27-9DC9-BDFA4DBB6A37}.Release|x64.ActiveCfg = Release|x64
		{216ACC2D-C7A5-4C27-9DC9-BDFA4DBB6A37}.Release|x64.Build.0 = Release|x64
		{216ACC2D-C7A5-4C27-9DC9-BDFA4DBB6A37}.Release|x86.ActiveCfg = Release|Any CPU
		{216ACC2D-C7A5-4C27-9DC9-BDFA4DBB6A37}.Release|x86.Build.0 = Release|Any CPU
		{C699D311-9923-4C19-BF70-5048D0E2CF5D}.Biodeep_UNIX_x64|Any CPU.ActiveCfg = Biodeep_UNIX_x64|Any CPU
		{C699D311-9923-4C19-BF70-5048D0E2CF5D}.Biodeep_UNIX_x64|Any CPU.Build.0 = Biodeep_UNIX_x64|Any CPU
		{C699D311-9923-4C19-BF70-5048D0E2CF5D}.Biodeep_UNIX_x64|x64.ActiveCfg = Biodeep_UNIX_x64|x64
		{C699D311-9923-4C19-BF70-5048D0E2CF5D}.Biodeep_UNIX_x64|x64.Build.0 = Biodeep_UNIX_x64|x64
		{C699D311-9923-4C19-BF70-5048D0E2CF5D}.Biodeep_UNIX_x64|x86.ActiveCfg = Biodeep_UNIX_x64|x86
		{C699D311-9923-4C19-BF70-5048D0E2CF5D}.Biodeep_UNIX_x64|x86.Build.0 = Biodeep_UNIX_x64|x86
		{C699D311-9923-4C19-BF70-5048D0E2CF5D}.Biodeep|Any CPU.ActiveCfg = Biodeep|Any CPU
		{C699D311-9923-4C19-BF70-5048D0E2CF5D}.Biodeep|Any CPU.Build.0 = Biodeep|Any CPU
		{C699D311-9923-4C19-BF70-5048D0E2CF5D}.Biodeep|x64.ActiveCfg = Biodeep|x64
		{C699D311-9923-4C19-BF70-5048D0E2CF5D}.Biodeep|x64.Build.0 = Biodeep|x64
		{C699D311-9923-4C19-BF70-5048D0E2CF5D}.Biodeep|x86.ActiveCfg = Biodeep|x86
		{C699D311-9923-4C19-BF70-5048D0E2CF5D}.Biodeep|x86.Build.0 = Biodeep|x86
		{C699D311-9923-4C19-BF70-5048D0E2CF5D}.Debug|Any CPU.ActiveCfg = Debug|Any CPU
		{C699D311-9923-4C19-BF70-5048D0E2CF5D}.Debug|Any CPU.Build.0 = Debug|Any CPU
		{C699D311-9923-4C19-BF70-5048D0E2CF5D}.Debug|x64.ActiveCfg = Debug|x64
		{C699D311-9923-4C19-BF70-5048D0E2CF5D}.Debug|x64.Build.0 = Debug|x64
		{C699D311-9923-4C19-BF70-5048D0E2CF5D}.Debug|x86.ActiveCfg = Debug|x86
		{C699D311-9923-4C19-BF70-5048D0E2CF5D}.Debug|x86.Build.0 = Debug|x86
		{C699D311-9923-4C19-BF70-5048D0E2CF5D}.GCModeller(Release_X64)|Any CPU.ActiveCfg = GCModeller(Release_X64)|Any CPU
		{C699D311-9923-4C19-BF70-5048D0E2CF5D}.GCModeller(Release_X64)|Any CPU.Build.0 = GCModeller(Release_X64)|Any CPU
		{C699D311-9923-4C19-BF70-5048D0E2CF5D}.GCModeller(Release_X64)|x64.ActiveCfg = GCModeller(Release_X64)|x64
		{C699D311-9923-4C19-BF70-5048D0E2CF5D}.GCModeller(Release_X64)|x64.Build.0 = GCModeller(Release_X64)|x64
		{C699D311-9923-4C19-BF70-5048D0E2CF5D}.GCModeller(Release_X64)|x86.ActiveCfg = GCModeller(Release_X64)|x86
		{C699D311-9923-4C19-BF70-5048D0E2CF5D}.GCModeller(Release_X64)|x86.Build.0 = GCModeller(Release_X64)|x86
		{C699D311-9923-4C19-BF70-5048D0E2CF5D}.GCModeller(UNIX-Release_X64)|Any CPU.ActiveCfg = GCModeller(UNIX-Release_X64)|Any CPU
		{C699D311-9923-4C19-BF70-5048D0E2CF5D}.GCModeller(UNIX-Release_X64)|Any CPU.Build.0 = GCModeller(UNIX-Release_X64)|Any CPU
		{C699D311-9923-4C19-BF70-5048D0E2CF5D}.GCModeller(UNIX-Release_X64)|x64.ActiveCfg = GCModeller(UNIX-Release_X64)|x64
		{C699D311-9923-4C19-BF70-5048D0E2CF5D}.GCModeller(UNIX-Release_X64)|x64.Build.0 = GCModeller(UNIX-Release_X64)|x64
		{C699D311-9923-4C19-BF70-5048D0E2CF5D}.GCModeller(UNIX-Release_X64)|x86.ActiveCfg = GCModeller(UNIX-Release_X64)|x86
		{C699D311-9923-4C19-BF70-5048D0E2CF5D}.GCModeller(UNIX-Release_X64)|x86.Build.0 = GCModeller(UNIX-Release_X64)|x86
		{C699D311-9923-4C19-BF70-5048D0E2CF5D}.Publish|Any CPU.ActiveCfg = Publish|Any CPU
		{C699D311-9923-4C19-BF70-5048D0E2CF5D}.Publish|Any CPU.Build.0 = Publish|Any CPU
		{C699D311-9923-4C19-BF70-5048D0E2CF5D}.Publish|x64.ActiveCfg = Publish|x64
		{C699D311-9923-4C19-BF70-5048D0E2CF5D}.Publish|x64.Build.0 = Publish|x64
		{C699D311-9923-4C19-BF70-5048D0E2CF5D}.Publish|x86.ActiveCfg = Publish|x86
		{C699D311-9923-4C19-BF70-5048D0E2CF5D}.Publish|x86.Build.0 = Publish|x86
		{C699D311-9923-4C19-BF70-5048D0E2CF5D}.Release|Any CPU.ActiveCfg = Release|Any CPU
		{C699D311-9923-4C19-BF70-5048D0E2CF5D}.Release|Any CPU.Build.0 = Release|Any CPU
		{C699D311-9923-4C19-BF70-5048D0E2CF5D}.Release|x64.ActiveCfg = Release|x64
		{C699D311-9923-4C19-BF70-5048D0E2CF5D}.Release|x64.Build.0 = Release|x64
		{C699D311-9923-4C19-BF70-5048D0E2CF5D}.Release|x86.ActiveCfg = Release|x86
		{C699D311-9923-4C19-BF70-5048D0E2CF5D}.Release|x86.Build.0 = Release|x86
		{F04F1794-7E59-462B-892C-E57A7A04C505}.Biodeep_UNIX_x64|Any CPU.ActiveCfg = Release|Any CPU
		{F04F1794-7E59-462B-892C-E57A7A04C505}.Biodeep_UNIX_x64|Any CPU.Build.0 = Release|Any CPU
		{F04F1794-7E59-462B-892C-E57A7A04C505}.Biodeep_UNIX_x64|x64.ActiveCfg = Release|Any CPU
		{F04F1794-7E59-462B-892C-E57A7A04C505}.Biodeep_UNIX_x64|x64.Build.0 = Release|Any CPU
		{F04F1794-7E59-462B-892C-E57A7A04C505}.Biodeep_UNIX_x64|x86.ActiveCfg = Release|Any CPU
		{F04F1794-7E59-462B-892C-E57A7A04C505}.Biodeep_UNIX_x64|x86.Build.0 = Release|Any CPU
		{F04F1794-7E59-462B-892C-E57A7A04C505}.Biodeep|Any CPU.ActiveCfg = Release|Any CPU
		{F04F1794-7E59-462B-892C-E57A7A04C505}.Biodeep|Any CPU.Build.0 = Release|Any CPU
		{F04F1794-7E59-462B-892C-E57A7A04C505}.Biodeep|x64.ActiveCfg = Release|Any CPU
		{F04F1794-7E59-462B-892C-E57A7A04C505}.Biodeep|x64.Build.0 = Release|Any CPU
		{F04F1794-7E59-462B-892C-E57A7A04C505}.Biodeep|x86.ActiveCfg = Release|Any CPU
		{F04F1794-7E59-462B-892C-E57A7A04C505}.Biodeep|x86.Build.0 = Release|Any CPU
		{F04F1794-7E59-462B-892C-E57A7A04C505}.Debug|Any CPU.ActiveCfg = Debug|Any CPU
		{F04F1794-7E59-462B-892C-E57A7A04C505}.Debug|Any CPU.Build.0 = Debug|Any CPU
		{F04F1794-7E59-462B-892C-E57A7A04C505}.Debug|x64.ActiveCfg = Debug|x64
		{F04F1794-7E59-462B-892C-E57A7A04C505}.Debug|x64.Build.0 = Debug|x64
		{F04F1794-7E59-462B-892C-E57A7A04C505}.Debug|x86.ActiveCfg = Debug|Any CPU
		{F04F1794-7E59-462B-892C-E57A7A04C505}.Debug|x86.Build.0 = Debug|Any CPU
		{F04F1794-7E59-462B-892C-E57A7A04C505}.GCModeller(Release_X64)|Any CPU.ActiveCfg = Release|Any CPU
		{F04F1794-7E59-462B-892C-E57A7A04C505}.GCModeller(Release_X64)|Any CPU.Build.0 = Release|Any CPU
		{F04F1794-7E59-462B-892C-E57A7A04C505}.GCModeller(Release_X64)|x64.ActiveCfg = Release|Any CPU
		{F04F1794-7E59-462B-892C-E57A7A04C505}.GCModeller(Release_X64)|x64.Build.0 = Release|Any CPU
		{F04F1794-7E59-462B-892C-E57A7A04C505}.GCModeller(Release_X64)|x86.ActiveCfg = Release|Any CPU
		{F04F1794-7E59-462B-892C-E57A7A04C505}.GCModeller(Release_X64)|x86.Build.0 = Release|Any CPU
		{F04F1794-7E59-462B-892C-E57A7A04C505}.GCModeller(UNIX-Release_X64)|Any CPU.ActiveCfg = Release|Any CPU
		{F04F1794-7E59-462B-892C-E57A7A04C505}.GCModeller(UNIX-Release_X64)|Any CPU.Build.0 = Release|Any CPU
		{F04F1794-7E59-462B-892C-E57A7A04C505}.GCModeller(UNIX-Release_X64)|x64.ActiveCfg = Release|Any CPU
		{F04F1794-7E59-462B-892C-E57A7A04C505}.GCModeller(UNIX-Release_X64)|x64.Build.0 = Release|Any CPU
		{F04F1794-7E59-462B-892C-E57A7A04C505}.GCModeller(UNIX-Release_X64)|x86.ActiveCfg = Release|Any CPU
		{F04F1794-7E59-462B-892C-E57A7A04C505}.GCModeller(UNIX-Release_X64)|x86.Build.0 = Release|Any CPU
		{F04F1794-7E59-462B-892C-E57A7A04C505}.Publish|Any CPU.ActiveCfg = Release|Any CPU
		{F04F1794-7E59-462B-892C-E57A7A04C505}.Publish|Any CPU.Build.0 = Release|Any CPU
		{F04F1794-7E59-462B-892C-E57A7A04C505}.Publish|x64.ActiveCfg = Release|Any CPU
		{F04F1794-7E59-462B-892C-E57A7A04C505}.Publish|x64.Build.0 = Release|Any CPU
		{F04F1794-7E59-462B-892C-E57A7A04C505}.Publish|x86.ActiveCfg = Release|Any CPU
		{F04F1794-7E59-462B-892C-E57A7A04C505}.Publish|x86.Build.0 = Release|Any CPU
		{F04F1794-7E59-462B-892C-E57A7A04C505}.Release|Any CPU.ActiveCfg = Release|Any CPU
		{F04F1794-7E59-462B-892C-E57A7A04C505}.Release|Any CPU.Build.0 = Release|Any CPU
		{F04F1794-7E59-462B-892C-E57A7A04C505}.Release|x64.ActiveCfg = Release|Any CPU
		{F04F1794-7E59-462B-892C-E57A7A04C505}.Release|x64.Build.0 = Release|Any CPU
		{F04F1794-7E59-462B-892C-E57A7A04C505}.Release|x86.ActiveCfg = Release|Any CPU
		{F04F1794-7E59-462B-892C-E57A7A04C505}.Release|x86.Build.0 = Release|Any CPU
	EndGlobalSection
	GlobalSection(SolutionProperties) = preSolution
		HideSolutionNode = FALSE
	EndGlobalSection
	GlobalSection(NestedProjects) = preSolution
		{FECCE1FD-E1D4-49E3-A668-60BB5E7AED99} = {49327560-6524-480A-B219-619CD8441F2F}
		{E4221BEB-10FD-47D4-9B21-4D2EBBB498F5} = {8352EEAD-E48E-41AE-98A0-C725F4FE09C7}
		{7283C179-F852-4EAD-8D8F-B82EF2CBD7DB} = {49327560-6524-480A-B219-619CD8441F2F}
		{216ACC2D-C7A5-4C27-9DC9-BDFA4DBB6A37} = {8352EEAD-E48E-41AE-98A0-C725F4FE09C7}
		{C699D311-9923-4C19-BF70-5048D0E2CF5D} = {8352EEAD-E48E-41AE-98A0-C725F4FE09C7}
	EndGlobalSection
	GlobalSection(ExtensibilityGlobals) = postSolution
		SolutionGuid = {F1FCB428-9E65-4D98-BDF9-DE921949483C}
	EndGlobalSection
EndGlobal
