
Microsoft Visual Studio Solution File, Format Version 12.00
# Visual Studio 14
VisualStudioVersion = 14.0.22823.1
MinimumVisualStudioVersion = 10.0.40219.1
Project("{F184B08F-C81C-45F6-A57F-5ABD9991F28F}") = "Bio.Assembly", "..\Bio.Assembly\Bio.Assembly.vbproj", "{C699D311-9923-4C19-BF70-5048D0E2CF5D}"
EndProject
Project("{F184B08F-C81C-45F6-A57F-5ABD9991F28F}") = "PFSNet", "..\PFSNet\PFSNet\PFSNet.vbproj", "{8F90DA49-5D2B-463D-9B36-5CD64B7846AA}"
EndProject
Project("{F184B08F-C81C-45F6-A57F-5ABD9991F28F}") = "DocumentFormat.Csv", "..\..\Shoal\DocumentFormat.Csv\DocumentFormat.Csv.vbproj", "{B746CFD3-57AB-468C-8170-78D00A2A4463}"
EndProject
Project("{F184B08F-C81C-45F6-A57F-5ABD9991F28F}") = "Microsoft.VisualBasic.Architecture.Framework", "..\..\Shoal\Microsoft.VisualBasic.Architecture.Framework\Microsoft.VisualBasic.Architecture.Framework.vbproj", "{FECCE1FD-E1D4-49E3-A668-60BB5E7AED99}"
EndProject
Project("{F184B08F-C81C-45F6-A57F-5ABD9991F28F}") = "RDotNet", "..\..\Shoal\R.NET\RDotNet.vbproj", "{21C35138-455B-4833-9756-B2629F972A22}"
EndProject
Project("{F184B08F-C81C-45F6-A57F-5ABD9991F28F}") = "alglibnet2", "..\..\..\GCModeller\distributes\alglib-3.9.0.vbnet.gpl\vbnet\alglibnet2\alglibnet2.vbproj", "{EEA01916-0334-4293-B284-C8B0D9D3EF63}"
EndProject
Project("{FAE04EC0-301F-11D3-BF4B-00C04F79EFBC}") = "Matrix.NET", "..\..\Reference SharedLib\Matrix.NET\Matrix.NET.csproj", "{6ABA6EAD-58B0-4FCE-A97F-BC884281A170}"
EndProject
Project("{2150E333-8FDC-42A3-9474-1A3956D46DE8}") = "Core", "Core", "{AD5A8410-0FDA-44AE-B41E-9C89D02467DE}"
EndProject
Project("{F184B08F-C81C-45F6-A57F-5ABD9991F28F}") = "Microsoft.VisualBasic.DataVisualization.DataMining.Framework", "..\..\Reference SharedLib\Microsoft.VisualBasic.DataVisualization.DataMining.Framework\Microsoft.VisualBasic.DataVisualization.DataMining.Framework.vbproj", "{4B877AB2-E15F-4AA9-B7D6-7C11B2213F10}"
EndProject
Project("{F184B08F-C81C-45F6-A57F-5ABD9991F28F}") = "ShoalShell_Core", "..\..\Shoal\ShoalShell\Microsoft.VisualBasic.Scripting.ShoalShell\ShoalShell_Core.vbproj", "{0BE7FD44-D724-49F6-AEC0-06C80B4F5527}"
EndProject
Project("{F184B08F-C81C-45F6-A57F-5ABD9991F28F}") = "RDotNET.Extensions.ShellScriptAPI", "..\..\Shoal\RDotNET.Extensions.ShellScriptAPI\RDotNET.Extensions.ShellScriptAPI.vbproj", "{2A928B27-D8CE-4629-9711-0E792C94A85E}"
EndProject
Project("{2150E333-8FDC-42A3-9474-1A3956D46DE8}") = "References", "References", "{E2513C77-D0F2-4343-8D87-8BD85DA8BB43}"
EndProject
Project("{F184B08F-C81C-45F6-A57F-5ABD9991F28F}") = "Toolkits.RNA-Seq", "Toolkits.RNA-Seq.vbproj", "{DF1C1740-08B7-40D3-84DC-35C94FACA108}"
EndProject
Project("{F184B08F-C81C-45F6-A57F-5ABD9991F28F}") = "Bio.InteractionModel", "..\Bio.InteractionModel\Bio.InteractionModel.vbproj", "{DF6469FA-36AC-4959-812F-8EBC54FAF7F3}"
EndProject
Project("{F184B08F-C81C-45F6-A57F-5ABD9991F28F}") = "BOW", "..\..\Interops\BOW\BOW.vbproj", "{2B903B81-95F4-455F-B892-D2AC36167453}"
EndProject
Project("{F184B08F-C81C-45F6-A57F-5ABD9991F28F}") = "Settings", "..\..\Settings\Settings.vbproj", "{FEB3212D-0B72-41E4-9C2D-56C212CF5062}"
EndProject
Project("{F184B08F-C81C-45F6-A57F-5ABD9991F28F}") = "LibMySQL", "..\..\Reference SharedLib\LibMySQL\LibMySQL.vbproj", "{2C34A044-1BDE-44E8-A86E-E9971C87DA21}"
EndProject
Project("{F184B08F-C81C-45F6-A57F-5ABD9991F28F}") = "Shoal", "..\..\Shoal\ShoalShell\Shoal.vbproj", "{D71E0D55-DA94-4B18-B204-252D532EE8EC}"
EndProject
Global
	GlobalSection(SolutionConfigurationPlatforms) = preSolution
		Debug|Any CPU = Debug|Any CPU
		Debug|x64 = Debug|x64
		Release|Any CPU = Release|Any CPU
		Release|x64 = Release|x64
	EndGlobalSection
	GlobalSection(ProjectConfigurationPlatforms) = postSolution
		{C699D311-9923-4C19-BF70-5048D0E2CF5D}.Debug|Any CPU.ActiveCfg = Debug|Any CPU
		{C699D311-9923-4C19-BF70-5048D0E2CF5D}.Debug|Any CPU.Build.0 = Debug|Any CPU
		{C699D311-9923-4C19-BF70-5048D0E2CF5D}.Debug|x64.ActiveCfg = Debug|x64
		{C699D311-9923-4C19-BF70-5048D0E2CF5D}.Debug|x64.Build.0 = Debug|x64
		{C699D311-9923-4C19-BF70-5048D0E2CF5D}.Release|Any CPU.ActiveCfg = Release|Any CPU
		{C699D311-9923-4C19-BF70-5048D0E2CF5D}.Release|Any CPU.Build.0 = Release|Any CPU
		{C699D311-9923-4C19-BF70-5048D0E2CF5D}.Release|x64.ActiveCfg = Release|x64
		{C699D311-9923-4C19-BF70-5048D0E2CF5D}.Release|x64.Build.0 = Release|x64
		{8F90DA49-5D2B-463D-9B36-5CD64B7846AA}.Debug|Any CPU.ActiveCfg = Debug|Any CPU
		{8F90DA49-5D2B-463D-9B36-5CD64B7846AA}.Debug|Any CPU.Build.0 = Debug|Any CPU
		{8F90DA49-5D2B-463D-9B36-5CD64B7846AA}.Debug|x64.ActiveCfg = Debug|x64
		{8F90DA49-5D2B-463D-9B36-5CD64B7846AA}.Debug|x64.Build.0 = Debug|x64
		{8F90DA49-5D2B-463D-9B36-5CD64B7846AA}.Release|Any CPU.ActiveCfg = Release|Any CPU
		{8F90DA49-5D2B-463D-9B36-5CD64B7846AA}.Release|Any CPU.Build.0 = Release|Any CPU
		{8F90DA49-5D2B-463D-9B36-5CD64B7846AA}.Release|x64.ActiveCfg = Release|x64
		{8F90DA49-5D2B-463D-9B36-5CD64B7846AA}.Release|x64.Build.0 = Release|x64
		{B746CFD3-57AB-468C-8170-78D00A2A4463}.Debug|Any CPU.ActiveCfg = Debug|Any CPU
		{B746CFD3-57AB-468C-8170-78D00A2A4463}.Debug|Any CPU.Build.0 = Debug|Any CPU
		{B746CFD3-57AB-468C-8170-78D00A2A4463}.Debug|x64.ActiveCfg = Debug|x64
		{B746CFD3-57AB-468C-8170-78D00A2A4463}.Debug|x64.Build.0 = Debug|x64
		{B746CFD3-57AB-468C-8170-78D00A2A4463}.Release|Any CPU.ActiveCfg = Release|Any CPU
		{B746CFD3-57AB-468C-8170-78D00A2A4463}.Release|Any CPU.Build.0 = Release|Any CPU
		{B746CFD3-57AB-468C-8170-78D00A2A4463}.Release|x64.ActiveCfg = Release|x64
		{B746CFD3-57AB-468C-8170-78D00A2A4463}.Release|x64.Build.0 = Release|x64
		{FECCE1FD-E1D4-49E3-A668-60BB5E7AED99}.Debug|Any CPU.ActiveCfg = Debug|Any CPU
		{FECCE1FD-E1D4-49E3-A668-60BB5E7AED99}.Debug|Any CPU.Build.0 = Debug|Any CPU
		{FECCE1FD-E1D4-49E3-A668-60BB5E7AED99}.Debug|x64.ActiveCfg = Debug|x64
		{FECCE1FD-E1D4-49E3-A668-60BB5E7AED99}.Debug|x64.Build.0 = Debug|x64
		{FECCE1FD-E1D4-49E3-A668-60BB5E7AED99}.Release|Any CPU.ActiveCfg = Release|Any CPU
		{FECCE1FD-E1D4-49E3-A668-60BB5E7AED99}.Release|Any CPU.Build.0 = Release|Any CPU
		{FECCE1FD-E1D4-49E3-A668-60BB5E7AED99}.Release|x64.ActiveCfg = Release|x64
		{FECCE1FD-E1D4-49E3-A668-60BB5E7AED99}.Release|x64.Build.0 = Release|x64
		{21C35138-455B-4833-9756-B2629F972A22}.Debug|Any CPU.ActiveCfg = Debug|Any CPU
		{21C35138-455B-4833-9756-B2629F972A22}.Debug|Any CPU.Build.0 = Debug|Any CPU
		{21C35138-455B-4833-9756-B2629F972A22}.Debug|x64.ActiveCfg = Debug|x64
		{21C35138-455B-4833-9756-B2629F972A22}.Debug|x64.Build.0 = Debug|x64
		{21C35138-455B-4833-9756-B2629F972A22}.Release|Any CPU.ActiveCfg = Release|Any CPU
		{21C35138-455B-4833-9756-B2629F972A22}.Release|Any CPU.Build.0 = Release|Any CPU
		{21C35138-455B-4833-9756-B2629F972A22}.Release|x64.ActiveCfg = Release|x64
		{21C35138-455B-4833-9756-B2629F972A22}.Release|x64.Build.0 = Release|x64
		{EEA01916-0334-4293-B284-C8B0D9D3EF63}.Debug|Any CPU.ActiveCfg = Debug|Any CPU
		{EEA01916-0334-4293-B284-C8B0D9D3EF63}.Debug|Any CPU.Build.0 = Debug|Any CPU
		{EEA01916-0334-4293-B284-C8B0D9D3EF63}.Debug|x64.ActiveCfg = Debug|x64
		{EEA01916-0334-4293-B284-C8B0D9D3EF63}.Debug|x64.Build.0 = Debug|x64
		{EEA01916-0334-4293-B284-C8B0D9D3EF63}.Release|Any CPU.ActiveCfg = Release|Any CPU
		{EEA01916-0334-4293-B284-C8B0D9D3EF63}.Release|Any CPU.Build.0 = Release|Any CPU
		{EEA01916-0334-4293-B284-C8B0D9D3EF63}.Release|x64.ActiveCfg = Release|x64
		{EEA01916-0334-4293-B284-C8B0D9D3EF63}.Release|x64.Build.0 = Release|x64
		{6ABA6EAD-58B0-4FCE-A97F-BC884281A170}.Debug|Any CPU.ActiveCfg = Debug|Any CPU
		{6ABA6EAD-58B0-4FCE-A97F-BC884281A170}.Debug|Any CPU.Build.0 = Debug|Any CPU
		{6ABA6EAD-58B0-4FCE-A97F-BC884281A170}.Debug|x64.ActiveCfg = Debug|x64
		{6ABA6EAD-58B0-4FCE-A97F-BC884281A170}.Debug|x64.Build.0 = Debug|x64
		{6ABA6EAD-58B0-4FCE-A97F-BC884281A170}.Release|Any CPU.ActiveCfg = Release|Any CPU
		{6ABA6EAD-58B0-4FCE-A97F-BC884281A170}.Release|Any CPU.Build.0 = Release|Any CPU
		{6ABA6EAD-58B0-4FCE-A97F-BC884281A170}.Release|x64.ActiveCfg = Release|x64
		{6ABA6EAD-58B0-4FCE-A97F-BC884281A170}.Release|x64.Build.0 = Release|x64
		{4B877AB2-E15F-4AA9-B7D6-7C11B2213F10}.Debug|Any CPU.ActiveCfg = Debug|Any CPU
		{4B877AB2-E15F-4AA9-B7D6-7C11B2213F10}.Debug|Any CPU.Build.0 = Debug|Any CPU
		{4B877AB2-E15F-4AA9-B7D6-7C11B2213F10}.Debug|x64.ActiveCfg = Debug|x64
		{4B877AB2-E15F-4AA9-B7D6-7C11B2213F10}.Debug|x64.Build.0 = Debug|x64
		{4B877AB2-E15F-4AA9-B7D6-7C11B2213F10}.Release|Any CPU.ActiveCfg = Release|Any CPU
		{4B877AB2-E15F-4AA9-B7D6-7C11B2213F10}.Release|Any CPU.Build.0 = Release|Any CPU
		{4B877AB2-E15F-4AA9-B7D6-7C11B2213F10}.Release|x64.ActiveCfg = Release|x64
		{4B877AB2-E15F-4AA9-B7D6-7C11B2213F10}.Release|x64.Build.0 = Release|x64
		{0BE7FD44-D724-49F6-AEC0-06C80B4F5527}.Debug|Any CPU.ActiveCfg = Debug|Any CPU
		{0BE7FD44-D724-49F6-AEC0-06C80B4F5527}.Debug|Any CPU.Build.0 = Debug|Any CPU
		{0BE7FD44-D724-49F6-AEC0-06C80B4F5527}.Debug|x64.ActiveCfg = Debug|x64
		{0BE7FD44-D724-49F6-AEC0-06C80B4F5527}.Debug|x64.Build.0 = Debug|x64
		{0BE7FD44-D724-49F6-AEC0-06C80B4F5527}.Release|Any CPU.ActiveCfg = Release|Any CPU
		{0BE7FD44-D724-49F6-AEC0-06C80B4F5527}.Release|Any CPU.Build.0 = Release|Any CPU
		{0BE7FD44-D724-49F6-AEC0-06C80B4F5527}.Release|x64.ActiveCfg = Release|x64
		{0BE7FD44-D724-49F6-AEC0-06C80B4F5527}.Release|x64.Build.0 = Release|x64
		{2A928B27-D8CE-4629-9711-0E792C94A85E}.Debug|Any CPU.ActiveCfg = Debug|Any CPU
		{2A928B27-D8CE-4629-9711-0E792C94A85E}.Debug|Any CPU.Build.0 = Debug|Any CPU
		{2A928B27-D8CE-4629-9711-0E792C94A85E}.Debug|x64.ActiveCfg = Debug|x64
		{2A928B27-D8CE-4629-9711-0E792C94A85E}.Debug|x64.Build.0 = Debug|x64
		{2A928B27-D8CE-4629-9711-0E792C94A85E}.Release|Any CPU.ActiveCfg = Release|Any CPU
		{2A928B27-D8CE-4629-9711-0E792C94A85E}.Release|Any CPU.Build.0 = Release|Any CPU
		{2A928B27-D8CE-4629-9711-0E792C94A85E}.Release|x64.ActiveCfg = Release|x64
		{2A928B27-D8CE-4629-9711-0E792C94A85E}.Release|x64.Build.0 = Release|x64
		{DF1C1740-08B7-40D3-84DC-35C94FACA108}.Debug|Any CPU.ActiveCfg = Debug|Any CPU
		{DF1C1740-08B7-40D3-84DC-35C94FACA108}.Debug|Any CPU.Build.0 = Debug|Any CPU
		{DF1C1740-08B7-40D3-84DC-35C94FACA108}.Debug|x64.ActiveCfg = Debug|x64
		{DF1C1740-08B7-40D3-84DC-35C94FACA108}.Debug|x64.Build.0 = Debug|x64
		{DF1C1740-08B7-40D3-84DC-35C94FACA108}.Release|Any CPU.ActiveCfg = Release|Any CPU
		{DF1C1740-08B7-40D3-84DC-35C94FACA108}.Release|Any CPU.Build.0 = Release|Any CPU
		{DF1C1740-08B7-40D3-84DC-35C94FACA108}.Release|x64.ActiveCfg = Release|x64
		{DF1C1740-08B7-40D3-84DC-35C94FACA108}.Release|x64.Build.0 = Release|x64
		{DF6469FA-36AC-4959-812F-8EBC54FAF7F3}.Debug|Any CPU.ActiveCfg = Debug|Any CPU
		{DF6469FA-36AC-4959-812F-8EBC54FAF7F3}.Debug|Any CPU.Build.0 = Debug|Any CPU
		{DF6469FA-36AC-4959-812F-8EBC54FAF7F3}.Debug|x64.ActiveCfg = Debug|x64
		{DF6469FA-36AC-4959-812F-8EBC54FAF7F3}.Debug|x64.Build.0 = Debug|x64
		{DF6469FA-36AC-4959-812F-8EBC54FAF7F3}.Release|Any CPU.ActiveCfg = Release|Any CPU
		{DF6469FA-36AC-4959-812F-8EBC54FAF7F3}.Release|Any CPU.Build.0 = Release|Any CPU
		{DF6469FA-36AC-4959-812F-8EBC54FAF7F3}.Release|x64.ActiveCfg = Release|x64
		{DF6469FA-36AC-4959-812F-8EBC54FAF7F3}.Release|x64.Build.0 = Release|x64
		{2B903B81-95F4-455F-B892-D2AC36167453}.Debug|Any CPU.ActiveCfg = Debug|Any CPU
		{2B903B81-95F4-455F-B892-D2AC36167453}.Debug|Any CPU.Build.0 = Debug|Any CPU
		{2B903B81-95F4-455F-B892-D2AC36167453}.Debug|x64.ActiveCfg = Debug|Any CPU
		{2B903B81-95F4-455F-B892-D2AC36167453}.Debug|x64.Build.0 = Debug|Any CPU
		{2B903B81-95F4-455F-B892-D2AC36167453}.Release|Any CPU.ActiveCfg = Release|Any CPU
		{2B903B81-95F4-455F-B892-D2AC36167453}.Release|Any CPU.Build.0 = Release|Any CPU
		{2B903B81-95F4-455F-B892-D2AC36167453}.Release|x64.ActiveCfg = Release|Any CPU
		{2B903B81-95F4-455F-B892-D2AC36167453}.Release|x64.Build.0 = Release|Any CPU
		{FEB3212D-0B72-41E4-9C2D-56C212CF5062}.Debug|Any CPU.ActiveCfg = Debug|Any CPU
		{FEB3212D-0B72-41E4-9C2D-56C212CF5062}.Debug|Any CPU.Build.0 = Debug|Any CPU
		{FEB3212D-0B72-41E4-9C2D-56C212CF5062}.Debug|x64.ActiveCfg = Debug|x64
		{FEB3212D-0B72-41E4-9C2D-56C212CF5062}.Debug|x64.Build.0 = Debug|x64
		{FEB3212D-0B72-41E4-9C2D-56C212CF5062}.Release|Any CPU.ActiveCfg = Release|Any CPU
		{FEB3212D-0B72-41E4-9C2D-56C212CF5062}.Release|Any CPU.Build.0 = Release|Any CPU
		{FEB3212D-0B72-41E4-9C2D-56C212CF5062}.Release|x64.ActiveCfg = Release|x64
		{FEB3212D-0B72-41E4-9C2D-56C212CF5062}.Release|x64.Build.0 = Release|x64
		{2C34A044-1BDE-44E8-A86E-E9971C87DA21}.Debug|Any CPU.ActiveCfg = Debug|Any CPU
		{2C34A044-1BDE-44E8-A86E-E9971C87DA21}.Debug|Any CPU.Build.0 = Debug|Any CPU
		{2C34A044-1BDE-44E8-A86E-E9971C87DA21}.Debug|x64.ActiveCfg = Debug|x64
		{2C34A044-1BDE-44E8-A86E-E9971C87DA21}.Debug|x64.Build.0 = Debug|x64
		{2C34A044-1BDE-44E8-A86E-E9971C87DA21}.Release|Any CPU.ActiveCfg = Release|Any CPU
		{2C34A044-1BDE-44E8-A86E-E9971C87DA21}.Release|Any CPU.Build.0 = Release|Any CPU
		{2C34A044-1BDE-44E8-A86E-E9971C87DA21}.Release|x64.ActiveCfg = Release|x64
		{2C34A044-1BDE-44E8-A86E-E9971C87DA21}.Release|x64.Build.0 = Release|x64
		{D71E0D55-DA94-4B18-B204-252D532EE8EC}.Debug|Any CPU.ActiveCfg = Debug|Any CPU
		{D71E0D55-DA94-4B18-B204-252D532EE8EC}.Debug|Any CPU.Build.0 = Debug|Any CPU
		{D71E0D55-DA94-4B18-B204-252D532EE8EC}.Debug|x64.ActiveCfg = Debug|x64
		{D71E0D55-DA94-4B18-B204-252D532EE8EC}.Debug|x64.Build.0 = Debug|x64
		{D71E0D55-DA94-4B18-B204-252D532EE8EC}.Release|Any CPU.ActiveCfg = Release|Any CPU
		{D71E0D55-DA94-4B18-B204-252D532EE8EC}.Release|Any CPU.Build.0 = Release|Any CPU
		{D71E0D55-DA94-4B18-B204-252D532EE8EC}.Release|x64.ActiveCfg = Release|x64
		{D71E0D55-DA94-4B18-B204-252D532EE8EC}.Release|x64.Build.0 = Release|x64
	EndGlobalSection
	GlobalSection(SolutionProperties) = preSolution
		HideSolutionNode = FALSE
	EndGlobalSection
	GlobalSection(NestedProjects) = preSolution
		{C699D311-9923-4C19-BF70-5048D0E2CF5D} = {AD5A8410-0FDA-44AE-B41E-9C89D02467DE}
		{8F90DA49-5D2B-463D-9B36-5CD64B7846AA} = {AD5A8410-0FDA-44AE-B41E-9C89D02467DE}
		{B746CFD3-57AB-468C-8170-78D00A2A4463} = {E2513C77-D0F2-4343-8D87-8BD85DA8BB43}
		{FECCE1FD-E1D4-49E3-A668-60BB5E7AED99} = {E2513C77-D0F2-4343-8D87-8BD85DA8BB43}
		{21C35138-455B-4833-9756-B2629F972A22} = {E2513C77-D0F2-4343-8D87-8BD85DA8BB43}
		{EEA01916-0334-4293-B284-C8B0D9D3EF63} = {E2513C77-D0F2-4343-8D87-8BD85DA8BB43}
		{6ABA6EAD-58B0-4FCE-A97F-BC884281A170} = {E2513C77-D0F2-4343-8D87-8BD85DA8BB43}
		{4B877AB2-E15F-4AA9-B7D6-7C11B2213F10} = {E2513C77-D0F2-4343-8D87-8BD85DA8BB43}
		{0BE7FD44-D724-49F6-AEC0-06C80B4F5527} = {E2513C77-D0F2-4343-8D87-8BD85DA8BB43}
		{2A928B27-D8CE-4629-9711-0E792C94A85E} = {E2513C77-D0F2-4343-8D87-8BD85DA8BB43}
		{DF6469FA-36AC-4959-812F-8EBC54FAF7F3} = {AD5A8410-0FDA-44AE-B41E-9C89D02467DE}
		{2B903B81-95F4-455F-B892-D2AC36167453} = {AD5A8410-0FDA-44AE-B41E-9C89D02467DE}
		{FEB3212D-0B72-41E4-9C2D-56C212CF5062} = {AD5A8410-0FDA-44AE-B41E-9C89D02467DE}
		{2C34A044-1BDE-44E8-A86E-E9971C87DA21} = {E2513C77-D0F2-4343-8D87-8BD85DA8BB43}
	EndGlobalSection
EndGlobal
