
Microsoft Visual Studio Solution File, Format Version 12.00
# Visual Studio Version 17
VisualStudioVersion = 17.8.34330.188
MinimumVisualStudioVersion = 10.0.40219.1
Project("{778DAE3C-4631-46EA-AA77-85C1314464D9}") = "PrimerDesigner", "PrimerDesigner.vbproj", "{FB37BB71-3B46-454F-901F-20F4BCD25D90}"
EndProject
Project("{2150E333-8FDC-42A3-9474-1A3956D46DE8}") = "framework", "framework", "{14D06F29-449B-4FCF-B389-3FD856AC914A}"
EndProject
Project("{778DAE3C-4631-46EA-AA77-85C1314464D9}") = "Core", "..\..\..\..\runtime\sciBASIC#\Microsoft.VisualBasic.Core\src\Core.vbproj", "{1D7224F1-37A9-409F-8A38-3B9C1DE750AC}"
EndProject
Project("{778DAE3C-4631-46EA-AA77-85C1314464D9}") = "biocore-netcore5", "..\..\..\core\Bio.Assembly\biocore-netcore5.vbproj", "{BC90B560-A0CF-49AC-B5A0-0C764596E1A1}"
EndProject
Global
	GlobalSection(SolutionConfigurationPlatforms) = preSolution
		CFD_win32|Any CPU = CFD_win32|Any CPU
		CFD_win32|x64 = CFD_win32|x64
		CFD_win32|x86 = CFD_win32|x86
		Debug|Any CPU = Debug|Any CPU
		Debug|x64 = Debug|x64
		Debug|x86 = Debug|x86
		Docker|Any CPU = Docker|Any CPU
		Docker|x64 = Docker|x64
		Docker|x86 = Docker|x86
		gcmodeller_desktop|Any CPU = gcmodeller_desktop|Any CPU
		gcmodeller_desktop|x64 = gcmodeller_desktop|x64
		gcmodeller_desktop|x86 = gcmodeller_desktop|x86
		LipidSearch|Any CPU = LipidSearch|Any CPU
		LipidSearch|x64 = LipidSearch|x64
		LipidSearch|x86 = LipidSearch|x86
		mzkit_win32|Any CPU = mzkit_win32|Any CPU
		mzkit_win32|x64 = mzkit_win32|x64
		mzkit_win32|x86 = mzkit_win32|x86
		mzkit|Any CPU = mzkit|Any CPU
		mzkit|x64 = mzkit|x64
		mzkit|x86 = mzkit|x86
		NPSearch|Any CPU = NPSearch|Any CPU
		NPSearch|x64 = NPSearch|x64
		NPSearch|x86 = NPSearch|x86
		PlantMAT|Any CPU = PlantMAT|Any CPU
		PlantMAT|x64 = PlantMAT|x64
		PlantMAT|x86 = PlantMAT|x86
		Release|Any CPU = Release|Any CPU
		Release|x64 = Release|x64
		Release|x86 = Release|x86
		Rsharp_app_release|Any CPU = Rsharp_app_release|Any CPU
		Rsharp_app_release|x64 = Rsharp_app_release|x64
		Rsharp_app_release|x86 = Rsharp_app_release|x86
	EndGlobalSection
	GlobalSection(ProjectConfigurationPlatforms) = postSolution
		{FB37BB71-3B46-454F-901F-20F4BCD25D90}.CFD_win32|Any CPU.ActiveCfg = Rsharp_app_release|Any CPU
		{FB37BB71-3B46-454F-901F-20F4BCD25D90}.CFD_win32|Any CPU.Build.0 = Rsharp_app_release|Any CPU
		{FB37BB71-3B46-454F-901F-20F4BCD25D90}.CFD_win32|x64.ActiveCfg = Rsharp_app_release|x64
		{FB37BB71-3B46-454F-901F-20F4BCD25D90}.CFD_win32|x64.Build.0 = Rsharp_app_release|x64
		{FB37BB71-3B46-454F-901F-20F4BCD25D90}.CFD_win32|x86.ActiveCfg = Rsharp_app_release|Any CPU
		{FB37BB71-3B46-454F-901F-20F4BCD25D90}.CFD_win32|x86.Build.0 = Rsharp_app_release|Any CPU
		{FB37BB71-3B46-454F-901F-20F4BCD25D90}.Debug|Any CPU.ActiveCfg = Debug|Any CPU
		{FB37BB71-3B46-454F-901F-20F4BCD25D90}.Debug|Any CPU.Build.0 = Debug|Any CPU
		{FB37BB71-3B46-454F-901F-20F4BCD25D90}.Debug|x64.ActiveCfg = Debug|x64
		{FB37BB71-3B46-454F-901F-20F4BCD25D90}.Debug|x64.Build.0 = Debug|x64
		{FB37BB71-3B46-454F-901F-20F4BCD25D90}.Debug|x86.ActiveCfg = Debug|Any CPU
		{FB37BB71-3B46-454F-901F-20F4BCD25D90}.Debug|x86.Build.0 = Debug|Any CPU
		{FB37BB71-3B46-454F-901F-20F4BCD25D90}.Docker|Any CPU.ActiveCfg = Debug|Any CPU
		{FB37BB71-3B46-454F-901F-20F4BCD25D90}.Docker|Any CPU.Build.0 = Debug|Any CPU
		{FB37BB71-3B46-454F-901F-20F4BCD25D90}.Docker|x64.ActiveCfg = Debug|x64
		{FB37BB71-3B46-454F-901F-20F4BCD25D90}.Docker|x64.Build.0 = Debug|x64
		{FB37BB71-3B46-454F-901F-20F4BCD25D90}.Docker|x86.ActiveCfg = Debug|Any CPU
		{FB37BB71-3B46-454F-901F-20F4BCD25D90}.Docker|x86.Build.0 = Debug|Any CPU
		{FB37BB71-3B46-454F-901F-20F4BCD25D90}.gcmodeller_desktop|Any CPU.ActiveCfg = gcmodeller_desktop|Any CPU
		{FB37BB71-3B46-454F-901F-20F4BCD25D90}.gcmodeller_desktop|Any CPU.Build.0 = gcmodeller_desktop|Any CPU
		{FB37BB71-3B46-454F-901F-20F4BCD25D90}.gcmodeller_desktop|x64.ActiveCfg = gcmodeller_desktop|x64
		{FB37BB71-3B46-454F-901F-20F4BCD25D90}.gcmodeller_desktop|x64.Build.0 = gcmodeller_desktop|x64
		{FB37BB71-3B46-454F-901F-20F4BCD25D90}.gcmodeller_desktop|x86.ActiveCfg = gcmodeller_desktop|Any CPU
		{FB37BB71-3B46-454F-901F-20F4BCD25D90}.gcmodeller_desktop|x86.Build.0 = gcmodeller_desktop|Any CPU
		{FB37BB71-3B46-454F-901F-20F4BCD25D90}.LipidSearch|Any CPU.ActiveCfg = Rsharp_app_release|Any CPU
		{FB37BB71-3B46-454F-901F-20F4BCD25D90}.LipidSearch|Any CPU.Build.0 = Rsharp_app_release|Any CPU
		{FB37BB71-3B46-454F-901F-20F4BCD25D90}.LipidSearch|x64.ActiveCfg = Rsharp_app_release|x64
		{FB37BB71-3B46-454F-901F-20F4BCD25D90}.LipidSearch|x64.Build.0 = Rsharp_app_release|x64
		{FB37BB71-3B46-454F-901F-20F4BCD25D90}.LipidSearch|x86.ActiveCfg = Rsharp_app_release|Any CPU
		{FB37BB71-3B46-454F-901F-20F4BCD25D90}.LipidSearch|x86.Build.0 = Rsharp_app_release|Any CPU
		{FB37BB71-3B46-454F-901F-20F4BCD25D90}.mzkit_win32|Any CPU.ActiveCfg = mzkit_win32|Any CPU
		{FB37BB71-3B46-454F-901F-20F4BCD25D90}.mzkit_win32|Any CPU.Build.0 = mzkit_win32|Any CPU
		{FB37BB71-3B46-454F-901F-20F4BCD25D90}.mzkit_win32|x64.ActiveCfg = mzkit_win32|x64
		{FB37BB71-3B46-454F-901F-20F4BCD25D90}.mzkit_win32|x64.Build.0 = mzkit_win32|x64
		{FB37BB71-3B46-454F-901F-20F4BCD25D90}.mzkit_win32|x86.ActiveCfg = mzkit_win32|Any CPU
		{FB37BB71-3B46-454F-901F-20F4BCD25D90}.mzkit_win32|x86.Build.0 = mzkit_win32|Any CPU
		{FB37BB71-3B46-454F-901F-20F4BCD25D90}.mzkit|Any CPU.ActiveCfg = mzkit_win32|Any CPU
		{FB37BB71-3B46-454F-901F-20F4BCD25D90}.mzkit|Any CPU.Build.0 = mzkit_win32|Any CPU
		{FB37BB71-3B46-454F-901F-20F4BCD25D90}.mzkit|x64.ActiveCfg = mzkit_win32|x64
		{FB37BB71-3B46-454F-901F-20F4BCD25D90}.mzkit|x64.Build.0 = mzkit_win32|x64
		{FB37BB71-3B46-454F-901F-20F4BCD25D90}.mzkit|x86.ActiveCfg = mzkit_win32|Any CPU
		{FB37BB71-3B46-454F-901F-20F4BCD25D90}.mzkit|x86.Build.0 = mzkit_win32|Any CPU
		{FB37BB71-3B46-454F-901F-20F4BCD25D90}.NPSearch|Any CPU.ActiveCfg = Rsharp_app_release|Any CPU
		{FB37BB71-3B46-454F-901F-20F4BCD25D90}.NPSearch|Any CPU.Build.0 = Rsharp_app_release|Any CPU
		{FB37BB71-3B46-454F-901F-20F4BCD25D90}.NPSearch|x64.ActiveCfg = Rsharp_app_release|x64
		{FB37BB71-3B46-454F-901F-20F4BCD25D90}.NPSearch|x64.Build.0 = Rsharp_app_release|x64
		{FB37BB71-3B46-454F-901F-20F4BCD25D90}.NPSearch|x86.ActiveCfg = Rsharp_app_release|Any CPU
		{FB37BB71-3B46-454F-901F-20F4BCD25D90}.NPSearch|x86.Build.0 = Rsharp_app_release|Any CPU
		{FB37BB71-3B46-454F-901F-20F4BCD25D90}.PlantMAT|Any CPU.ActiveCfg = Rsharp_app_release|Any CPU
		{FB37BB71-3B46-454F-901F-20F4BCD25D90}.PlantMAT|Any CPU.Build.0 = Rsharp_app_release|Any CPU
		{FB37BB71-3B46-454F-901F-20F4BCD25D90}.PlantMAT|x64.ActiveCfg = Rsharp_app_release|x64
		{FB37BB71-3B46-454F-901F-20F4BCD25D90}.PlantMAT|x64.Build.0 = Rsharp_app_release|x64
		{FB37BB71-3B46-454F-901F-20F4BCD25D90}.PlantMAT|x86.ActiveCfg = Rsharp_app_release|Any CPU
		{FB37BB71-3B46-454F-901F-20F4BCD25D90}.PlantMAT|x86.Build.0 = Rsharp_app_release|Any CPU
		{FB37BB71-3B46-454F-901F-20F4BCD25D90}.Release|Any CPU.ActiveCfg = Release|Any CPU
		{FB37BB71-3B46-454F-901F-20F4BCD25D90}.Release|Any CPU.Build.0 = Release|Any CPU
		{FB37BB71-3B46-454F-901F-20F4BCD25D90}.Release|x64.ActiveCfg = Release|x64
		{FB37BB71-3B46-454F-901F-20F4BCD25D90}.Release|x64.Build.0 = Release|x64
		{FB37BB71-3B46-454F-901F-20F4BCD25D90}.Release|x86.ActiveCfg = Release|Any CPU
		{FB37BB71-3B46-454F-901F-20F4BCD25D90}.Release|x86.Build.0 = Release|Any CPU
		{FB37BB71-3B46-454F-901F-20F4BCD25D90}.Rsharp_app_release|Any CPU.ActiveCfg = Rsharp_app_release|Any CPU
		{FB37BB71-3B46-454F-901F-20F4BCD25D90}.Rsharp_app_release|Any CPU.Build.0 = Rsharp_app_release|Any CPU
		{FB37BB71-3B46-454F-901F-20F4BCD25D90}.Rsharp_app_release|x64.ActiveCfg = Rsharp_app_release|x64
		{FB37BB71-3B46-454F-901F-20F4BCD25D90}.Rsharp_app_release|x64.Build.0 = Rsharp_app_release|x64
		{FB37BB71-3B46-454F-901F-20F4BCD25D90}.Rsharp_app_release|x86.ActiveCfg = Rsharp_app_release|Any CPU
		{FB37BB71-3B46-454F-901F-20F4BCD25D90}.Rsharp_app_release|x86.Build.0 = Rsharp_app_release|Any CPU
		{1D7224F1-37A9-409F-8A38-3B9C1DE750AC}.CFD_win32|Any CPU.ActiveCfg = CFD_win32|Any CPU
		{1D7224F1-37A9-409F-8A38-3B9C1DE750AC}.CFD_win32|Any CPU.Build.0 = CFD_win32|Any CPU
		{1D7224F1-37A9-409F-8A38-3B9C1DE750AC}.CFD_win32|x64.ActiveCfg = CFD_win32|x64
		{1D7224F1-37A9-409F-8A38-3B9C1DE750AC}.CFD_win32|x64.Build.0 = CFD_win32|x64
		{1D7224F1-37A9-409F-8A38-3B9C1DE750AC}.CFD_win32|x86.ActiveCfg = CFD_win32|x86
		{1D7224F1-37A9-409F-8A38-3B9C1DE750AC}.CFD_win32|x86.Build.0 = CFD_win32|x86
		{1D7224F1-37A9-409F-8A38-3B9C1DE750AC}.Debug|Any CPU.ActiveCfg = Debug|Any CPU
		{1D7224F1-37A9-409F-8A38-3B9C1DE750AC}.Debug|Any CPU.Build.0 = Debug|Any CPU
		{1D7224F1-37A9-409F-8A38-3B9C1DE750AC}.Debug|x64.ActiveCfg = Debug|x64
		{1D7224F1-37A9-409F-8A38-3B9C1DE750AC}.Debug|x64.Build.0 = Debug|x64
		{1D7224F1-37A9-409F-8A38-3B9C1DE750AC}.Debug|x86.ActiveCfg = Debug|x86
		{1D7224F1-37A9-409F-8A38-3B9C1DE750AC}.Debug|x86.Build.0 = Debug|x86
		{1D7224F1-37A9-409F-8A38-3B9C1DE750AC}.Docker|Any CPU.ActiveCfg = Docker|Any CPU
		{1D7224F1-37A9-409F-8A38-3B9C1DE750AC}.Docker|Any CPU.Build.0 = Docker|Any CPU
		{1D7224F1-37A9-409F-8A38-3B9C1DE750AC}.Docker|x64.ActiveCfg = Docker|x64
		{1D7224F1-37A9-409F-8A38-3B9C1DE750AC}.Docker|x64.Build.0 = Docker|x64
		{1D7224F1-37A9-409F-8A38-3B9C1DE750AC}.Docker|x86.ActiveCfg = Docker|x86
		{1D7224F1-37A9-409F-8A38-3B9C1DE750AC}.Docker|x86.Build.0 = Docker|x86
		{1D7224F1-37A9-409F-8A38-3B9C1DE750AC}.gcmodeller_desktop|Any CPU.ActiveCfg = gcmodeller_desktop|Any CPU
		{1D7224F1-37A9-409F-8A38-3B9C1DE750AC}.gcmodeller_desktop|Any CPU.Build.0 = gcmodeller_desktop|Any CPU
		{1D7224F1-37A9-409F-8A38-3B9C1DE750AC}.gcmodeller_desktop|x64.ActiveCfg = gcmodeller_desktop|x64
		{1D7224F1-37A9-409F-8A38-3B9C1DE750AC}.gcmodeller_desktop|x64.Build.0 = gcmodeller_desktop|x64
		{1D7224F1-37A9-409F-8A38-3B9C1DE750AC}.gcmodeller_desktop|x86.ActiveCfg = gcmodeller_desktop|x86
		{1D7224F1-37A9-409F-8A38-3B9C1DE750AC}.gcmodeller_desktop|x86.Build.0 = gcmodeller_desktop|x86
		{1D7224F1-37A9-409F-8A38-3B9C1DE750AC}.LipidSearch|Any CPU.ActiveCfg = LipidSearch|Any CPU
		{1D7224F1-37A9-409F-8A38-3B9C1DE750AC}.LipidSearch|Any CPU.Build.0 = LipidSearch|Any CPU
		{1D7224F1-37A9-409F-8A38-3B9C1DE750AC}.LipidSearch|x64.ActiveCfg = LipidSearch|x64
		{1D7224F1-37A9-409F-8A38-3B9C1DE750AC}.LipidSearch|x64.Build.0 = LipidSearch|x64
		{1D7224F1-37A9-409F-8A38-3B9C1DE750AC}.LipidSearch|x86.ActiveCfg = LipidSearch|x86
		{1D7224F1-37A9-409F-8A38-3B9C1DE750AC}.LipidSearch|x86.Build.0 = LipidSearch|x86
		{1D7224F1-37A9-409F-8A38-3B9C1DE750AC}.mzkit_win32|Any CPU.ActiveCfg = mzkit_win32|Any CPU
		{1D7224F1-37A9-409F-8A38-3B9C1DE750AC}.mzkit_win32|Any CPU.Build.0 = mzkit_win32|Any CPU
		{1D7224F1-37A9-409F-8A38-3B9C1DE750AC}.mzkit_win32|x64.ActiveCfg = mzkit_win32|x64
		{1D7224F1-37A9-409F-8A38-3B9C1DE750AC}.mzkit_win32|x64.Build.0 = mzkit_win32|x64
		{1D7224F1-37A9-409F-8A38-3B9C1DE750AC}.mzkit_win32|x86.ActiveCfg = mzkit_win32|x86
		{1D7224F1-37A9-409F-8A38-3B9C1DE750AC}.mzkit_win32|x86.Build.0 = mzkit_win32|x86
		{1D7224F1-37A9-409F-8A38-3B9C1DE750AC}.mzkit|Any CPU.ActiveCfg = mzkit|Any CPU
		{1D7224F1-37A9-409F-8A38-3B9C1DE750AC}.mzkit|Any CPU.Build.0 = mzkit|Any CPU
		{1D7224F1-37A9-409F-8A38-3B9C1DE750AC}.mzkit|x64.ActiveCfg = mzkit|x64
		{1D7224F1-37A9-409F-8A38-3B9C1DE750AC}.mzkit|x64.Build.0 = mzkit|x64
		{1D7224F1-37A9-409F-8A38-3B9C1DE750AC}.mzkit|x86.ActiveCfg = mzkit|x86
		{1D7224F1-37A9-409F-8A38-3B9C1DE750AC}.mzkit|x86.Build.0 = mzkit|x86
		{1D7224F1-37A9-409F-8A38-3B9C1DE750AC}.NPSearch|Any CPU.ActiveCfg = NPSearch|Any CPU
		{1D7224F1-37A9-409F-8A38-3B9C1DE750AC}.NPSearch|Any CPU.Build.0 = NPSearch|Any CPU
		{1D7224F1-37A9-409F-8A38-3B9C1DE750AC}.NPSearch|x64.ActiveCfg = NPSearch|x64
		{1D7224F1-37A9-409F-8A38-3B9C1DE750AC}.NPSearch|x64.Build.0 = NPSearch|x64
		{1D7224F1-37A9-409F-8A38-3B9C1DE750AC}.NPSearch|x86.ActiveCfg = NPSearch|x86
		{1D7224F1-37A9-409F-8A38-3B9C1DE750AC}.NPSearch|x86.Build.0 = NPSearch|x86
		{1D7224F1-37A9-409F-8A38-3B9C1DE750AC}.PlantMAT|Any CPU.ActiveCfg = PlantMAT|Any CPU
		{1D7224F1-37A9-409F-8A38-3B9C1DE750AC}.PlantMAT|Any CPU.Build.0 = PlantMAT|Any CPU
		{1D7224F1-37A9-409F-8A38-3B9C1DE750AC}.PlantMAT|x64.ActiveCfg = PlantMAT|x64
		{1D7224F1-37A9-409F-8A38-3B9C1DE750AC}.PlantMAT|x64.Build.0 = PlantMAT|x64
		{1D7224F1-37A9-409F-8A38-3B9C1DE750AC}.PlantMAT|x86.ActiveCfg = PlantMAT|x86
		{1D7224F1-37A9-409F-8A38-3B9C1DE750AC}.PlantMAT|x86.Build.0 = PlantMAT|x86
		{1D7224F1-37A9-409F-8A38-3B9C1DE750AC}.Release|Any CPU.ActiveCfg = Release|Any CPU
		{1D7224F1-37A9-409F-8A38-3B9C1DE750AC}.Release|Any CPU.Build.0 = Release|Any CPU
		{1D7224F1-37A9-409F-8A38-3B9C1DE750AC}.Release|x64.ActiveCfg = Release|x64
		{1D7224F1-37A9-409F-8A38-3B9C1DE750AC}.Release|x64.Build.0 = Release|x64
		{1D7224F1-37A9-409F-8A38-3B9C1DE750AC}.Release|x86.ActiveCfg = Release|x86
		{1D7224F1-37A9-409F-8A38-3B9C1DE750AC}.Release|x86.Build.0 = Release|x86
		{1D7224F1-37A9-409F-8A38-3B9C1DE750AC}.Rsharp_app_release|Any CPU.ActiveCfg = Rsharp_app_release|Any CPU
		{1D7224F1-37A9-409F-8A38-3B9C1DE750AC}.Rsharp_app_release|Any CPU.Build.0 = Rsharp_app_release|Any CPU
		{1D7224F1-37A9-409F-8A38-3B9C1DE750AC}.Rsharp_app_release|x64.ActiveCfg = Rsharp_app_release|x64
		{1D7224F1-37A9-409F-8A38-3B9C1DE750AC}.Rsharp_app_release|x64.Build.0 = Rsharp_app_release|x64
		{1D7224F1-37A9-409F-8A38-3B9C1DE750AC}.Rsharp_app_release|x86.ActiveCfg = Rsharp_app_release|x86
		{1D7224F1-37A9-409F-8A38-3B9C1DE750AC}.Rsharp_app_release|x86.Build.0 = Rsharp_app_release|x86
		{BC90B560-A0CF-49AC-B5A0-0C764596E1A1}.CFD_win32|Any CPU.ActiveCfg = Debug|Any CPU
		{BC90B560-A0CF-49AC-B5A0-0C764596E1A1}.CFD_win32|Any CPU.Build.0 = Debug|Any CPU
		{BC90B560-A0CF-49AC-B5A0-0C764596E1A1}.CFD_win32|x64.ActiveCfg = Debug|x64
		{BC90B560-A0CF-49AC-B5A0-0C764596E1A1}.CFD_win32|x64.Build.0 = Debug|x64
		{BC90B560-A0CF-49AC-B5A0-0C764596E1A1}.CFD_win32|x86.ActiveCfg = Debug|Any CPU
		{BC90B560-A0CF-49AC-B5A0-0C764596E1A1}.CFD_win32|x86.Build.0 = Debug|Any CPU
		{BC90B560-A0CF-49AC-B5A0-0C764596E1A1}.Debug|Any CPU.ActiveCfg = Debug|Any CPU
		{BC90B560-A0CF-49AC-B5A0-0C764596E1A1}.Debug|Any CPU.Build.0 = Debug|Any CPU
		{BC90B560-A0CF-49AC-B5A0-0C764596E1A1}.Debug|x64.ActiveCfg = Debug|x64
		{BC90B560-A0CF-49AC-B5A0-0C764596E1A1}.Debug|x64.Build.0 = Debug|x64
		{BC90B560-A0CF-49AC-B5A0-0C764596E1A1}.Debug|x86.ActiveCfg = Debug|Any CPU
		{BC90B560-A0CF-49AC-B5A0-0C764596E1A1}.Debug|x86.Build.0 = Debug|Any CPU
		{BC90B560-A0CF-49AC-B5A0-0C764596E1A1}.Docker|Any CPU.ActiveCfg = Debug|Any CPU
		{BC90B560-A0CF-49AC-B5A0-0C764596E1A1}.Docker|Any CPU.Build.0 = Debug|Any CPU
		{BC90B560-A0CF-49AC-B5A0-0C764596E1A1}.Docker|x64.ActiveCfg = Debug|x64
		{BC90B560-A0CF-49AC-B5A0-0C764596E1A1}.Docker|x64.Build.0 = Debug|x64
		{BC90B560-A0CF-49AC-B5A0-0C764596E1A1}.Docker|x86.ActiveCfg = Debug|Any CPU
		{BC90B560-A0CF-49AC-B5A0-0C764596E1A1}.Docker|x86.Build.0 = Debug|Any CPU
		{BC90B560-A0CF-49AC-B5A0-0C764596E1A1}.gcmodeller_desktop|Any CPU.ActiveCfg = gcmodeller_desktop|Any CPU
		{BC90B560-A0CF-49AC-B5A0-0C764596E1A1}.gcmodeller_desktop|Any CPU.Build.0 = gcmodeller_desktop|Any CPU
		{BC90B560-A0CF-49AC-B5A0-0C764596E1A1}.gcmodeller_desktop|x64.ActiveCfg = gcmodeller_desktop|x64
		{BC90B560-A0CF-49AC-B5A0-0C764596E1A1}.gcmodeller_desktop|x64.Build.0 = gcmodeller_desktop|x64
		{BC90B560-A0CF-49AC-B5A0-0C764596E1A1}.gcmodeller_desktop|x86.ActiveCfg = gcmodeller_desktop|Any CPU
		{BC90B560-A0CF-49AC-B5A0-0C764596E1A1}.gcmodeller_desktop|x86.Build.0 = gcmodeller_desktop|Any CPU
		{BC90B560-A0CF-49AC-B5A0-0C764596E1A1}.LipidSearch|Any CPU.ActiveCfg = LipidSearch|Any CPU
		{BC90B560-A0CF-49AC-B5A0-0C764596E1A1}.LipidSearch|Any CPU.Build.0 = LipidSearch|Any CPU
		{BC90B560-A0CF-49AC-B5A0-0C764596E1A1}.LipidSearch|x64.ActiveCfg = LipidSearch|x64
		{BC90B560-A0CF-49AC-B5A0-0C764596E1A1}.LipidSearch|x64.Build.0 = LipidSearch|x64
		{BC90B560-A0CF-49AC-B5A0-0C764596E1A1}.LipidSearch|x86.ActiveCfg = LipidSearch|Any CPU
		{BC90B560-A0CF-49AC-B5A0-0C764596E1A1}.LipidSearch|x86.Build.0 = LipidSearch|Any CPU
		{BC90B560-A0CF-49AC-B5A0-0C764596E1A1}.mzkit_win32|Any CPU.ActiveCfg = mzkit_win32|Any CPU
		{BC90B560-A0CF-49AC-B5A0-0C764596E1A1}.mzkit_win32|Any CPU.Build.0 = mzkit_win32|Any CPU
		{BC90B560-A0CF-49AC-B5A0-0C764596E1A1}.mzkit_win32|x64.ActiveCfg = mzkit_win32|x64
		{BC90B560-A0CF-49AC-B5A0-0C764596E1A1}.mzkit_win32|x64.Build.0 = mzkit_win32|x64
		{BC90B560-A0CF-49AC-B5A0-0C764596E1A1}.mzkit_win32|x86.ActiveCfg = mzkit_win32|Any CPU
		{BC90B560-A0CF-49AC-B5A0-0C764596E1A1}.mzkit_win32|x86.Build.0 = mzkit_win32|Any CPU
		{BC90B560-A0CF-49AC-B5A0-0C764596E1A1}.mzkit|Any CPU.ActiveCfg = mzkit|Any CPU
		{BC90B560-A0CF-49AC-B5A0-0C764596E1A1}.mzkit|Any CPU.Build.0 = mzkit|Any CPU
		{BC90B560-A0CF-49AC-B5A0-0C764596E1A1}.mzkit|x64.ActiveCfg = mzkit|x64
		{BC90B560-A0CF-49AC-B5A0-0C764596E1A1}.mzkit|x64.Build.0 = mzkit|x64
		{BC90B560-A0CF-49AC-B5A0-0C764596E1A1}.mzkit|x86.ActiveCfg = mzkit|Any CPU
		{BC90B560-A0CF-49AC-B5A0-0C764596E1A1}.mzkit|x86.Build.0 = mzkit|Any CPU
		{BC90B560-A0CF-49AC-B5A0-0C764596E1A1}.NPSearch|Any CPU.ActiveCfg = NPSearch|Any CPU
		{BC90B560-A0CF-49AC-B5A0-0C764596E1A1}.NPSearch|Any CPU.Build.0 = NPSearch|Any CPU
		{BC90B560-A0CF-49AC-B5A0-0C764596E1A1}.NPSearch|x64.ActiveCfg = NPSearch|x64
		{BC90B560-A0CF-49AC-B5A0-0C764596E1A1}.NPSearch|x64.Build.0 = NPSearch|x64
		{BC90B560-A0CF-49AC-B5A0-0C764596E1A1}.NPSearch|x86.ActiveCfg = NPSearch|Any CPU
		{BC90B560-A0CF-49AC-B5A0-0C764596E1A1}.NPSearch|x86.Build.0 = NPSearch|Any CPU
		{BC90B560-A0CF-49AC-B5A0-0C764596E1A1}.PlantMAT|Any CPU.ActiveCfg = Debug|Any CPU
		{BC90B560-A0CF-49AC-B5A0-0C764596E1A1}.PlantMAT|Any CPU.Build.0 = Debug|Any CPU
		{BC90B560-A0CF-49AC-B5A0-0C764596E1A1}.PlantMAT|x64.ActiveCfg = Debug|x64
		{BC90B560-A0CF-49AC-B5A0-0C764596E1A1}.PlantMAT|x64.Build.0 = Debug|x64
		{BC90B560-A0CF-49AC-B5A0-0C764596E1A1}.PlantMAT|x86.ActiveCfg = Debug|Any CPU
		{BC90B560-A0CF-49AC-B5A0-0C764596E1A1}.PlantMAT|x86.Build.0 = Debug|Any CPU
		{BC90B560-A0CF-49AC-B5A0-0C764596E1A1}.Release|Any CPU.ActiveCfg = Release|Any CPU
		{BC90B560-A0CF-49AC-B5A0-0C764596E1A1}.Release|Any CPU.Build.0 = Release|Any CPU
		{BC90B560-A0CF-49AC-B5A0-0C764596E1A1}.Release|x64.ActiveCfg = Release|x64
		{BC90B560-A0CF-49AC-B5A0-0C764596E1A1}.Release|x64.Build.0 = Release|x64
		{BC90B560-A0CF-49AC-B5A0-0C764596E1A1}.Release|x86.ActiveCfg = Release|Any CPU
		{BC90B560-A0CF-49AC-B5A0-0C764596E1A1}.Release|x86.Build.0 = Release|Any CPU
		{BC90B560-A0CF-49AC-B5A0-0C764596E1A1}.Rsharp_app_release|Any CPU.ActiveCfg = Rsharp_app_release|Any CPU
		{BC90B560-A0CF-49AC-B5A0-0C764596E1A1}.Rsharp_app_release|Any CPU.Build.0 = Rsharp_app_release|Any CPU
		{BC90B560-A0CF-49AC-B5A0-0C764596E1A1}.Rsharp_app_release|x64.ActiveCfg = Rsharp_app_release|x64
		{BC90B560-A0CF-49AC-B5A0-0C764596E1A1}.Rsharp_app_release|x64.Build.0 = Rsharp_app_release|x64
		{BC90B560-A0CF-49AC-B5A0-0C764596E1A1}.Rsharp_app_release|x86.ActiveCfg = Rsharp_app_release|Any CPU
		{BC90B560-A0CF-49AC-B5A0-0C764596E1A1}.Rsharp_app_release|x86.Build.0 = Rsharp_app_release|Any CPU
	EndGlobalSection
	GlobalSection(SolutionProperties) = preSolution
		HideSolutionNode = FALSE
	EndGlobalSection
	GlobalSection(NestedProjects) = preSolution
		{1D7224F1-37A9-409F-8A38-3B9C1DE750AC} = {14D06F29-449B-4FCF-B389-3FD856AC914A}
		{BC90B560-A0CF-49AC-B5A0-0C764596E1A1} = {14D06F29-449B-4FCF-B389-3FD856AC914A}
	EndGlobalSection
	GlobalSection(ExtensibilityGlobals) = postSolution
		SolutionGuid = {AE2963FB-59E5-47C8-BEDC-8B92EE7B6C85}
	EndGlobalSection
EndGlobal
