
Microsoft Visual Studio Solution File, Format Version 12.00
# Visual Studio Version 17
VisualStudioVersion = 17.3.32519.111
MinimumVisualStudioVersion = 10.0.40219.1
Project("{778DAE3C-4631-46EA-AA77-85C1314464D9}") = "SequencePatterns.Abstract.NET5", "SequencePatterns.Abstract.NET5.vbproj", "{904601B4-D16B-4800-8C60-3A6FB9D2D21E}"
EndProject
Project("{2150E333-8FDC-42A3-9474-1A3956D46DE8}") = "framework", "framework", "{836529A5-C583-4747-9C7D-36EEC2DE4C8B}"
EndProject
Project("{778DAE3C-4631-46EA-AA77-85C1314464D9}") = "Core", "..\..\..\..\runtime\sciBASIC#\Microsoft.VisualBasic.Core\src\Core.vbproj", "{20CABB41-F664-4268-B610-007122D4B42D}"
EndProject
Project("{778DAE3C-4631-46EA-AA77-85C1314464D9}") = "biocore-netcore5", "..\..\..\core\Bio.Assembly\biocore-netcore5.vbproj", "{8CE260E0-9835-45E6-B266-3F7ECD3F3F00}"
EndProject
Project("{778DAE3C-4631-46EA-AA77-85C1314464D9}") = "Math.NET5", "..\..\..\..\runtime\sciBASIC#\Data_science\Mathematica\Math\Math\Math.NET5.vbproj", "{C3E5E8CE-4CED-40DC-8417-A966459F130F}"
EndProject
Global
	GlobalSection(SolutionConfigurationPlatforms) = preSolution
		Debug|Any CPU = Debug|Any CPU
		Debug|x64 = Debug|x64
		LipidSearch|Any CPU = LipidSearch|Any CPU
		LipidSearch|x64 = LipidSearch|x64
		mzkit_win32|Any CPU = mzkit_win32|Any CPU
		mzkit_win32|x64 = mzkit_win32|x64
		mzkit|Any CPU = mzkit|Any CPU
		mzkit|x64 = mzkit|x64
		NPSearch|Any CPU = NPSearch|Any CPU
		NPSearch|x64 = NPSearch|x64
		PlantMAT|Any CPU = PlantMAT|Any CPU
		PlantMAT|x64 = PlantMAT|x64
		Release|Any CPU = Release|Any CPU
		Release|x64 = Release|x64
		Rsharp_app_release|Any CPU = Rsharp_app_release|Any CPU
		Rsharp_app_release|x64 = Rsharp_app_release|x64
	EndGlobalSection
	GlobalSection(ProjectConfigurationPlatforms) = postSolution
		{904601B4-D16B-4800-8C60-3A6FB9D2D21E}.Debug|Any CPU.ActiveCfg = Debug|Any CPU
		{904601B4-D16B-4800-8C60-3A6FB9D2D21E}.Debug|Any CPU.Build.0 = Debug|Any CPU
		{904601B4-D16B-4800-8C60-3A6FB9D2D21E}.Debug|x64.ActiveCfg = Debug|x64
		{904601B4-D16B-4800-8C60-3A6FB9D2D21E}.Debug|x64.Build.0 = Debug|x64
		{904601B4-D16B-4800-8C60-3A6FB9D2D21E}.LipidSearch|Any CPU.ActiveCfg = Rsharp_app_release|Any CPU
		{904601B4-D16B-4800-8C60-3A6FB9D2D21E}.LipidSearch|Any CPU.Build.0 = Rsharp_app_release|Any CPU
		{904601B4-D16B-4800-8C60-3A6FB9D2D21E}.LipidSearch|x64.ActiveCfg = Rsharp_app_release|x64
		{904601B4-D16B-4800-8C60-3A6FB9D2D21E}.LipidSearch|x64.Build.0 = Rsharp_app_release|x64
		{904601B4-D16B-4800-8C60-3A6FB9D2D21E}.mzkit_win32|Any CPU.ActiveCfg = Rsharp_app_release|Any CPU
		{904601B4-D16B-4800-8C60-3A6FB9D2D21E}.mzkit_win32|Any CPU.Build.0 = Rsharp_app_release|Any CPU
		{904601B4-D16B-4800-8C60-3A6FB9D2D21E}.mzkit_win32|x64.ActiveCfg = Rsharp_app_release|x64
		{904601B4-D16B-4800-8C60-3A6FB9D2D21E}.mzkit_win32|x64.Build.0 = Rsharp_app_release|x64
		{904601B4-D16B-4800-8C60-3A6FB9D2D21E}.mzkit|Any CPU.ActiveCfg = Rsharp_app_release|Any CPU
		{904601B4-D16B-4800-8C60-3A6FB9D2D21E}.mzkit|Any CPU.Build.0 = Rsharp_app_release|Any CPU
		{904601B4-D16B-4800-8C60-3A6FB9D2D21E}.mzkit|x64.ActiveCfg = Rsharp_app_release|x64
		{904601B4-D16B-4800-8C60-3A6FB9D2D21E}.mzkit|x64.Build.0 = Rsharp_app_release|x64
		{904601B4-D16B-4800-8C60-3A6FB9D2D21E}.NPSearch|Any CPU.ActiveCfg = Rsharp_app_release|Any CPU
		{904601B4-D16B-4800-8C60-3A6FB9D2D21E}.NPSearch|Any CPU.Build.0 = Rsharp_app_release|Any CPU
		{904601B4-D16B-4800-8C60-3A6FB9D2D21E}.NPSearch|x64.ActiveCfg = Rsharp_app_release|x64
		{904601B4-D16B-4800-8C60-3A6FB9D2D21E}.NPSearch|x64.Build.0 = Rsharp_app_release|x64
		{904601B4-D16B-4800-8C60-3A6FB9D2D21E}.PlantMAT|Any CPU.ActiveCfg = Rsharp_app_release|Any CPU
		{904601B4-D16B-4800-8C60-3A6FB9D2D21E}.PlantMAT|Any CPU.Build.0 = Rsharp_app_release|Any CPU
		{904601B4-D16B-4800-8C60-3A6FB9D2D21E}.PlantMAT|x64.ActiveCfg = Rsharp_app_release|x64
		{904601B4-D16B-4800-8C60-3A6FB9D2D21E}.PlantMAT|x64.Build.0 = Rsharp_app_release|x64
		{904601B4-D16B-4800-8C60-3A6FB9D2D21E}.Release|Any CPU.ActiveCfg = Release|Any CPU
		{904601B4-D16B-4800-8C60-3A6FB9D2D21E}.Release|Any CPU.Build.0 = Release|Any CPU
		{904601B4-D16B-4800-8C60-3A6FB9D2D21E}.Release|x64.ActiveCfg = Release|x64
		{904601B4-D16B-4800-8C60-3A6FB9D2D21E}.Release|x64.Build.0 = Release|x64
		{904601B4-D16B-4800-8C60-3A6FB9D2D21E}.Rsharp_app_release|Any CPU.ActiveCfg = Rsharp_app_release|Any CPU
		{904601B4-D16B-4800-8C60-3A6FB9D2D21E}.Rsharp_app_release|Any CPU.Build.0 = Rsharp_app_release|Any CPU
		{904601B4-D16B-4800-8C60-3A6FB9D2D21E}.Rsharp_app_release|x64.ActiveCfg = Rsharp_app_release|x64
		{904601B4-D16B-4800-8C60-3A6FB9D2D21E}.Rsharp_app_release|x64.Build.0 = Rsharp_app_release|x64
		{20CABB41-F664-4268-B610-007122D4B42D}.Debug|Any CPU.ActiveCfg = Debug|Any CPU
		{20CABB41-F664-4268-B610-007122D4B42D}.Debug|Any CPU.Build.0 = Debug|Any CPU
		{20CABB41-F664-4268-B610-007122D4B42D}.Debug|x64.ActiveCfg = Debug|x64
		{20CABB41-F664-4268-B610-007122D4B42D}.Debug|x64.Build.0 = Debug|x64
		{20CABB41-F664-4268-B610-007122D4B42D}.LipidSearch|Any CPU.ActiveCfg = LipidSearch|Any CPU
		{20CABB41-F664-4268-B610-007122D4B42D}.LipidSearch|Any CPU.Build.0 = LipidSearch|Any CPU
		{20CABB41-F664-4268-B610-007122D4B42D}.LipidSearch|x64.ActiveCfg = LipidSearch|x64
		{20CABB41-F664-4268-B610-007122D4B42D}.LipidSearch|x64.Build.0 = LipidSearch|x64
		{20CABB41-F664-4268-B610-007122D4B42D}.mzkit_win32|Any CPU.ActiveCfg = mzkit_win32|Any CPU
		{20CABB41-F664-4268-B610-007122D4B42D}.mzkit_win32|Any CPU.Build.0 = mzkit_win32|Any CPU
		{20CABB41-F664-4268-B610-007122D4B42D}.mzkit_win32|x64.ActiveCfg = mzkit_win32|x64
		{20CABB41-F664-4268-B610-007122D4B42D}.mzkit_win32|x64.Build.0 = mzkit_win32|x64
		{20CABB41-F664-4268-B610-007122D4B42D}.mzkit|Any CPU.ActiveCfg = mzkit|Any CPU
		{20CABB41-F664-4268-B610-007122D4B42D}.mzkit|Any CPU.Build.0 = mzkit|Any CPU
		{20CABB41-F664-4268-B610-007122D4B42D}.mzkit|x64.ActiveCfg = mzkit|x64
		{20CABB41-F664-4268-B610-007122D4B42D}.mzkit|x64.Build.0 = mzkit|x64
		{20CABB41-F664-4268-B610-007122D4B42D}.NPSearch|Any CPU.ActiveCfg = NPSearch|Any CPU
		{20CABB41-F664-4268-B610-007122D4B42D}.NPSearch|Any CPU.Build.0 = NPSearch|Any CPU
		{20CABB41-F664-4268-B610-007122D4B42D}.NPSearch|x64.ActiveCfg = NPSearch|x64
		{20CABB41-F664-4268-B610-007122D4B42D}.NPSearch|x64.Build.0 = NPSearch|x64
		{20CABB41-F664-4268-B610-007122D4B42D}.PlantMAT|Any CPU.ActiveCfg = PlantMAT|Any CPU
		{20CABB41-F664-4268-B610-007122D4B42D}.PlantMAT|Any CPU.Build.0 = PlantMAT|Any CPU
		{20CABB41-F664-4268-B610-007122D4B42D}.PlantMAT|x64.ActiveCfg = PlantMAT|x64
		{20CABB41-F664-4268-B610-007122D4B42D}.PlantMAT|x64.Build.0 = PlantMAT|x64
		{20CABB41-F664-4268-B610-007122D4B42D}.Release|Any CPU.ActiveCfg = Release|Any CPU
		{20CABB41-F664-4268-B610-007122D4B42D}.Release|Any CPU.Build.0 = Release|Any CPU
		{20CABB41-F664-4268-B610-007122D4B42D}.Release|x64.ActiveCfg = Release|x64
		{20CABB41-F664-4268-B610-007122D4B42D}.Release|x64.Build.0 = Release|x64
		{20CABB41-F664-4268-B610-007122D4B42D}.Rsharp_app_release|Any CPU.ActiveCfg = Rsharp_app_release|Any CPU
		{20CABB41-F664-4268-B610-007122D4B42D}.Rsharp_app_release|Any CPU.Build.0 = Rsharp_app_release|Any CPU
		{20CABB41-F664-4268-B610-007122D4B42D}.Rsharp_app_release|x64.ActiveCfg = Rsharp_app_release|x64
		{20CABB41-F664-4268-B610-007122D4B42D}.Rsharp_app_release|x64.Build.0 = Rsharp_app_release|x64
		{8CE260E0-9835-45E6-B266-3F7ECD3F3F00}.Debug|Any CPU.ActiveCfg = Debug|Any CPU
		{8CE260E0-9835-45E6-B266-3F7ECD3F3F00}.Debug|Any CPU.Build.0 = Debug|Any CPU
		{8CE260E0-9835-45E6-B266-3F7ECD3F3F00}.Debug|x64.ActiveCfg = Debug|x64
		{8CE260E0-9835-45E6-B266-3F7ECD3F3F00}.Debug|x64.Build.0 = Debug|x64
		{8CE260E0-9835-45E6-B266-3F7ECD3F3F00}.LipidSearch|Any CPU.ActiveCfg = LipidSearch|Any CPU
		{8CE260E0-9835-45E6-B266-3F7ECD3F3F00}.LipidSearch|Any CPU.Build.0 = LipidSearch|Any CPU
		{8CE260E0-9835-45E6-B266-3F7ECD3F3F00}.LipidSearch|x64.ActiveCfg = LipidSearch|x64
		{8CE260E0-9835-45E6-B266-3F7ECD3F3F00}.LipidSearch|x64.Build.0 = LipidSearch|x64
		{8CE260E0-9835-45E6-B266-3F7ECD3F3F00}.mzkit_win32|Any CPU.ActiveCfg = mzkit_win32|Any CPU
		{8CE260E0-9835-45E6-B266-3F7ECD3F3F00}.mzkit_win32|Any CPU.Build.0 = mzkit_win32|Any CPU
		{8CE260E0-9835-45E6-B266-3F7ECD3F3F00}.mzkit_win32|x64.ActiveCfg = mzkit_win32|x64
		{8CE260E0-9835-45E6-B266-3F7ECD3F3F00}.mzkit_win32|x64.Build.0 = mzkit_win32|x64
		{8CE260E0-9835-45E6-B266-3F7ECD3F3F00}.mzkit|Any CPU.ActiveCfg = mzkit|Any CPU
		{8CE260E0-9835-45E6-B266-3F7ECD3F3F00}.mzkit|Any CPU.Build.0 = mzkit|Any CPU
		{8CE260E0-9835-45E6-B266-3F7ECD3F3F00}.mzkit|x64.ActiveCfg = mzkit|x64
		{8CE260E0-9835-45E6-B266-3F7ECD3F3F00}.mzkit|x64.Build.0 = mzkit|x64
		{8CE260E0-9835-45E6-B266-3F7ECD3F3F00}.NPSearch|Any CPU.ActiveCfg = NPSearch|Any CPU
		{8CE260E0-9835-45E6-B266-3F7ECD3F3F00}.NPSearch|Any CPU.Build.0 = NPSearch|Any CPU
		{8CE260E0-9835-45E6-B266-3F7ECD3F3F00}.NPSearch|x64.ActiveCfg = NPSearch|x64
		{8CE260E0-9835-45E6-B266-3F7ECD3F3F00}.NPSearch|x64.Build.0 = NPSearch|x64
		{8CE260E0-9835-45E6-B266-3F7ECD3F3F00}.PlantMAT|Any CPU.ActiveCfg = Debug|Any CPU
		{8CE260E0-9835-45E6-B266-3F7ECD3F3F00}.PlantMAT|Any CPU.Build.0 = Debug|Any CPU
		{8CE260E0-9835-45E6-B266-3F7ECD3F3F00}.PlantMAT|x64.ActiveCfg = Debug|x64
		{8CE260E0-9835-45E6-B266-3F7ECD3F3F00}.PlantMAT|x64.Build.0 = Debug|x64
		{8CE260E0-9835-45E6-B266-3F7ECD3F3F00}.Release|Any CPU.ActiveCfg = Release|Any CPU
		{8CE260E0-9835-45E6-B266-3F7ECD3F3F00}.Release|Any CPU.Build.0 = Release|Any CPU
		{8CE260E0-9835-45E6-B266-3F7ECD3F3F00}.Release|x64.ActiveCfg = Release|x64
		{8CE260E0-9835-45E6-B266-3F7ECD3F3F00}.Release|x64.Build.0 = Release|x64
		{8CE260E0-9835-45E6-B266-3F7ECD3F3F00}.Rsharp_app_release|Any CPU.ActiveCfg = Rsharp_app_release|Any CPU
		{8CE260E0-9835-45E6-B266-3F7ECD3F3F00}.Rsharp_app_release|Any CPU.Build.0 = Rsharp_app_release|Any CPU
		{8CE260E0-9835-45E6-B266-3F7ECD3F3F00}.Rsharp_app_release|x64.ActiveCfg = Rsharp_app_release|x64
		{8CE260E0-9835-45E6-B266-3F7ECD3F3F00}.Rsharp_app_release|x64.Build.0 = Rsharp_app_release|x64
		{C3E5E8CE-4CED-40DC-8417-A966459F130F}.Debug|Any CPU.ActiveCfg = Debug|Any CPU
		{C3E5E8CE-4CED-40DC-8417-A966459F130F}.Debug|Any CPU.Build.0 = Debug|Any CPU
		{C3E5E8CE-4CED-40DC-8417-A966459F130F}.Debug|x64.ActiveCfg = Debug|x64
		{C3E5E8CE-4CED-40DC-8417-A966459F130F}.Debug|x64.Build.0 = Debug|x64
		{C3E5E8CE-4CED-40DC-8417-A966459F130F}.LipidSearch|Any CPU.ActiveCfg = LipidSearch|Any CPU
		{C3E5E8CE-4CED-40DC-8417-A966459F130F}.LipidSearch|Any CPU.Build.0 = LipidSearch|Any CPU
		{C3E5E8CE-4CED-40DC-8417-A966459F130F}.LipidSearch|x64.ActiveCfg = LipidSearch|x64
		{C3E5E8CE-4CED-40DC-8417-A966459F130F}.LipidSearch|x64.Build.0 = LipidSearch|x64
		{C3E5E8CE-4CED-40DC-8417-A966459F130F}.mzkit_win32|Any CPU.ActiveCfg = mzkit_win32|Any CPU
		{C3E5E8CE-4CED-40DC-8417-A966459F130F}.mzkit_win32|Any CPU.Build.0 = mzkit_win32|Any CPU
		{C3E5E8CE-4CED-40DC-8417-A966459F130F}.mzkit_win32|x64.ActiveCfg = mzkit_win32|x64
		{C3E5E8CE-4CED-40DC-8417-A966459F130F}.mzkit_win32|x64.Build.0 = mzkit_win32|x64
		{C3E5E8CE-4CED-40DC-8417-A966459F130F}.mzkit|Any CPU.ActiveCfg = mzkit|Any CPU
		{C3E5E8CE-4CED-40DC-8417-A966459F130F}.mzkit|Any CPU.Build.0 = mzkit|Any CPU
		{C3E5E8CE-4CED-40DC-8417-A966459F130F}.mzkit|x64.ActiveCfg = mzkit|x64
		{C3E5E8CE-4CED-40DC-8417-A966459F130F}.mzkit|x64.Build.0 = mzkit|x64
		{C3E5E8CE-4CED-40DC-8417-A966459F130F}.NPSearch|Any CPU.ActiveCfg = NPSearch|Any CPU
		{C3E5E8CE-4CED-40DC-8417-A966459F130F}.NPSearch|Any CPU.Build.0 = NPSearch|Any CPU
		{C3E5E8CE-4CED-40DC-8417-A966459F130F}.NPSearch|x64.ActiveCfg = NPSearch|x64
		{C3E5E8CE-4CED-40DC-8417-A966459F130F}.NPSearch|x64.Build.0 = NPSearch|x64
		{C3E5E8CE-4CED-40DC-8417-A966459F130F}.PlantMAT|Any CPU.ActiveCfg = PlantMAT|Any CPU
		{C3E5E8CE-4CED-40DC-8417-A966459F130F}.PlantMAT|Any CPU.Build.0 = PlantMAT|Any CPU
		{C3E5E8CE-4CED-40DC-8417-A966459F130F}.PlantMAT|x64.ActiveCfg = PlantMAT|x64
		{C3E5E8CE-4CED-40DC-8417-A966459F130F}.PlantMAT|x64.Build.0 = PlantMAT|x64
		{C3E5E8CE-4CED-40DC-8417-A966459F130F}.Release|Any CPU.ActiveCfg = Release|Any CPU
		{C3E5E8CE-4CED-40DC-8417-A966459F130F}.Release|Any CPU.Build.0 = Release|Any CPU
		{C3E5E8CE-4CED-40DC-8417-A966459F130F}.Release|x64.ActiveCfg = Release|x64
		{C3E5E8CE-4CED-40DC-8417-A966459F130F}.Release|x64.Build.0 = Release|x64
		{C3E5E8CE-4CED-40DC-8417-A966459F130F}.Rsharp_app_release|Any CPU.ActiveCfg = Rsharp_app_release|Any CPU
		{C3E5E8CE-4CED-40DC-8417-A966459F130F}.Rsharp_app_release|Any CPU.Build.0 = Rsharp_app_release|Any CPU
		{C3E5E8CE-4CED-40DC-8417-A966459F130F}.Rsharp_app_release|x64.ActiveCfg = Rsharp_app_release|x64
		{C3E5E8CE-4CED-40DC-8417-A966459F130F}.Rsharp_app_release|x64.Build.0 = Rsharp_app_release|x64
	EndGlobalSection
	GlobalSection(SolutionProperties) = preSolution
		HideSolutionNode = FALSE
	EndGlobalSection
	GlobalSection(NestedProjects) = preSolution
		{20CABB41-F664-4268-B610-007122D4B42D} = {836529A5-C583-4747-9C7D-36EEC2DE4C8B}
		{8CE260E0-9835-45E6-B266-3F7ECD3F3F00} = {836529A5-C583-4747-9C7D-36EEC2DE4C8B}
		{C3E5E8CE-4CED-40DC-8417-A966459F130F} = {836529A5-C583-4747-9C7D-36EEC2DE4C8B}
	EndGlobalSection
	GlobalSection(ExtensibilityGlobals) = postSolution
		SolutionGuid = {AD317306-1247-4FD7-9322-C71E63F9F8AB}
	EndGlobalSection
EndGlobal
